// !$*UTF8*$!
{
	archiveVersion = 1;
	classes = {
	};
	objectVersion = 50;
	objects = {

/* Begin PBXBuildFile section */
		D764127CE2E83540A6A04C85 /* Pods_RxCoordinator_ExampleUITests.framework in Frameworks */ = {isa = PBXBuildFile; fileRef = 94C85FCF223E5BFA00F4C4AA /* Pods_RxCoordinator_ExampleUITests.framework */; };
		DC36CC95209B440D009EB669 /* BindableType.swift in Sources */ = {isa = PBXBuildFile; fileRef = DC36CC94209B440D009EB669 /* BindableType.swift */; };
		DC36CC96209B440D009EB669 /* BindableType.swift in Sources */ = {isa = PBXBuildFile; fileRef = DC36CC94209B440D009EB669 /* BindableType.swift */; };
		DC36CC9A209B4436009EB669 /* LoginViewController.swift in Sources */ = {isa = PBXBuildFile; fileRef = DC36CC97209B4436009EB669 /* LoginViewController.swift */; };
		DC36CC9B209B4436009EB669 /* LoginViewController.swift in Sources */ = {isa = PBXBuildFile; fileRef = DC36CC97209B4436009EB669 /* LoginViewController.swift */; };
		DC36CC9C209B4436009EB669 /* LoginViewModel.swift in Sources */ = {isa = PBXBuildFile; fileRef = DC36CC98209B4436009EB669 /* LoginViewModel.swift */; };
		DC36CC9D209B4436009EB669 /* LoginViewModel.swift in Sources */ = {isa = PBXBuildFile; fileRef = DC36CC98209B4436009EB669 /* LoginViewModel.swift */; };
		DC36CC9E209B4436009EB669 /* LoginViewController.xib in Resources */ = {isa = PBXBuildFile; fileRef = DC36CC99209B4436009EB669 /* LoginViewController.xib */; };
		DC36CC9F209B4436009EB669 /* LoginViewController.xib in Resources */ = {isa = PBXBuildFile; fileRef = DC36CC99209B4436009EB669 /* LoginViewController.xib */; };
		DC36CCA4209B469F009EB669 /* AppScene.swift in Sources */ = {isa = PBXBuildFile; fileRef = DC36CCA3209B469F009EB669 /* AppScene.swift */; };
		DC36CCA5209B469F009EB669 /* AppScene.swift in Sources */ = {isa = PBXBuildFile; fileRef = DC36CCA3209B469F009EB669 /* AppScene.swift */; };
		DC36CCA7209B46A9009EB669 /* AppCoordinator.swift in Sources */ = {isa = PBXBuildFile; fileRef = DC36CCA6209B46A9009EB669 /* AppCoordinator.swift */; };
		DC36CCA8209B46A9009EB669 /* AppCoordinator.swift in Sources */ = {isa = PBXBuildFile; fileRef = DC36CCA6209B46A9009EB669 /* AppCoordinator.swift */; };
		DCB29667209B3F9A00698A44 /* AppDelegate.swift in Sources */ = {isa = PBXBuildFile; fileRef = DCB29666209B3F9A00698A44 /* AppDelegate.swift */; };
		DCB29669209B3F9A00698A44 /* ViewController.swift in Sources */ = {isa = PBXBuildFile; fileRef = DCB29668209B3F9A00698A44 /* ViewController.swift */; };
		DCB2966C209B3F9A00698A44 /* Main.storyboard in Resources */ = {isa = PBXBuildFile; fileRef = DCB2966A209B3F9A00698A44 /* Main.storyboard */; };
		DCB2966E209B3F9D00698A44 /* Assets.xcassets in Resources */ = {isa = PBXBuildFile; fileRef = DCB2966D209B3F9D00698A44 /* Assets.xcassets */; };
		DCB29671209B3F9D00698A44 /* LaunchScreen.storyboard in Resources */ = {isa = PBXBuildFile; fileRef = DCB2966F209B3F9D00698A44 /* LaunchScreen.storyboard */; };
		DCB2967C209B3F9D00698A44 /* RxCoordinator_ExampleUITests.swift in Sources */ = {isa = PBXBuildFile; fileRef = DCB2967B209B3F9D00698A44 /* RxCoordinator_ExampleUITests.swift */; };
		DCB29687209B415700698A44 /* NibIdentifiable.swift in Sources */ = {isa = PBXBuildFile; fileRef = DCB29686209B415700698A44 /* NibIdentifiable.swift */; };
		DCB29688209B415700698A44 /* NibIdentifiable.swift in Sources */ = {isa = PBXBuildFile; fileRef = DCB29686209B415700698A44 /* NibIdentifiable.swift */; };
		EE7FF70FFBA5DF08B02B9334 /* Pods_RxCoordinator_Example.framework in Frameworks */ = {isa = PBXBuildFile; fileRef = 9F89A32927ECF9B9844FD892 /* Pods_RxCoordinator_Example.framework */; };
/* End PBXBuildFile section */

/* Begin PBXContainerItemProxy section */
		DCB29678209B3F9D00698A44 /* PBXContainerItemProxy */ = {
			isa = PBXContainerItemProxy;
			containerPortal = DCB2965B209B3F9A00698A44 /* Project object */;
			proxyType = 1;
			remoteGlobalIDString = DCB29662209B3F9A00698A44;
			remoteInfo = "RxCoordinator-Example";
		};
/* End PBXContainerItemProxy section */

/* Begin PBXFileReference section */
		05044064E1B1772620B102A0 /* Pods-RxCoordinator-Example.release.xcconfig */ = {isa = PBXFileReference; includeInIndex = 1; lastKnownFileType = text.xcconfig; name = "Pods-RxCoordinator-Example.release.xcconfig"; path = "Pods/Target Support Files/Pods-RxCoordinator-Example/Pods-RxCoordinator-Example.release.xcconfig"; sourceTree = "<group>"; };
		074717F35D51EE2A707569E8 /* Pods-RxCoordinator-ExampleUITests.debug.xcconfig */ = {isa = PBXFileReference; includeInIndex = 1; lastKnownFileType = text.xcconfig; name = "Pods-RxCoordinator-ExampleUITests.debug.xcconfig"; path = "Pods/Target Support Files/Pods-RxCoordinator-ExampleUITests/Pods-RxCoordinator-ExampleUITests.debug.xcconfig"; sourceTree = "<group>"; };
		5EC604061561C97E10BD0439 /* Pods-RxCoordinator-ExampleUITests.release.xcconfig */ = {isa = PBXFileReference; includeInIndex = 1; lastKnownFileType = text.xcconfig; name = "Pods-RxCoordinator-ExampleUITests.release.xcconfig"; path = "Pods/Target Support Files/Pods-RxCoordinator-ExampleUITests/Pods-RxCoordinator-ExampleUITests.release.xcconfig"; sourceTree = "<group>"; };
		94C85FCF223E5BFA00F4C4AA /* Pods_RxCoordinator_ExampleUITests.framework */ = {isa = PBXFileReference; explicitFileType = wrapper.framework; includeInIndex = 0; path = Pods_RxCoordinator_ExampleUITests.framework; sourceTree = BUILT_PRODUCTS_DIR; };
		9F89A32927ECF9B9844FD892 /* Pods_RxCoordinator_Example.framework */ = {isa = PBXFileReference; explicitFileType = wrapper.framework; includeInIndex = 0; path = Pods_RxCoordinator_Example.framework; sourceTree = BUILT_PRODUCTS_DIR; };
		ACBF7932442986D1F1366E36 /* Pods-RxCoordinator-Example.debug.xcconfig */ = {isa = PBXFileReference; includeInIndex = 1; lastKnownFileType = text.xcconfig; name = "Pods-RxCoordinator-Example.debug.xcconfig"; path = "Pods/Target Support Files/Pods-RxCoordinator-Example/Pods-RxCoordinator-Example.debug.xcconfig"; sourceTree = "<group>"; };
		DC36CC94209B440D009EB669 /* BindableType.swift */ = {isa = PBXFileReference; lastKnownFileType = sourcecode.swift; path = BindableType.swift; sourceTree = "<group>"; };
		DC36CC97209B4436009EB669 /* LoginViewController.swift */ = {isa = PBXFileReference; lastKnownFileType = sourcecode.swift; path = LoginViewController.swift; sourceTree = "<group>"; };
		DC36CC98209B4436009EB669 /* LoginViewModel.swift */ = {isa = PBXFileReference; lastKnownFileType = sourcecode.swift; path = LoginViewModel.swift; sourceTree = "<group>"; };
		DC36CC99209B4436009EB669 /* LoginViewController.xib */ = {isa = PBXFileReference; lastKnownFileType = file.xib; path = LoginViewController.xib; sourceTree = "<group>"; };
		DC36CCA3209B469F009EB669 /* AppScene.swift */ = {isa = PBXFileReference; lastKnownFileType = sourcecode.swift; path = AppScene.swift; sourceTree = "<group>"; };
		DC36CCA6209B46A9009EB669 /* AppCoordinator.swift */ = {isa = PBXFileReference; lastKnownFileType = sourcecode.swift; path = AppCoordinator.swift; sourceTree = "<group>"; };
		DCB29663209B3F9A00698A44 /* RxCoordinator-Example.app */ = {isa = PBXFileReference; explicitFileType = wrapper.application; includeInIndex = 0; path = "RxCoordinator-Example.app"; sourceTree = BUILT_PRODUCTS_DIR; };
		DCB29666209B3F9A00698A44 /* AppDelegate.swift */ = {isa = PBXFileReference; lastKnownFileType = sourcecode.swift; path = AppDelegate.swift; sourceTree = "<group>"; };
		DCB29668209B3F9A00698A44 /* ViewController.swift */ = {isa = PBXFileReference; lastKnownFileType = sourcecode.swift; path = ViewController.swift; sourceTree = "<group>"; };
		DCB2966B209B3F9A00698A44 /* Base */ = {isa = PBXFileReference; lastKnownFileType = file.storyboard; name = Base; path = Base.lproj/Main.storyboard; sourceTree = "<group>"; };
		DCB2966D209B3F9D00698A44 /* Assets.xcassets */ = {isa = PBXFileReference; lastKnownFileType = folder.assetcatalog; path = Assets.xcassets; sourceTree = "<group>"; };
		DCB29670209B3F9D00698A44 /* Base */ = {isa = PBXFileReference; lastKnownFileType = file.storyboard; name = Base; path = Base.lproj/LaunchScreen.storyboard; sourceTree = "<group>"; };
		DCB29672209B3F9D00698A44 /* Info.plist */ = {isa = PBXFileReference; lastKnownFileType = text.plist.xml; path = Info.plist; sourceTree = "<group>"; };
		DCB29677209B3F9D00698A44 /* RxCoordinator-ExampleUITests.xctest */ = {isa = PBXFileReference; explicitFileType = wrapper.cfbundle; includeInIndex = 0; path = "RxCoordinator-ExampleUITests.xctest"; sourceTree = BUILT_PRODUCTS_DIR; };
		DCB2967B209B3F9D00698A44 /* RxCoordinator_ExampleUITests.swift */ = {isa = PBXFileReference; lastKnownFileType = sourcecode.swift; path = RxCoordinator_ExampleUITests.swift; sourceTree = "<group>"; };
		DCB2967D209B3F9D00698A44 /* Info.plist */ = {isa = PBXFileReference; lastKnownFileType = text.plist.xml; path = Info.plist; sourceTree = "<group>"; };
		DCB29686209B415700698A44 /* NibIdentifiable.swift */ = {isa = PBXFileReference; lastKnownFileType = sourcecode.swift; path = NibIdentifiable.swift; sourceTree = "<group>"; };
/* End PBXFileReference section */

/* Begin PBXFrameworksBuildPhase section */
		DCB29660209B3F9A00698A44 /* Frameworks */ = {
			isa = PBXFrameworksBuildPhase;
			buildActionMask = 2147483647;
			files = (
				EE7FF70FFBA5DF08B02B9334 /* Pods_RxCoordinator_Example.framework in Frameworks */,
			);
			runOnlyForDeploymentPostprocessing = 0;
		};
		DCB29674209B3F9D00698A44 /* Frameworks */ = {
			isa = PBXFrameworksBuildPhase;
			buildActionMask = 2147483647;
			files = (
				D764127CE2E83540A6A04C85 /* Pods_RxCoordinator_ExampleUITests.framework in Frameworks */,
			);
			runOnlyForDeploymentPostprocessing = 0;
		};
/* End PBXFrameworksBuildPhase section */

/* Begin PBXGroup section */
		46859D90AB1D11AA4CEBF150 /* Pods */ = {
			isa = PBXGroup;
			children = (
				ACBF7932442986D1F1366E36 /* Pods-RxCoordinator-Example.debug.xcconfig */,
				05044064E1B1772620B102A0 /* Pods-RxCoordinator-Example.release.xcconfig */,
				074717F35D51EE2A707569E8 /* Pods-RxCoordinator-ExampleUITests.debug.xcconfig */,
				5EC604061561C97E10BD0439 /* Pods-RxCoordinator-ExampleUITests.release.xcconfig */,
			);
			name = Pods;
			sourceTree = "<group>";
		};
		99C283C58A48CF521B805ED4 /* Frameworks */ = {
			isa = PBXGroup;
			children = (
				9F89A32927ECF9B9844FD892 /* Pods_RxCoordinator_Example.framework */,
				94C85FCF223E5BFA00F4C4AA /* Pods_RxCoordinator_ExampleUITests.framework */,
			);
			name = Frameworks;
			sourceTree = "<group>";
		};
		DC36CCA0209B465A009EB669 /* Router */ = {
			isa = PBXGroup;
			children = (
				DC36CCA2209B4689009EB669 /* Home */,
				DC36CCA1209B4678009EB669 /* App */,
			);
			path = Router;
			sourceTree = "<group>";
		};
		DC36CCA1209B4678009EB669 /* App */ = {
			isa = PBXGroup;
			children = (
				DC36CCA3209B469F009EB669 /* AppScene.swift */,
				DC36CCA6209B46A9009EB669 /* AppCoordinator.swift */,
			);
			path = App;
			sourceTree = "<group>";
		};
		DC36CCA2209B4689009EB669 /* Home */ = {
			isa = PBXGroup;
			children = (
			);
			path = Home;
			sourceTree = "<group>";
		};
		DCB2965A209B3F9A00698A44 = {
			isa = PBXGroup;
			children = (
				DCB29665209B3F9A00698A44 /* RxCoordinator-Example */,
				DCB2967A209B3F9D00698A44 /* RxCoordinator-ExampleUITests */,
				DCB29664209B3F9A00698A44 /* Products */,
				46859D90AB1D11AA4CEBF150 /* Pods */,
				99C283C58A48CF521B805ED4 /* Frameworks */,
			);
			sourceTree = "<group>";
		};
		DCB29664209B3F9A00698A44 /* Products */ = {
			isa = PBXGroup;
			children = (
				DCB29663209B3F9A00698A44 /* RxCoordinator-Example.app */,
				DCB29677209B3F9D00698A44 /* RxCoordinator-ExampleUITests.xctest */,
			);
			name = Products;
			sourceTree = "<group>";
		};
		DCB29665209B3F9A00698A44 /* RxCoordinator-Example */ = {
			isa = PBXGroup;
			children = (
				DC36CCA0209B465A009EB669 /* Router */,
				DCB29689209B41C900698A44 /* Login */,
				DCB29666209B3F9A00698A44 /* AppDelegate.swift */,
				DCB29668209B3F9A00698A44 /* ViewController.swift */,
				DCB29686209B415700698A44 /* NibIdentifiable.swift */,
				DCB2966A209B3F9A00698A44 /* Main.storyboard */,
				DCB2966D209B3F9D00698A44 /* Assets.xcassets */,
				DCB2966F209B3F9D00698A44 /* LaunchScreen.storyboard */,
				DCB29672209B3F9D00698A44 /* Info.plist */,
				DC36CC94209B440D009EB669 /* BindableType.swift */,
			);
			path = "RxCoordinator-Example";
			sourceTree = "<group>";
		};
		DCB2967A209B3F9D00698A44 /* RxCoordinator-ExampleUITests */ = {
			isa = PBXGroup;
			children = (
				DCB2967B209B3F9D00698A44 /* RxCoordinator_ExampleUITests.swift */,
				DCB2967D209B3F9D00698A44 /* Info.plist */,
			);
			path = "RxCoordinator-ExampleUITests";
			sourceTree = "<group>";
		};
		DCB29689209B41C900698A44 /* Login */ = {
			isa = PBXGroup;
			children = (
				DC36CC97209B4436009EB669 /* LoginViewController.swift */,
				DC36CC98209B4436009EB669 /* LoginViewModel.swift */,
				DC36CC99209B4436009EB669 /* LoginViewController.xib */,
			);
			path = Login;
			sourceTree = "<group>";
		};
/* End PBXGroup section */

/* Begin PBXNativeTarget section */
		DCB29662209B3F9A00698A44 /* RxCoordinator-Example */ = {
			isa = PBXNativeTarget;
			buildConfigurationList = DCB29680209B3F9D00698A44 /* Build configuration list for PBXNativeTarget "RxCoordinator-Example" */;
			buildPhases = (
				3F7F125FF98F603EC5C9C875 /* [CP] Check Pods Manifest.lock */,
				DCB2965F209B3F9A00698A44 /* Sources */,
				DCB29660209B3F9A00698A44 /* Frameworks */,
				DCB29661209B3F9A00698A44 /* Resources */,
				57370787201A71E6C1ABF3DB /* [CP] Embed Pods Frameworks */,
				7EB2EA923941D33E9CDA4642 /* [CP] Copy Pods Resources */,
			);
			buildRules = (
			);
			dependencies = (
			);
			name = "RxCoordinator-Example";
			productName = "RxCoordinator-Example";
			productReference = DCB29663209B3F9A00698A44 /* RxCoordinator-Example.app */;
			productType = "com.apple.product-type.application";
		};
		DCB29676209B3F9D00698A44 /* RxCoordinator-ExampleUITests */ = {
			isa = PBXNativeTarget;
			buildConfigurationList = DCB29683209B3F9D00698A44 /* Build configuration list for PBXNativeTarget "RxCoordinator-ExampleUITests" */;
			buildPhases = (
				F5DBB855F4C838F547DC6EEF /* [CP] Check Pods Manifest.lock */,
				DCB29673209B3F9D00698A44 /* Sources */,
				DCB29674209B3F9D00698A44 /* Frameworks */,
				DCB29675209B3F9D00698A44 /* Resources */,
				1ABF8BD4F92991AB6EA176EA /* [CP] Embed Pods Frameworks */,
				2B564382CC23942BE60A68DC /* [CP] Copy Pods Resources */,
			);
			buildRules = (
			);
			dependencies = (
				DCB29679209B3F9D00698A44 /* PBXTargetDependency */,
			);
			name = "RxCoordinator-ExampleUITests";
			productName = "RxCoordinator-ExampleUITests";
			productReference = DCB29677209B3F9D00698A44 /* RxCoordinator-ExampleUITests.xctest */;
			productType = "com.apple.product-type.bundle.ui-testing";
		};
/* End PBXNativeTarget section */

/* Begin PBXProject section */
		DCB2965B209B3F9A00698A44 /* Project object */ = {
			isa = PBXProject;
			attributes = {
				LastSwiftUpdateCheck = 0930;
				LastUpgradeCheck = 0930;
				ORGANIZATIONNAME = "Joan Disho";
				TargetAttributes = {
					DCB29662209B3F9A00698A44 = {
						CreatedOnToolsVersion = 9.3;
					};
					DCB29676209B3F9D00698A44 = {
						CreatedOnToolsVersion = 9.3;
						TestTargetID = DCB29662209B3F9A00698A44;
					};
				};
			};
			buildConfigurationList = DCB2965E209B3F9A00698A44 /* Build configuration list for PBXProject "RxCoordinator-Example" */;
			compatibilityVersion = "Xcode 9.3";
			developmentRegion = en;
			hasScannedForEncodings = 0;
			knownRegions = (
				en,
				Base,
			);
			mainGroup = DCB2965A209B3F9A00698A44;
			productRefGroup = DCB29664209B3F9A00698A44 /* Products */;
			projectDirPath = "";
			projectRoot = "";
			targets = (
				DCB29662209B3F9A00698A44 /* RxCoordinator-Example */,
				DCB29676209B3F9D00698A44 /* RxCoordinator-ExampleUITests */,
			);
		};
/* End PBXProject section */

/* Begin PBXResourcesBuildPhase section */
		DCB29661209B3F9A00698A44 /* Resources */ = {
			isa = PBXResourcesBuildPhase;
			buildActionMask = 2147483647;
			files = (
				DCB29671209B3F9D00698A44 /* LaunchScreen.storyboard in Resources */,
				DC36CC9E209B4436009EB669 /* LoginViewController.xib in Resources */,
				DCB2966E209B3F9D00698A44 /* Assets.xcassets in Resources */,
				DCB2966C209B3F9A00698A44 /* Main.storyboard in Resources */,
			);
			runOnlyForDeploymentPostprocessing = 0;
		};
		DCB29675209B3F9D00698A44 /* Resources */ = {
			isa = PBXResourcesBuildPhase;
			buildActionMask = 2147483647;
			files = (
				DC36CC9F209B4436009EB669 /* LoginViewController.xib in Resources */,
			);
			runOnlyForDeploymentPostprocessing = 0;
		};
/* End PBXResourcesBuildPhase section */

/* Begin PBXShellScriptBuildPhase section */
		1ABF8BD4F92991AB6EA176EA /* [CP] Embed Pods Frameworks */ = {
			isa = PBXShellScriptBuildPhase;
			buildActionMask = 2147483647;
			files = (
			);
			inputPaths = (
			);
			name = "[CP] Embed Pods Frameworks";
			outputPaths = (
			);
			runOnlyForDeploymentPostprocessing = 0;
			shellPath = /bin/sh;
			shellScript = "\"${SRCROOT}/Pods/Target Support Files/Pods-RxCoordinator-ExampleUITests/Pods-RxCoordinator-ExampleUITests-frameworks.sh\"\n";
			showEnvVarsInLog = 0;
		};
		2B564382CC23942BE60A68DC /* [CP] Copy Pods Resources */ = {
			isa = PBXShellScriptBuildPhase;
			buildActionMask = 2147483647;
			files = (
			);
			inputPaths = (
			);
			name = "[CP] Copy Pods Resources";
			outputPaths = (
			);
			runOnlyForDeploymentPostprocessing = 0;
			shellPath = /bin/sh;
			shellScript = "\"${SRCROOT}/Pods/Target Support Files/Pods-RxCoordinator-ExampleUITests/Pods-RxCoordinator-ExampleUITests-resources.sh\"\n";
			showEnvVarsInLog = 0;
		};
		3F7F125FF98F603EC5C9C875 /* [CP] Check Pods Manifest.lock */ = {
			isa = PBXShellScriptBuildPhase;
			buildActionMask = 2147483647;
			files = (
			);
			inputPaths = (
				"${PODS_PODFILE_DIR_PATH}/Podfile.lock",
				"${PODS_ROOT}/Manifest.lock",
			);
			name = "[CP] Check Pods Manifest.lock";
			outputPaths = (
				"$(DERIVED_FILE_DIR)/Pods-RxCoordinator-Example-checkManifestLockResult.txt",
			);
			runOnlyForDeploymentPostprocessing = 0;
			shellPath = /bin/sh;
			shellScript = "diff \"${PODS_PODFILE_DIR_PATH}/Podfile.lock\" \"${PODS_ROOT}/Manifest.lock\" > /dev/null\nif [ $? != 0 ] ; then\n    # print error to STDERR\n    echo \"error: The sandbox is not in sync with the Podfile.lock. Run 'pod install' or update your CocoaPods installation.\" >&2\n    exit 1\nfi\n# This output is used by Xcode 'outputs' to avoid re-running this script phase.\necho \"SUCCESS\" > \"${SCRIPT_OUTPUT_FILE_0}\"\n";
			showEnvVarsInLog = 0;
		};
		57370787201A71E6C1ABF3DB /* [CP] Embed Pods Frameworks */ = {
			isa = PBXShellScriptBuildPhase;
			buildActionMask = 2147483647;
			files = (
			);
			inputPaths = (
				"${SRCROOT}/Pods/Target Support Files/Pods-RxCoordinator-Example/Pods-RxCoordinator-Example-frameworks.sh",
				"${BUILT_PRODUCTS_DIR}/RxCocoa/RxCocoa.framework",
				"${BUILT_PRODUCTS_DIR}/RxSwift/RxSwift.framework",
				"${BUILT_PRODUCTS_DIR}/rx-coordinator/rx_coordinator.framework",
			);
			name = "[CP] Embed Pods Frameworks";
			outputPaths = (
				"${TARGET_BUILD_DIR}/${FRAMEWORKS_FOLDER_PATH}/RxCocoa.framework",
				"${TARGET_BUILD_DIR}/${FRAMEWORKS_FOLDER_PATH}/RxSwift.framework",
				"${TARGET_BUILD_DIR}/${FRAMEWORKS_FOLDER_PATH}/rx_coordinator.framework",
			);
			runOnlyForDeploymentPostprocessing = 0;
			shellPath = /bin/sh;
			shellScript = "\"${SRCROOT}/Pods/Target Support Files/Pods-RxCoordinator-Example/Pods-RxCoordinator-Example-frameworks.sh\"\n";
			showEnvVarsInLog = 0;
		};
		7EB2EA923941D33E9CDA4642 /* [CP] Copy Pods Resources */ = {
			isa = PBXShellScriptBuildPhase;
			buildActionMask = 2147483647;
			files = (
			);
			inputPaths = (
			);
			name = "[CP] Copy Pods Resources";
			outputPaths = (
			);
			runOnlyForDeploymentPostprocessing = 0;
			shellPath = /bin/sh;
			shellScript = "\"${SRCROOT}/Pods/Target Support Files/Pods-RxCoordinator-Example/Pods-RxCoordinator-Example-resources.sh\"\n";
			showEnvVarsInLog = 0;
		};
		F5DBB855F4C838F547DC6EEF /* [CP] Check Pods Manifest.lock */ = {
			isa = PBXShellScriptBuildPhase;
			buildActionMask = 2147483647;
			files = (
			);
			inputPaths = (
				"${PODS_PODFILE_DIR_PATH}/Podfile.lock",
				"${PODS_ROOT}/Manifest.lock",
			);
			name = "[CP] Check Pods Manifest.lock";
			outputPaths = (
				"$(DERIVED_FILE_DIR)/Pods-RxCoordinator-ExampleUITests-checkManifestLockResult.txt",
			);
			runOnlyForDeploymentPostprocessing = 0;
			shellPath = /bin/sh;
			shellScript = "diff \"${PODS_PODFILE_DIR_PATH}/Podfile.lock\" \"${PODS_ROOT}/Manifest.lock\" > /dev/null\nif [ $? != 0 ] ; then\n    # print error to STDERR\n    echo \"error: The sandbox is not in sync with the Podfile.lock. Run 'pod install' or update your CocoaPods installation.\" >&2\n    exit 1\nfi\n# This output is used by Xcode 'outputs' to avoid re-running this script phase.\necho \"SUCCESS\" > \"${SCRIPT_OUTPUT_FILE_0}\"\n";
			showEnvVarsInLog = 0;
		};
/* End PBXShellScriptBuildPhase section */

/* Begin PBXSourcesBuildPhase section */
		DCB2965F209B3F9A00698A44 /* Sources */ = {
			isa = PBXSourcesBuildPhase;
			buildActionMask = 2147483647;
			files = (
				DC36CC9A209B4436009EB669 /* LoginViewController.swift in Sources */,
				DC36CC95209B440D009EB669 /* BindableType.swift in Sources */,
				DC36CCA4209B469F009EB669 /* AppScene.swift in Sources */,
				DCB29687209B415700698A44 /* NibIdentifiable.swift in Sources */,
				DC36CCA7209B46A9009EB669 /* AppCoordinator.swift in Sources */,
				DC36CC9C209B4436009EB669 /* LoginViewModel.swift in Sources */,
				DCB29669209B3F9A00698A44 /* ViewController.swift in Sources */,
				DCB29667209B3F9A00698A44 /* AppDelegate.swift in Sources */,
			);
			runOnlyForDeploymentPostprocessing = 0;
		};
		DCB29673209B3F9D00698A44 /* Sources */ = {
			isa = PBXSourcesBuildPhase;
			buildActionMask = 2147483647;
			files = (
				DC36CCA5209B469F009EB669 /* AppScene.swift in Sources */,
				DCB2967C209B3F9D00698A44 /* RxCoordinator_ExampleUITests.swift in Sources */,
				DC36CC9D209B4436009EB669 /* LoginViewModel.swift in Sources */,
				DC36CC9B209B4436009EB669 /* LoginViewController.swift in Sources */,
				DC36CC96209B440D009EB669 /* BindableType.swift in Sources */,
				DCB29688209B415700698A44 /* NibIdentifiable.swift in Sources */,
				DC36CCA8209B46A9009EB669 /* AppCoordinator.swift in Sources */,
			);
			runOnlyForDeploymentPostprocessing = 0;
		};
/* End PBXSourcesBuildPhase section */

/* Begin PBXTargetDependency section */
		DCB29679209B3F9D00698A44 /* PBXTargetDependency */ = {
			isa = PBXTargetDependency;
			target = DCB29662209B3F9A00698A44 /* RxCoordinator-Example */;
			targetProxy = DCB29678209B3F9D00698A44 /* PBXContainerItemProxy */;
		};
/* End PBXTargetDependency section */

/* Begin PBXVariantGroup section */
		DCB2966A209B3F9A00698A44 /* Main.storyboard */ = {
			isa = PBXVariantGroup;
			children = (
				DCB2966B209B3F9A00698A44 /* Base */,
			);
			name = Main.storyboard;
			sourceTree = "<group>";
		};
		DCB2966F209B3F9D00698A44 /* LaunchScreen.storyboard */ = {
			isa = PBXVariantGroup;
			children = (
				DCB29670209B3F9D00698A44 /* Base */,
			);
			name = LaunchScreen.storyboard;
			sourceTree = "<group>";
		};
/* End PBXVariantGroup section */

/* Begin XCBuildConfiguration section */
		DCB2967E209B3F9D00698A44 /* Debug */ = {
			isa = XCBuildConfiguration;
			buildSettings = {
				ALWAYS_SEARCH_USER_PATHS = NO;
				CLANG_ANALYZER_NONNULL = YES;
				CLANG_ANALYZER_NUMBER_OBJECT_CONVERSION = YES_AGGRESSIVE;
				CLANG_CXX_LANGUAGE_STANDARD = "gnu++14";
				CLANG_CXX_LIBRARY = "libc++";
				CLANG_ENABLE_MODULES = YES;
				CLANG_ENABLE_OBJC_ARC = YES;
				CLANG_ENABLE_OBJC_WEAK = YES;
				CLANG_WARN_BLOCK_CAPTURE_AUTORELEASING = YES;
				CLANG_WARN_BOOL_CONVERSION = YES;
				CLANG_WARN_COMMA = YES;
				CLANG_WARN_CONSTANT_CONVERSION = YES;
				CLANG_WARN_DEPRECATED_OBJC_IMPLEMENTATIONS = YES;
				CLANG_WARN_DIRECT_OBJC_ISA_USAGE = YES_ERROR;
				CLANG_WARN_DOCUMENTATION_COMMENTS = YES;
				CLANG_WARN_EMPTY_BODY = YES;
				CLANG_WARN_ENUM_CONVERSION = YES;
				CLANG_WARN_INFINITE_RECURSION = YES;
				CLANG_WARN_INT_CONVERSION = YES;
				CLANG_WARN_NON_LITERAL_NULL_CONVERSION = YES;
				CLANG_WARN_OBJC_IMPLICIT_RETAIN_SELF = YES;
				CLANG_WARN_OBJC_LITERAL_CONVERSION = YES;
				CLANG_WARN_OBJC_ROOT_CLASS = YES_ERROR;
				CLANG_WARN_RANGE_LOOP_ANALYSIS = YES;
				CLANG_WARN_STRICT_PROTOTYPES = YES;
				CLANG_WARN_SUSPICIOUS_MOVE = YES;
				CLANG_WARN_UNGUARDED_AVAILABILITY = YES_AGGRESSIVE;
				CLANG_WARN_UNREACHABLE_CODE = YES;
				CLANG_WARN__DUPLICATE_METHOD_MATCH = YES;
				CODE_SIGN_IDENTITY = "iPhone Developer";
				COPY_PHASE_STRIP = NO;
				DEBUG_INFORMATION_FORMAT = dwarf;
				ENABLE_STRICT_OBJC_MSGSEND = YES;
				ENABLE_TESTABILITY = YES;
				GCC_C_LANGUAGE_STANDARD = gnu11;
				GCC_DYNAMIC_NO_PIC = NO;
				GCC_NO_COMMON_BLOCKS = YES;
				GCC_OPTIMIZATION_LEVEL = 0;
				GCC_PREPROCESSOR_DEFINITIONS = (
					"DEBUG=1",
					"$(inherited)",
				);
				GCC_WARN_64_TO_32_BIT_CONVERSION = YES;
				GCC_WARN_ABOUT_RETURN_TYPE = YES_ERROR;
				GCC_WARN_UNDECLARED_SELECTOR = YES;
				GCC_WARN_UNINITIALIZED_AUTOS = YES_AGGRESSIVE;
				GCC_WARN_UNUSED_FUNCTION = YES;
				GCC_WARN_UNUSED_VARIABLE = YES;
				IPHONEOS_DEPLOYMENT_TARGET = 11.3;
				MTL_ENABLE_DEBUG_INFO = YES;
				ONLY_ACTIVE_ARCH = YES;
				SDKROOT = iphoneos;
				SWIFT_ACTIVE_COMPILATION_CONDITIONS = DEBUG;
				SWIFT_OPTIMIZATION_LEVEL = "-Onone";
			};
			name = Debug;
		};
		DCB2967F209B3F9D00698A44 /* Release */ = {
			isa = XCBuildConfiguration;
			buildSettings = {
				ALWAYS_SEARCH_USER_PATHS = NO;
				CLANG_ANALYZER_NONNULL = YES;
				CLANG_ANALYZER_NUMBER_OBJECT_CONVERSION = YES_AGGRESSIVE;
				CLANG_CXX_LANGUAGE_STANDARD = "gnu++14";
				CLANG_CXX_LIBRARY = "libc++";
				CLANG_ENABLE_MODULES = YES;
				CLANG_ENABLE_OBJC_ARC = YES;
				CLANG_ENABLE_OBJC_WEAK = YES;
				CLANG_WARN_BLOCK_CAPTURE_AUTORELEASING = YES;
				CLANG_WARN_BOOL_CONVERSION = YES;
				CLANG_WARN_COMMA = YES;
				CLANG_WARN_CONSTANT_CONVERSION = YES;
				CLANG_WARN_DEPRECATED_OBJC_IMPLEMENTATIONS = YES;
				CLANG_WARN_DIRECT_OBJC_ISA_USAGE = YES_ERROR;
				CLANG_WARN_DOCUMENTATION_COMMENTS = YES;
				CLANG_WARN_EMPTY_BODY = YES;
				CLANG_WARN_ENUM_CONVERSION = YES;
				CLANG_WARN_INFINITE_RECURSION = YES;
				CLANG_WARN_INT_CONVERSION = YES;
				CLANG_WARN_NON_LITERAL_NULL_CONVERSION = YES;
				CLANG_WARN_OBJC_IMPLICIT_RETAIN_SELF = YES;
				CLANG_WARN_OBJC_LITERAL_CONVERSION = YES;
				CLANG_WARN_OBJC_ROOT_CLASS = YES_ERROR;
				CLANG_WARN_RANGE_LOOP_ANALYSIS = YES;
				CLANG_WARN_STRICT_PROTOTYPES = YES;
				CLANG_WARN_SUSPICIOUS_MOVE = YES;
				CLANG_WARN_UNGUARDED_AVAILABILITY = YES_AGGRESSIVE;
				CLANG_WARN_UNREACHABLE_CODE = YES;
				CLANG_WARN__DUPLICATE_METHOD_MATCH = YES;
				CODE_SIGN_IDENTITY = "iPhone Developer";
				COPY_PHASE_STRIP = NO;
				DEBUG_INFORMATION_FORMAT = "dwarf-with-dsym";
				ENABLE_NS_ASSERTIONS = NO;
				ENABLE_STRICT_OBJC_MSGSEND = YES;
				GCC_C_LANGUAGE_STANDARD = gnu11;
				GCC_NO_COMMON_BLOCKS = YES;
				GCC_WARN_64_TO_32_BIT_CONVERSION = YES;
				GCC_WARN_ABOUT_RETURN_TYPE = YES_ERROR;
				GCC_WARN_UNDECLARED_SELECTOR = YES;
				GCC_WARN_UNINITIALIZED_AUTOS = YES_AGGRESSIVE;
				GCC_WARN_UNUSED_FUNCTION = YES;
				GCC_WARN_UNUSED_VARIABLE = YES;
				IPHONEOS_DEPLOYMENT_TARGET = 11.3;
				MTL_ENABLE_DEBUG_INFO = NO;
				SDKROOT = iphoneos;
				SWIFT_COMPILATION_MODE = wholemodule;
				SWIFT_OPTIMIZATION_LEVEL = "-O";
				VALIDATE_PRODUCT = YES;
			};
			name = Release;
		};
		DCB29681209B3F9D00698A44 /* Debug */ = {
			isa = XCBuildConfiguration;
			baseConfigurationReference = ACBF7932442986D1F1366E36 /* Pods-RxCoordinator-Example.debug.xcconfig */;
			buildSettings = {
				ASSETCATALOG_COMPILER_APPICON_NAME = AppIcon;
				CODE_SIGN_STYLE = Automatic;
				DEVELOPMENT_TEAM = W44QDC3NZM;
				INFOPLIST_FILE = "RxCoordinator-Example/Info.plist";
				LD_RUNPATH_SEARCH_PATHS = (
					"$(inherited)",
					"@executable_path/Frameworks",
				);
				PRODUCT_BUNDLE_IDENTIFIER = "disho.RxCoordinator-Example";
				PRODUCT_NAME = "$(TARGET_NAME)";
				SWIFT_VERSION = 4.0;
				TARGETED_DEVICE_FAMILY = "1,2";
			};
			name = Debug;
		};
		DCB29682209B3F9D00698A44 /* Release */ = {
			isa = XCBuildConfiguration;
			baseConfigurationReference = 05044064E1B1772620B102A0 /* Pods-RxCoordinator-Example.release.xcconfig */;
			buildSettings = {
				ASSETCATALOG_COMPILER_APPICON_NAME = AppIcon;
				CODE_SIGN_STYLE = Automatic;
				DEVELOPMENT_TEAM = W44QDC3NZM;
				INFOPLIST_FILE = "RxCoordinator-Example/Info.plist";
				LD_RUNPATH_SEARCH_PATHS = (
					"$(inherited)",
					"@executable_path/Frameworks",
				);
				PRODUCT_BUNDLE_IDENTIFIER = "disho.RxCoordinator-Example";
				PRODUCT_NAME = "$(TARGET_NAME)";
				SWIFT_VERSION = 4.0;
				TARGETED_DEVICE_FAMILY = "1,2";
			};
			name = Release;
		};
		DCB29684209B3F9D00698A44 /* Debug */ = {
			isa = XCBuildConfiguration;
			baseConfigurationReference = 074717F35D51EE2A707569E8 /* Pods-RxCoordinator-ExampleUITests.debug.xcconfig */;
			buildSettings = {
				ALWAYS_EMBED_SWIFT_STANDARD_LIBRARIES = YES;
				CODE_SIGN_STYLE = Automatic;
				DEVELOPMENT_TEAM = W44QDC3NZM;
				INFOPLIST_FILE = "RxCoordinator-ExampleUITests/Info.plist";
				LD_RUNPATH_SEARCH_PATHS = (
					"$(inherited)",
					"@executable_path/Frameworks",
					"@loader_path/Frameworks",
				);
				PRODUCT_BUNDLE_IDENTIFIER = "disho.RxCoordinator-ExampleUITests";
				PRODUCT_NAME = "$(TARGET_NAME)";
				SWIFT_VERSION = 4.0;
				TARGETED_DEVICE_FAMILY = "1,2";
				TEST_TARGET_NAME = "RxCoordinator-Example";
			};
			name = Debug;
		};
		DCB29685209B3F9D00698A44 /* Release */ = {
			isa = XCBuildConfiguration;
			baseConfigurationReference = 5EC604061561C97E10BD0439 /* Pods-RxCoordinator-ExampleUITests.release.xcconfig */;
			buildSettings = {
				ALWAYS_EMBED_SWIFT_STANDARD_LIBRARIES = YES;
				CODE_SIGN_STYLE = Automatic;
				DEVELOPMENT_TEAM = W44QDC3NZM;
				INFOPLIST_FILE = "RxCoordinator-ExampleUITests/Info.plist";
				LD_RUNPATH_SEARCH_PATHS = (
					"$(inherited)",
					"@executable_path/Frameworks",
					"@loader_path/Frameworks",
				);
				PRODUCT_BUNDLE_IDENTIFIER = "disho.RxCoordinator-ExampleUITests";
				PRODUCT_NAME = "$(TARGET_NAME)";
				SWIFT_VERSION = 4.0;
				TARGETED_DEVICE_FAMILY = "1,2";
				TEST_TARGET_NAME = "RxCoordinator-Example";
			};
			name = Release;
		};
/* End XCBuildConfiguration section */

/* Begin XCConfigurationList section */
		DCB2965E209B3F9A00698A44 /* Build configuration list for PBXProject "RxCoordinator-Example" */ = {
			isa = XCConfigurationList;
			buildConfigurations = (
				DCB2967E209B3F9D00698A44 /* Debug */,
				DCB2967F209B3F9D00698A44 /* Release */,
			);
			defaultConfigurationIsVisible = 0;
			defaultConfigurationName = Release;
		};
		DCB29680209B3F9D00698A44 /* Build configuration list for PBXNativeTarget "RxCoordinator-Example" */ = {
			isa = XCConfigurationList;
			buildConfigurations = (
				DCB29681209B3F9D00698A44 /* Debug */,
				DCB29682209B3F9D00698A44 /* Release */,
			);
			defaultConfigurationIsVisible = 0;
			defaultConfigurationName = Release;
		};
		DCB29683209B3F9D00698A44 /* Build configuration list for PBXNativeTarget "RxCoordinator-ExampleUITests" */ = {
			isa = XCConfigurationList;
			buildConfigurations = (
				DCB29684209B3F9D00698A44 /* Debug */,
				DCB29685209B3F9D00698A44 /* Release */,
			);
			defaultConfigurationIsVisible = 0;
			defaultConfigurationName = Release;
		};
/* End XCConfigurationList section */
	};
	rootObject = DCB2965B209B3F9A00698A44 /* Project object */;
}
