// !$*UTF8*$!
{
	archiveVersion = 1;
	classes = {
	};
	objectVersion = 52;
	objects = {

/* Begin PBXAggregateTarget section */
		"XCoordinator::XCoordinatorPackageTests::ProductTarget" /* XCoordinatorPackageTests */ = {
			isa = PBXAggregateTarget;
			buildConfigurationList = OBJ_467 /* Build configuration list for PBXAggregateTarget "XCoordinatorPackageTests" */;
			buildPhases = (
			);
			dependencies = (
				OBJ_470 /* PBXTargetDependency */,
			);
			name = XCoordinatorPackageTests;
			productName = XCoordinatorPackageTests;
		};
/* End PBXAggregateTarget section */

/* Begin PBXBuildFile section */
		7FB0FCAE246310EC0048C8C2 /* RxSwift in Frameworks */ = {isa = PBXBuildFile; productRef = 7FB0FCAD246310EC0048C8C2 /* RxSwift */; };
		7FB0FCB0246310EC0048C8C2 /* RxTest in Frameworks */ = {isa = PBXBuildFile; productRef = 7FB0FCAF246310EC0048C8C2 /* RxTest */; };
		7FB0FCB2246310EC0048C8C2 /* RxRelay in Frameworks */ = {isa = PBXBuildFile; productRef = 7FB0FCB1246310EC0048C8C2 /* RxRelay */; };
		7FB0FCB4246310EC0048C8C2 /* RxCocoa in Frameworks */ = {isa = PBXBuildFile; productRef = 7FB0FCB3246310EC0048C8C2 /* RxCocoa */; };
		7FB0FCB6246310EC0048C8C2 /* RxBlocking in Frameworks */ = {isa = PBXBuildFile; productRef = 7FB0FCB5246310EC0048C8C2 /* RxBlocking */; };
		OBJ_405 /* Animation.swift in Sources */ = {isa = PBXBuildFile; fileRef = OBJ_9 /* Animation.swift */; };
		OBJ_406 /* AnyCoordinator.swift in Sources */ = {isa = PBXBuildFile; fileRef = OBJ_10 /* AnyCoordinator.swift */; };
		OBJ_407 /* AnyTransitionPerformer.swift in Sources */ = {isa = PBXBuildFile; fileRef = OBJ_11 /* AnyTransitionPerformer.swift */; };
		OBJ_408 /* BaseCoordinator.swift in Sources */ = {isa = PBXBuildFile; fileRef = OBJ_12 /* BaseCoordinator.swift */; };
		OBJ_409 /* BasicCoordinator.swift in Sources */ = {isa = PBXBuildFile; fileRef = OBJ_13 /* BasicCoordinator.swift */; };
		OBJ_410 /* Container.swift in Sources */ = {isa = PBXBuildFile; fileRef = OBJ_14 /* Container.swift */; };
		OBJ_411 /* Coordinator.swift in Sources */ = {isa = PBXBuildFile; fileRef = OBJ_15 /* Coordinator.swift */; };
		OBJ_412 /* CoordinatorPreviewingDelegateObject.swift in Sources */ = {isa = PBXBuildFile; fileRef = OBJ_16 /* CoordinatorPreviewingDelegateObject.swift */; };
		OBJ_413 /* DeepLinking.swift in Sources */ = {isa = PBXBuildFile; fileRef = OBJ_17 /* DeepLinking.swift */; };
		OBJ_414 /* GestureRecognizerTarget.swift in Sources */ = {isa = PBXBuildFile; fileRef = OBJ_18 /* GestureRecognizerTarget.swift */; };
		OBJ_415 /* InteractiveTransitionAnimation.swift in Sources */ = {isa = PBXBuildFile; fileRef = OBJ_19 /* InteractiveTransitionAnimation.swift */; };
		OBJ_416 /* InterruptibleTransitionAnimation.swift in Sources */ = {isa = PBXBuildFile; fileRef = OBJ_20 /* InterruptibleTransitionAnimation.swift */; };
		OBJ_417 /* NavigationAnimationDelegate.swift in Sources */ = {isa = PBXBuildFile; fileRef = OBJ_21 /* NavigationAnimationDelegate.swift */; };
		OBJ_418 /* NavigationCoordinator.swift in Sources */ = {isa = PBXBuildFile; fileRef = OBJ_22 /* NavigationCoordinator.swift */; };
		OBJ_419 /* NavigationTransition.swift in Sources */ = {isa = PBXBuildFile; fileRef = OBJ_23 /* NavigationTransition.swift */; };
		OBJ_420 /* PageCoordinator.swift in Sources */ = {isa = PBXBuildFile; fileRef = OBJ_24 /* PageCoordinator.swift */; };
		OBJ_421 /* PageCoordinatorDataSource.swift in Sources */ = {isa = PBXBuildFile; fileRef = OBJ_25 /* PageCoordinatorDataSource.swift */; };
		OBJ_422 /* PageTransition.swift in Sources */ = {isa = PBXBuildFile; fileRef = OBJ_26 /* PageTransition.swift */; };
		OBJ_423 /* Presentable.swift in Sources */ = {isa = PBXBuildFile; fileRef = OBJ_27 /* Presentable.swift */; };
		OBJ_424 /* RedirectionRouter.swift in Sources */ = {isa = PBXBuildFile; fileRef = OBJ_28 /* RedirectionRouter.swift */; };
		OBJ_425 /* Route.swift in Sources */ = {isa = PBXBuildFile; fileRef = OBJ_29 /* Route.swift */; };
		OBJ_426 /* Router.swift in Sources */ = {isa = PBXBuildFile; fileRef = OBJ_30 /* Router.swift */; };
		OBJ_427 /* SplitCoordinator.swift in Sources */ = {isa = PBXBuildFile; fileRef = OBJ_31 /* SplitCoordinator.swift */; };
		OBJ_428 /* SplitTransition.swift in Sources */ = {isa = PBXBuildFile; fileRef = OBJ_32 /* SplitTransition.swift */; };
		OBJ_429 /* StaticTransitionAnimation.swift in Sources */ = {isa = PBXBuildFile; fileRef = OBJ_33 /* StaticTransitionAnimation.swift */; };
		OBJ_430 /* StrongRouter.swift in Sources */ = {isa = PBXBuildFile; fileRef = OBJ_34 /* StrongRouter.swift */; };
		OBJ_431 /* TabBarAnimationDelegate.swift in Sources */ = {isa = PBXBuildFile; fileRef = OBJ_35 /* TabBarAnimationDelegate.swift */; };
		OBJ_432 /* TabBarCoordinator.swift in Sources */ = {isa = PBXBuildFile; fileRef = OBJ_36 /* TabBarCoordinator.swift */; };
		OBJ_433 /* TabBarTransition.swift in Sources */ = {isa = PBXBuildFile; fileRef = OBJ_37 /* TabBarTransition.swift */; };
		OBJ_434 /* Transition+Init.swift in Sources */ = {isa = PBXBuildFile; fileRef = OBJ_38 /* Transition+Init.swift */; };
		OBJ_435 /* Transition.swift in Sources */ = {isa = PBXBuildFile; fileRef = OBJ_39 /* Transition.swift */; };
		OBJ_436 /* TransitionAnimation.swift in Sources */ = {isa = PBXBuildFile; fileRef = OBJ_40 /* TransitionAnimation.swift */; };
		OBJ_437 /* TransitionOptions.swift in Sources */ = {isa = PBXBuildFile; fileRef = OBJ_41 /* TransitionOptions.swift */; };
		OBJ_438 /* TransitionPerformer.swift in Sources */ = {isa = PBXBuildFile; fileRef = OBJ_42 /* TransitionPerformer.swift */; };
		OBJ_439 /* TransitionProtocol.swift in Sources */ = {isa = PBXBuildFile; fileRef = OBJ_43 /* TransitionProtocol.swift */; };
		OBJ_440 /* UINavigationController+Transition.swift in Sources */ = {isa = PBXBuildFile; fileRef = OBJ_44 /* UINavigationController+Transition.swift */; };
		OBJ_441 /* UIPageViewController+Transition.swift in Sources */ = {isa = PBXBuildFile; fileRef = OBJ_45 /* UIPageViewController+Transition.swift */; };
		OBJ_442 /* UITabBarController+Transition.swift in Sources */ = {isa = PBXBuildFile; fileRef = OBJ_46 /* UITabBarController+Transition.swift */; };
		OBJ_443 /* UIView+Store.swift in Sources */ = {isa = PBXBuildFile; fileRef = OBJ_47 /* UIView+Store.swift */; };
		OBJ_444 /* UIViewController+Transition.swift in Sources */ = {isa = PBXBuildFile; fileRef = OBJ_48 /* UIViewController+Transition.swift */; };
		OBJ_445 /* UnownedErased+Router.swift in Sources */ = {isa = PBXBuildFile; fileRef = OBJ_49 /* UnownedErased+Router.swift */; };
		OBJ_446 /* UnownedErased.swift in Sources */ = {isa = PBXBuildFile; fileRef = OBJ_50 /* UnownedErased.swift */; };
		OBJ_447 /* ViewCoordinator.swift in Sources */ = {isa = PBXBuildFile; fileRef = OBJ_51 /* ViewCoordinator.swift */; };
		OBJ_448 /* WeakErased+Router.swift in Sources */ = {isa = PBXBuildFile; fileRef = OBJ_52 /* WeakErased+Router.swift */; };
		OBJ_449 /* WeakErased.swift in Sources */ = {isa = PBXBuildFile; fileRef = OBJ_53 /* WeakErased.swift */; };
		OBJ_456 /* Router+Combine.swift in Sources */ = {isa = PBXBuildFile; fileRef = OBJ_55 /* Router+Combine.swift */; };
		OBJ_458 /* XCoordinator.framework in Frameworks */ = {isa = PBXBuildFile; fileRef = "XCoordinator::XCoordinator::Product" /* XCoordinator.framework */; };
		OBJ_465 /* Package.swift in Sources */ = {isa = PBXBuildFile; fileRef = OBJ_6 /* Package.swift */; };
		OBJ_477 /* Router+Rx.swift in Sources */ = {isa = PBXBuildFile; fileRef = OBJ_57 /* Router+Rx.swift */; };
		OBJ_480 /* XCoordinator.framework in Frameworks */ = {isa = PBXBuildFile; fileRef = "XCoordinator::XCoordinator::Product" /* XCoordinator.framework */; };
		OBJ_487 /* AnimationTests.swift in Sources */ = {isa = PBXBuildFile; fileRef = OBJ_61 /* AnimationTests.swift */; };
		OBJ_488 /* TestAnimation.swift in Sources */ = {isa = PBXBuildFile; fileRef = OBJ_62 /* TestAnimation.swift */; };
		OBJ_489 /* TestRoute.swift in Sources */ = {isa = PBXBuildFile; fileRef = OBJ_63 /* TestRoute.swift */; };
		OBJ_490 /* TransitionTests.swift in Sources */ = {isa = PBXBuildFile; fileRef = OBJ_64 /* TransitionTests.swift */; };
		OBJ_491 /* XCTestManifests.swift in Sources */ = {isa = PBXBuildFile; fileRef = OBJ_65 /* XCTestManifests.swift */; };
		OBJ_492 /* XCText+Extras.swift in Sources */ = {isa = PBXBuildFile; fileRef = OBJ_66 /* XCText+Extras.swift */; };
		OBJ_494 /* XCoordinatorRx.framework in Frameworks */ = {isa = PBXBuildFile; fileRef = "XCoordinator::XCoordinatorRx::Product" /* XCoordinatorRx.framework */; };
		OBJ_496 /* XCoordinator.framework in Frameworks */ = {isa = PBXBuildFile; fileRef = "XCoordinator::XCoordinator::Product" /* XCoordinator.framework */; };
/* End PBXBuildFile section */

/* Begin PBXContainerItemProxy section */
		7FB0FCA52463100E0048C8C2 /* PBXContainerItemProxy */ = {
			isa = PBXContainerItemProxy;
			containerPortal = OBJ_1 /* Project object */;
			proxyType = 1;
			remoteGlobalIDString = "XCoordinator::XCoordinator";
			remoteInfo = XCoordinator;
		};
		7FB0FCA72463100E0048C8C2 /* PBXContainerItemProxy */ = {
			isa = PBXContainerItemProxy;
			containerPortal = OBJ_1 /* Project object */;
			proxyType = 1;
			remoteGlobalIDString = "XCoordinator::XCoordinator";
			remoteInfo = XCoordinator;
		};
		7FB0FCA82463100E0048C8C2 /* PBXContainerItemProxy */ = {
			isa = PBXContainerItemProxy;
			containerPortal = OBJ_1 /* Project object */;
			proxyType = 1;
			remoteGlobalIDString = "XCoordinator::XCoordinatorRx";
			remoteInfo = XCoordinatorRx;
		};
		7FB0FCAA2463100E0048C8C2 /* PBXContainerItemProxy */ = {
			isa = PBXContainerItemProxy;
			containerPortal = OBJ_1 /* Project object */;
			proxyType = 1;
			remoteGlobalIDString = "XCoordinator::XCoordinator";
			remoteInfo = XCoordinator;
		};
		7FB0FCAB246310100048C8C2 /* PBXContainerItemProxy */ = {
			isa = PBXContainerItemProxy;
			containerPortal = OBJ_1 /* Project object */;
			proxyType = 1;
			remoteGlobalIDString = "XCoordinator::XCoordinatorTests";
			remoteInfo = XCoordinatorTests;
		};
/* End PBXContainerItemProxy section */

/* Begin PBXFileReference section */
		OBJ_10 /* AnyCoordinator.swift */ = {isa = PBXFileReference; lastKnownFileType = sourcecode.swift; path = AnyCoordinator.swift; sourceTree = "<group>"; };
		OBJ_11 /* AnyTransitionPerformer.swift */ = {isa = PBXFileReference; lastKnownFileType = sourcecode.swift; path = AnyTransitionPerformer.swift; sourceTree = "<group>"; };
		OBJ_12 /* BaseCoordinator.swift */ = {isa = PBXFileReference; lastKnownFileType = sourcecode.swift; path = BaseCoordinator.swift; sourceTree = "<group>"; };
		OBJ_13 /* BasicCoordinator.swift */ = {isa = PBXFileReference; lastKnownFileType = sourcecode.swift; path = BasicCoordinator.swift; sourceTree = "<group>"; };
		OBJ_14 /* Container.swift */ = {isa = PBXFileReference; lastKnownFileType = sourcecode.swift; path = Container.swift; sourceTree = "<group>"; };
		OBJ_15 /* Coordinator.swift */ = {isa = PBXFileReference; lastKnownFileType = sourcecode.swift; path = Coordinator.swift; sourceTree = "<group>"; };
		OBJ_16 /* CoordinatorPreviewingDelegateObject.swift */ = {isa = PBXFileReference; lastKnownFileType = sourcecode.swift; path = CoordinatorPreviewingDelegateObject.swift; sourceTree = "<group>"; };
		OBJ_17 /* DeepLinking.swift */ = {isa = PBXFileReference; lastKnownFileType = sourcecode.swift; path = DeepLinking.swift; sourceTree = "<group>"; };
		OBJ_18 /* GestureRecognizerTarget.swift */ = {isa = PBXFileReference; lastKnownFileType = sourcecode.swift; path = GestureRecognizerTarget.swift; sourceTree = "<group>"; };
		OBJ_19 /* InteractiveTransitionAnimation.swift */ = {isa = PBXFileReference; lastKnownFileType = sourcecode.swift; path = InteractiveTransitionAnimation.swift; sourceTree = "<group>"; };
		OBJ_20 /* InterruptibleTransitionAnimation.swift */ = {isa = PBXFileReference; lastKnownFileType = sourcecode.swift; path = InterruptibleTransitionAnimation.swift; sourceTree = "<group>"; };
		OBJ_21 /* NavigationAnimationDelegate.swift */ = {isa = PBXFileReference; lastKnownFileType = sourcecode.swift; path = NavigationAnimationDelegate.swift; sourceTree = "<group>"; };
		OBJ_22 /* NavigationCoordinator.swift */ = {isa = PBXFileReference; lastKnownFileType = sourcecode.swift; path = NavigationCoordinator.swift; sourceTree = "<group>"; };
		OBJ_23 /* NavigationTransition.swift */ = {isa = PBXFileReference; lastKnownFileType = sourcecode.swift; path = NavigationTransition.swift; sourceTree = "<group>"; };
		OBJ_232 /* Images */ = {isa = PBXFileReference; lastKnownFileType = folder; path = Images; sourceTree = SOURCE_ROOT; };
		OBJ_233 /* docs */ = {isa = PBXFileReference; lastKnownFileType = folder; path = docs; sourceTree = SOURCE_ROOT; };
		OBJ_234 /* scripts */ = {isa = PBXFileReference; lastKnownFileType = folder; path = scripts; sourceTree = SOURCE_ROOT; };
		OBJ_235 /* XCoordinator.podspec */ = {isa = PBXFileReference; lastKnownFileType = text; path = XCoordinator.podspec; sourceTree = "<group>"; };
		OBJ_236 /* LICENSE */ = {isa = PBXFileReference; lastKnownFileType = text; path = LICENSE; sourceTree = "<group>"; };
		OBJ_237 /* README.md */ = {isa = PBXFileReference; lastKnownFileType = net.daringfireball.markdown; path = README.md; sourceTree = "<group>"; };
		OBJ_24 /* PageCoordinator.swift */ = {isa = PBXFileReference; lastKnownFileType = sourcecode.swift; path = PageCoordinator.swift; sourceTree = "<group>"; };
		OBJ_25 /* PageCoordinatorDataSource.swift */ = {isa = PBXFileReference; lastKnownFileType = sourcecode.swift; path = PageCoordinatorDataSource.swift; sourceTree = "<group>"; };
		OBJ_26 /* PageTransition.swift */ = {isa = PBXFileReference; lastKnownFileType = sourcecode.swift; path = PageTransition.swift; sourceTree = "<group>"; };
		OBJ_27 /* Presentable.swift */ = {isa = PBXFileReference; lastKnownFileType = sourcecode.swift; path = Presentable.swift; sourceTree = "<group>"; };
		OBJ_28 /* RedirectionRouter.swift */ = {isa = PBXFileReference; lastKnownFileType = sourcecode.swift; path = RedirectionRouter.swift; sourceTree = "<group>"; };
		OBJ_29 /* Route.swift */ = {isa = PBXFileReference; lastKnownFileType = sourcecode.swift; path = Route.swift; sourceTree = "<group>"; };
		OBJ_30 /* Router.swift */ = {isa = PBXFileReference; lastKnownFileType = sourcecode.swift; path = Router.swift; sourceTree = "<group>"; };
		OBJ_31 /* SplitCoordinator.swift */ = {isa = PBXFileReference; lastKnownFileType = sourcecode.swift; path = SplitCoordinator.swift; sourceTree = "<group>"; };
		OBJ_32 /* SplitTransition.swift */ = {isa = PBXFileReference; lastKnownFileType = sourcecode.swift; path = SplitTransition.swift; sourceTree = "<group>"; };
		OBJ_33 /* StaticTransitionAnimation.swift */ = {isa = PBXFileReference; lastKnownFileType = sourcecode.swift; path = StaticTransitionAnimation.swift; sourceTree = "<group>"; };
		OBJ_34 /* StrongRouter.swift */ = {isa = PBXFileReference; lastKnownFileType = sourcecode.swift; path = StrongRouter.swift; sourceTree = "<group>"; };
		OBJ_35 /* TabBarAnimationDelegate.swift */ = {isa = PBXFileReference; lastKnownFileType = sourcecode.swift; path = TabBarAnimationDelegate.swift; sourceTree = "<group>"; };
		OBJ_36 /* TabBarCoordinator.swift */ = {isa = PBXFileReference; lastKnownFileType = sourcecode.swift; path = TabBarCoordinator.swift; sourceTree = "<group>"; };
		OBJ_37 /* TabBarTransition.swift */ = {isa = PBXFileReference; lastKnownFileType = sourcecode.swift; path = TabBarTransition.swift; sourceTree = "<group>"; };
		OBJ_38 /* Transition+Init.swift */ = {isa = PBXFileReference; lastKnownFileType = sourcecode.swift; path = "Transition+Init.swift"; sourceTree = "<group>"; };
		OBJ_39 /* Transition.swift */ = {isa = PBXFileReference; lastKnownFileType = sourcecode.swift; path = Transition.swift; sourceTree = "<group>"; };
		OBJ_40 /* TransitionAnimation.swift */ = {isa = PBXFileReference; lastKnownFileType = sourcecode.swift; path = TransitionAnimation.swift; sourceTree = "<group>"; };
		OBJ_41 /* TransitionOptions.swift */ = {isa = PBXFileReference; lastKnownFileType = sourcecode.swift; path = TransitionOptions.swift; sourceTree = "<group>"; };
		OBJ_42 /* TransitionPerformer.swift */ = {isa = PBXFileReference; lastKnownFileType = sourcecode.swift; path = TransitionPerformer.swift; sourceTree = "<group>"; };
		OBJ_43 /* TransitionProtocol.swift */ = {isa = PBXFileReference; lastKnownFileType = sourcecode.swift; path = TransitionProtocol.swift; sourceTree = "<group>"; };
		OBJ_44 /* UINavigationController+Transition.swift */ = {isa = PBXFileReference; lastKnownFileType = sourcecode.swift; path = "UINavigationController+Transition.swift"; sourceTree = "<group>"; };
		OBJ_45 /* UIPageViewController+Transition.swift */ = {isa = PBXFileReference; lastKnownFileType = sourcecode.swift; path = "UIPageViewController+Transition.swift"; sourceTree = "<group>"; };
		OBJ_46 /* UITabBarController+Transition.swift */ = {isa = PBXFileReference; lastKnownFileType = sourcecode.swift; path = "UITabBarController+Transition.swift"; sourceTree = "<group>"; };
		OBJ_47 /* UIView+Store.swift */ = {isa = PBXFileReference; lastKnownFileType = sourcecode.swift; path = "UIView+Store.swift"; sourceTree = "<group>"; };
		OBJ_48 /* UIViewController+Transition.swift */ = {isa = PBXFileReference; lastKnownFileType = sourcecode.swift; path = "UIViewController+Transition.swift"; sourceTree = "<group>"; };
		OBJ_49 /* UnownedErased+Router.swift */ = {isa = PBXFileReference; lastKnownFileType = sourcecode.swift; path = "UnownedErased+Router.swift"; sourceTree = "<group>"; };
		OBJ_50 /* UnownedErased.swift */ = {isa = PBXFileReference; lastKnownFileType = sourcecode.swift; path = UnownedErased.swift; sourceTree = "<group>"; };
		OBJ_51 /* ViewCoordinator.swift */ = {isa = PBXFileReference; lastKnownFileType = sourcecode.swift; path = ViewCoordinator.swift; sourceTree = "<group>"; };
		OBJ_52 /* WeakErased+Router.swift */ = {isa = PBXFileReference; lastKnownFileType = sourcecode.swift; path = "WeakErased+Router.swift"; sourceTree = "<group>"; };
		OBJ_53 /* WeakErased.swift */ = {isa = PBXFileReference; lastKnownFileType = sourcecode.swift; path = WeakErased.swift; sourceTree = "<group>"; };
		OBJ_55 /* Router+Combine.swift */ = {isa = PBXFileReference; lastKnownFileType = sourcecode.swift; path = "Router+Combine.swift"; sourceTree = "<group>"; };
		OBJ_57 /* Router+Rx.swift */ = {isa = PBXFileReference; lastKnownFileType = sourcecode.swift; path = "Router+Rx.swift"; sourceTree = "<group>"; };
		OBJ_6 /* Package.swift */ = {isa = PBXFileReference; explicitFileType = sourcecode.swift; path = Package.swift; sourceTree = "<group>"; };
		OBJ_60 /* XCoordinatorTests.xctestplan */ = {isa = PBXFileReference; lastKnownFileType = text; path = XCoordinatorTests.xctestplan; sourceTree = "<group>"; };
		OBJ_61 /* AnimationTests.swift */ = {isa = PBXFileReference; lastKnownFileType = sourcecode.swift; path = AnimationTests.swift; sourceTree = "<group>"; };
		OBJ_62 /* TestAnimation.swift */ = {isa = PBXFileReference; lastKnownFileType = sourcecode.swift; path = TestAnimation.swift; sourceTree = "<group>"; };
		OBJ_63 /* TestRoute.swift */ = {isa = PBXFileReference; lastKnownFileType = sourcecode.swift; path = TestRoute.swift; sourceTree = "<group>"; };
		OBJ_64 /* TransitionTests.swift */ = {isa = PBXFileReference; lastKnownFileType = sourcecode.swift; path = TransitionTests.swift; sourceTree = "<group>"; };
		OBJ_65 /* XCTestManifests.swift */ = {isa = PBXFileReference; lastKnownFileType = sourcecode.swift; path = XCTestManifests.swift; sourceTree = "<group>"; };
		OBJ_66 /* XCText+Extras.swift */ = {isa = PBXFileReference; lastKnownFileType = sourcecode.swift; path = "XCText+Extras.swift"; sourceTree = "<group>"; };
		OBJ_9 /* Animation.swift */ = {isa = PBXFileReference; lastKnownFileType = sourcecode.swift; path = Animation.swift; sourceTree = "<group>"; };
		"XCoordinator::XCoordinator::Product" /* XCoordinator.framework */ = {isa = PBXFileReference; lastKnownFileType = wrapper.framework; path = XCoordinator.framework; sourceTree = BUILT_PRODUCTS_DIR; };
		"XCoordinator::XCoordinatorCombine::Product" /* XCoordinatorCombine.framework */ = {isa = PBXFileReference; lastKnownFileType = wrapper.framework; path = XCoordinatorCombine.framework; sourceTree = BUILT_PRODUCTS_DIR; };
		"XCoordinator::XCoordinatorRx::Product" /* XCoordinatorRx.framework */ = {isa = PBXFileReference; lastKnownFileType = wrapper.framework; path = XCoordinatorRx.framework; sourceTree = BUILT_PRODUCTS_DIR; };
		"XCoordinator::XCoordinatorTests::Product" /* XCoordinatorTests.xctest */ = {isa = PBXFileReference; explicitFileType = wrapper.cfbundle; path = XCoordinatorTests.xctest; sourceTree = BUILT_PRODUCTS_DIR; };
/* End PBXFileReference section */

/* Begin PBXFrameworksBuildPhase section */
		OBJ_450 /* Frameworks */ = {
			isa = PBXFrameworksBuildPhase;
			buildActionMask = 0;
			files = (
			);
			runOnlyForDeploymentPostprocessing = 0;
		};
		OBJ_457 /* Frameworks */ = {
			isa = PBXFrameworksBuildPhase;
			buildActionMask = 0;
			files = (
				OBJ_458 /* XCoordinator.framework in Frameworks */,
			);
			runOnlyForDeploymentPostprocessing = 0;
		};
		OBJ_478 /* Frameworks */ = {
			isa = PBXFrameworksBuildPhase;
			buildActionMask = 0;
			files = (
				7FB0FCB2246310EC0048C8C2 /* RxRelay in Frameworks */,
				7FB0FCAE246310EC0048C8C2 /* RxSwift in Frameworks */,
				7FB0FCB4246310EC0048C8C2 /* RxCocoa in Frameworks */,
				OBJ_480 /* XCoordinator.framework in Frameworks */,
				7FB0FCB6246310EC0048C8C2 /* RxBlocking in Frameworks */,
			);
			runOnlyForDeploymentPostprocessing = 0;
		};
		OBJ_493 /* Frameworks */ = {
			isa = PBXFrameworksBuildPhase;
			buildActionMask = 0;
			files = (
				OBJ_494 /* XCoordinatorRx.framework in Frameworks */,
				7FB0FCB0246310EC0048C8C2 /* RxTest in Frameworks */,
				OBJ_496 /* XCoordinator.framework in Frameworks */,
			);
			runOnlyForDeploymentPostprocessing = 0;
		};
/* End PBXFrameworksBuildPhase section */

/* Begin PBXGroup section */
		OBJ_226 /* Products */ = {
			isa = PBXGroup;
			children = (
				"XCoordinator::XCoordinatorCombine::Product" /* XCoordinatorCombine.framework */,
				"XCoordinator::XCoordinator::Product" /* XCoordinator.framework */,
				"XCoordinator::XCoordinatorRx::Product" /* XCoordinatorRx.framework */,
				"XCoordinator::XCoordinatorTests::Product" /* XCoordinatorTests.xctest */,
			);
			name = Products;
			sourceTree = BUILT_PRODUCTS_DIR;
		};
		OBJ_5 /*  */ = {
			isa = PBXGroup;
			children = (
				OBJ_6 /* Package.swift */,
				OBJ_7 /* Sources */,
				OBJ_58 /* Tests */,
				OBJ_226 /* Products */,
				OBJ_232 /* Images */,
				OBJ_233 /* docs */,
				OBJ_234 /* scripts */,
				OBJ_235 /* XCoordinator.podspec */,
				OBJ_236 /* LICENSE */,
				OBJ_237 /* README.md */,
			);
			name = "";
			sourceTree = "<group>";
		};
		OBJ_54 /* XCoordinatorCombine */ = {
			isa = PBXGroup;
			children = (
				OBJ_55 /* Router+Combine.swift */,
			);
			name = XCoordinatorCombine;
			path = Sources/XCoordinatorCombine;
			sourceTree = SOURCE_ROOT;
		};
		OBJ_56 /* XCoordinatorRx */ = {
			isa = PBXGroup;
			children = (
				OBJ_57 /* Router+Rx.swift */,
			);
			name = XCoordinatorRx;
			path = Sources/XCoordinatorRx;
			sourceTree = SOURCE_ROOT;
		};
		OBJ_58 /* Tests */ = {
			isa = PBXGroup;
			children = (
				OBJ_59 /* XCoordinatorTests */,
			);
			name = Tests;
			sourceTree = SOURCE_ROOT;
		};
		OBJ_59 /* XCoordinatorTests */ = {
			isa = PBXGroup;
			children = (
				OBJ_60 /* XCoordinatorTests.xctestplan */,
				OBJ_61 /* AnimationTests.swift */,
				OBJ_62 /* TestAnimation.swift */,
				OBJ_63 /* TestRoute.swift */,
				OBJ_64 /* TransitionTests.swift */,
				OBJ_65 /* XCTestManifests.swift */,
				OBJ_66 /* XCText+Extras.swift */,
			);
			name = XCoordinatorTests;
			path = Tests/XCoordinatorTests;
			sourceTree = SOURCE_ROOT;
		};
		OBJ_7 /* Sources */ = {
			isa = PBXGroup;
			children = (
				OBJ_8 /* XCoordinator */,
				OBJ_54 /* XCoordinatorCombine */,
				OBJ_56 /* XCoordinatorRx */,
			);
			name = Sources;
			sourceTree = SOURCE_ROOT;
		};
		OBJ_8 /* XCoordinator */ = {
			isa = PBXGroup;
			children = (
				OBJ_9 /* Animation.swift */,
				OBJ_10 /* AnyCoordinator.swift */,
				OBJ_11 /* AnyTransitionPerformer.swift */,
				OBJ_12 /* BaseCoordinator.swift */,
				OBJ_13 /* BasicCoordinator.swift */,
				OBJ_14 /* Container.swift */,
				OBJ_15 /* Coordinator.swift */,
				OBJ_16 /* CoordinatorPreviewingDelegateObject.swift */,
				OBJ_17 /* DeepLinking.swift */,
				OBJ_18 /* GestureRecognizerTarget.swift */,
				OBJ_19 /* InteractiveTransitionAnimation.swift */,
				OBJ_20 /* InterruptibleTransitionAnimation.swift */,
				OBJ_21 /* NavigationAnimationDelegate.swift */,
				OBJ_22 /* NavigationCoordinator.swift */,
				OBJ_23 /* NavigationTransition.swift */,
				OBJ_24 /* PageCoordinator.swift */,
				OBJ_25 /* PageCoordinatorDataSource.swift */,
				OBJ_26 /* PageTransition.swift */,
				OBJ_27 /* Presentable.swift */,
				OBJ_28 /* RedirectionRouter.swift */,
				OBJ_29 /* Route.swift */,
				OBJ_30 /* Router.swift */,
				OBJ_31 /* SplitCoordinator.swift */,
				OBJ_32 /* SplitTransition.swift */,
				OBJ_33 /* StaticTransitionAnimation.swift */,
				OBJ_34 /* StrongRouter.swift */,
				OBJ_35 /* TabBarAnimationDelegate.swift */,
				OBJ_36 /* TabBarCoordinator.swift */,
				OBJ_37 /* TabBarTransition.swift */,
				OBJ_38 /* Transition+Init.swift */,
				OBJ_39 /* Transition.swift */,
				OBJ_40 /* TransitionAnimation.swift */,
				OBJ_41 /* TransitionOptions.swift */,
				OBJ_42 /* TransitionPerformer.swift */,
				OBJ_43 /* TransitionProtocol.swift */,
				OBJ_44 /* UINavigationController+Transition.swift */,
				OBJ_45 /* UIPageViewController+Transition.swift */,
				OBJ_46 /* UITabBarController+Transition.swift */,
				OBJ_47 /* UIView+Store.swift */,
				OBJ_48 /* UIViewController+Transition.swift */,
				OBJ_49 /* UnownedErased+Router.swift */,
				OBJ_50 /* UnownedErased.swift */,
				OBJ_51 /* ViewCoordinator.swift */,
				OBJ_52 /* WeakErased+Router.swift */,
				OBJ_53 /* WeakErased.swift */,
			);
			name = XCoordinator;
			path = Sources/XCoordinator;
			sourceTree = SOURCE_ROOT;
		};
/* End PBXGroup section */

/* Begin PBXNativeTarget section */
		"XCoordinator::SwiftPMPackageDescription" /* XCoordinatorPackageDescription */ = {
			isa = PBXNativeTarget;
			buildConfigurationList = OBJ_461 /* Build configuration list for PBXNativeTarget "XCoordinatorPackageDescription" */;
			buildPhases = (
				OBJ_464 /* Sources */,
			);
			buildRules = (
			);
			dependencies = (
			);
			name = XCoordinatorPackageDescription;
			productName = XCoordinatorPackageDescription;
			productType = "com.apple.product-type.framework";
		};
		"XCoordinator::XCoordinator" /* XCoordinator */ = {
			isa = PBXNativeTarget;
			buildConfigurationList = OBJ_401 /* Build configuration list for PBXNativeTarget "XCoordinator" */;
			buildPhases = (
				OBJ_404 /* Sources */,
				OBJ_450 /* Frameworks */,
			);
			buildRules = (
			);
			dependencies = (
			);
			name = XCoordinator;
			productName = XCoordinator;
			productReference = "XCoordinator::XCoordinator::Product" /* XCoordinator.framework */;
			productType = "com.apple.product-type.framework";
		};
		"XCoordinator::XCoordinatorCombine" /* XCoordinatorCombine */ = {
			isa = PBXNativeTarget;
			buildConfigurationList = OBJ_452 /* Build configuration list for PBXNativeTarget "XCoordinatorCombine" */;
			buildPhases = (
				OBJ_455 /* Sources */,
				OBJ_457 /* Frameworks */,
			);
			buildRules = (
			);
			dependencies = (
				OBJ_459 /* PBXTargetDependency */,
			);
			name = XCoordinatorCombine;
			productName = XCoordinatorCombine;
			productReference = "XCoordinator::XCoordinatorCombine::Product" /* XCoordinatorCombine.framework */;
			productType = "com.apple.product-type.framework";
		};
		"XCoordinator::XCoordinatorRx" /* XCoordinatorRx */ = {
			isa = PBXNativeTarget;
			buildConfigurationList = OBJ_473 /* Build configuration list for PBXNativeTarget "XCoordinatorRx" */;
			buildPhases = (
				OBJ_476 /* Sources */,
				OBJ_478 /* Frameworks */,
			);
			buildRules = (
			);
			dependencies = (
				OBJ_482 /* PBXTargetDependency */,
			);
			name = XCoordinatorRx;
			packageProductDependencies = (
				7FB0FCAD246310EC0048C8C2 /* RxSwift */,
				7FB0FCB1246310EC0048C8C2 /* RxRelay */,
				7FB0FCB3246310EC0048C8C2 /* RxCocoa */,
				7FB0FCB5246310EC0048C8C2 /* RxBlocking */,
			);
			productName = XCoordinatorRx;
			productReference = "XCoordinator::XCoordinatorRx::Product" /* XCoordinatorRx.framework */;
			productType = "com.apple.product-type.framework";
		};
		"XCoordinator::XCoordinatorTests" /* XCoordinatorTests */ = {
			isa = PBXNativeTarget;
			buildConfigurationList = OBJ_483 /* Build configuration list for PBXNativeTarget "XCoordinatorTests" */;
			buildPhases = (
				OBJ_486 /* Sources */,
				OBJ_493 /* Frameworks */,
			);
			buildRules = (
			);
			dependencies = (
				OBJ_497 /* PBXTargetDependency */,
				OBJ_499 /* PBXTargetDependency */,
			);
			name = XCoordinatorTests;
			packageProductDependencies = (
				7FB0FCAF246310EC0048C8C2 /* RxTest */,
			);
			productName = XCoordinatorTests;
			productReference = "XCoordinator::XCoordinatorTests::Product" /* XCoordinatorTests.xctest */;
			productType = "com.apple.product-type.bundle.unit-test";
		};
/* End PBXNativeTarget section */

/* Begin PBXProject section */
		OBJ_1 /* Project object */ = {
			isa = PBXProject;
			attributes = {
				LastSwiftMigration = 9999;
				LastUpgradeCheck = 9999;
			};
			buildConfigurationList = OBJ_2 /* Build configuration list for PBXProject "XCoordinator" */;
			compatibilityVersion = "Xcode 3.2";
			developmentRegion = en;
			hasScannedForEncodings = 0;
			knownRegions = (
				en,
			);
			mainGroup = OBJ_5 /*  */;
			packageReferences = (
				7FB0FCAC246310EC0048C8C2 /* XCRemoteSwiftPackageReference "RxSwift" */,
			);
			productRefGroup = OBJ_226 /* Products */;
			projectDirPath = "";
			projectRoot = "";
			targets = (
				"XCoordinator::XCoordinator" /* XCoordinator */,
				"XCoordinator::XCoordinatorCombine" /* XCoordinatorCombine */,
				"XCoordinator::SwiftPMPackageDescription" /* XCoordinatorPackageDescription */,
				"XCoordinator::XCoordinatorPackageTests::ProductTarget" /* XCoordinatorPackageTests */,
				"XCoordinator::XCoordinatorRx" /* XCoordinatorRx */,
				"XCoordinator::XCoordinatorTests" /* XCoordinatorTests */,
			);
		};
/* End PBXProject section */

/* Begin PBXSourcesBuildPhase section */
		OBJ_404 /* Sources */ = {
			isa = PBXSourcesBuildPhase;
			buildActionMask = 0;
			files = (
				OBJ_405 /* Animation.swift in Sources */,
				OBJ_406 /* AnyCoordinator.swift in Sources */,
				OBJ_407 /* AnyTransitionPerformer.swift in Sources */,
				OBJ_408 /* BaseCoordinator.swift in Sources */,
				OBJ_409 /* BasicCoordinator.swift in Sources */,
				OBJ_410 /* Container.swift in Sources */,
				OBJ_411 /* Coordinator.swift in Sources */,
				OBJ_412 /* CoordinatorPreviewingDelegateObject.swift in Sources */,
				OBJ_413 /* DeepLinking.swift in Sources */,
				OBJ_414 /* GestureRecognizerTarget.swift in Sources */,
				OBJ_415 /* InteractiveTransitionAnimation.swift in Sources */,
				OBJ_416 /* InterruptibleTransitionAnimation.swift in Sources */,
				OBJ_417 /* NavigationAnimationDelegate.swift in Sources */,
				OBJ_418 /* NavigationCoordinator.swift in Sources */,
				OBJ_419 /* NavigationTransition.swift in Sources */,
				OBJ_420 /* PageCoordinator.swift in Sources */,
				OBJ_421 /* PageCoordinatorDataSource.swift in Sources */,
				OBJ_422 /* PageTransition.swift in Sources */,
				OBJ_423 /* Presentable.swift in Sources */,
				OBJ_424 /* RedirectionRouter.swift in Sources */,
				OBJ_425 /* Route.swift in Sources */,
				OBJ_426 /* Router.swift in Sources */,
				OBJ_427 /* SplitCoordinator.swift in Sources */,
				OBJ_428 /* SplitTransition.swift in Sources */,
				OBJ_429 /* StaticTransitionAnimation.swift in Sources */,
				OBJ_430 /* StrongRouter.swift in Sources */,
				OBJ_431 /* TabBarAnimationDelegate.swift in Sources */,
				OBJ_432 /* TabBarCoordinator.swift in Sources */,
				OBJ_433 /* TabBarTransition.swift in Sources */,
				OBJ_434 /* Transition+Init.swift in Sources */,
				OBJ_435 /* Transition.swift in Sources */,
				OBJ_436 /* TransitionAnimation.swift in Sources */,
				OBJ_437 /* TransitionOptions.swift in Sources */,
				OBJ_438 /* TransitionPerformer.swift in Sources */,
				OBJ_439 /* TransitionProtocol.swift in Sources */,
				OBJ_440 /* UINavigationController+Transition.swift in Sources */,
				OBJ_441 /* UIPageViewController+Transition.swift in Sources */,
				OBJ_442 /* UITabBarController+Transition.swift in Sources */,
				OBJ_443 /* UIView+Store.swift in Sources */,
				OBJ_444 /* UIViewController+Transition.swift in Sources */,
				OBJ_445 /* UnownedErased+Router.swift in Sources */,
				OBJ_446 /* UnownedErased.swift in Sources */,
				OBJ_447 /* ViewCoordinator.swift in Sources */,
				OBJ_448 /* WeakErased+Router.swift in Sources */,
				OBJ_449 /* WeakErased.swift in Sources */,
			);
			runOnlyForDeploymentPostprocessing = 0;
		};
		OBJ_455 /* Sources */ = {
			isa = PBXSourcesBuildPhase;
			buildActionMask = 0;
			files = (
				OBJ_456 /* Router+Combine.swift in Sources */,
			);
			runOnlyForDeploymentPostprocessing = 0;
		};
		OBJ_464 /* Sources */ = {
			isa = PBXSourcesBuildPhase;
			buildActionMask = 0;
			files = (
				OBJ_465 /* Package.swift in Sources */,
			);
			runOnlyForDeploymentPostprocessing = 0;
		};
		OBJ_476 /* Sources */ = {
			isa = PBXSourcesBuildPhase;
			buildActionMask = 0;
			files = (
				OBJ_477 /* Router+Rx.swift in Sources */,
			);
			runOnlyForDeploymentPostprocessing = 0;
		};
		OBJ_486 /* Sources */ = {
			isa = PBXSourcesBuildPhase;
			buildActionMask = 0;
			files = (
				OBJ_487 /* AnimationTests.swift in Sources */,
				OBJ_488 /* TestAnimation.swift in Sources */,
				OBJ_489 /* TestRoute.swift in Sources */,
				OBJ_490 /* TransitionTests.swift in Sources */,
				OBJ_491 /* XCTestManifests.swift in Sources */,
				OBJ_492 /* XCText+Extras.swift in Sources */,
			);
			runOnlyForDeploymentPostprocessing = 0;
		};
/* End PBXSourcesBuildPhase section */

/* Begin PBXTargetDependency section */
		OBJ_459 /* PBXTargetDependency */ = {
			isa = PBXTargetDependency;
			target = "XCoordinator::XCoordinator" /* XCoordinator */;
			targetProxy = 7FB0FCA52463100E0048C8C2 /* PBXContainerItemProxy */;
		};
		OBJ_470 /* PBXTargetDependency */ = {
			isa = PBXTargetDependency;
			target = "XCoordinator::XCoordinatorTests" /* XCoordinatorTests */;
			targetProxy = 7FB0FCAB246310100048C8C2 /* PBXContainerItemProxy */;
		};
		OBJ_482 /* PBXTargetDependency */ = {
			isa = PBXTargetDependency;
			target = "XCoordinator::XCoordinator" /* XCoordinator */;
			targetProxy = 7FB0FCA72463100E0048C8C2 /* PBXContainerItemProxy */;
		};
		OBJ_497 /* PBXTargetDependency */ = {
			isa = PBXTargetDependency;
			target = "XCoordinator::XCoordinatorRx" /* XCoordinatorRx */;
			targetProxy = 7FB0FCA82463100E0048C8C2 /* PBXContainerItemProxy */;
		};
		OBJ_499 /* PBXTargetDependency */ = {
			isa = PBXTargetDependency;
			target = "XCoordinator::XCoordinator" /* XCoordinator */;
			targetProxy = 7FB0FCAA2463100E0048C8C2 /* PBXContainerItemProxy */;
		};
/* End PBXTargetDependency section */

/* Begin XCBuildConfiguration section */
		OBJ_3 /* Debug */ = {
			isa = XCBuildConfiguration;
			buildSettings = {
				CLANG_ENABLE_OBJC_ARC = YES;
				COMBINE_HIDPI_IMAGES = YES;
				COPY_PHASE_STRIP = NO;
				DEBUG_INFORMATION_FORMAT = dwarf;
				DYLIB_INSTALL_NAME_BASE = "@rpath";
				ENABLE_NS_ASSERTIONS = YES;
				GCC_OPTIMIZATION_LEVEL = 0;
				GCC_PREPROCESSOR_DEFINITIONS = (
					"$(inherited)",
					"SWIFT_PACKAGE=1",
					"DEBUG=1",
				);
				MACOSX_DEPLOYMENT_TARGET = 10.10;
				ONLY_ACTIVE_ARCH = YES;
				OTHER_SWIFT_FLAGS = "$(inherited) -DXcode";
				PRODUCT_NAME = "$(TARGET_NAME)";
				SDKROOT = macosx;
				SUPPORTED_PLATFORMS = "macosx iphoneos iphonesimulator appletvos appletvsimulator watchos watchsimulator";
				SWIFT_ACTIVE_COMPILATION_CONDITIONS = "$(inherited) SWIFT_PACKAGE DEBUG";
				SWIFT_OPTIMIZATION_LEVEL = "-Onone";
				USE_HEADERMAP = NO;
			};
			name = Debug;
		};
		OBJ_4 /* Release */ = {
			isa = XCBuildConfiguration;
			buildSettings = {
				CLANG_ENABLE_OBJC_ARC = YES;
				COMBINE_HIDPI_IMAGES = YES;
				COPY_PHASE_STRIP = YES;
				DEBUG_INFORMATION_FORMAT = "dwarf-with-dsym";
				DYLIB_INSTALL_NAME_BASE = "@rpath";
				GCC_OPTIMIZATION_LEVEL = s;
				GCC_PREPROCESSOR_DEFINITIONS = (
					"$(inherited)",
					"SWIFT_PACKAGE=1",
				);
				MACOSX_DEPLOYMENT_TARGET = 10.10;
				OTHER_SWIFT_FLAGS = "$(inherited) -DXcode";
				PRODUCT_NAME = "$(TARGET_NAME)";
				SDKROOT = macosx;
				SUPPORTED_PLATFORMS = "macosx iphoneos iphonesimulator appletvos appletvsimulator watchos watchsimulator";
				SWIFT_ACTIVE_COMPILATION_CONDITIONS = "$(inherited) SWIFT_PACKAGE";
				SWIFT_COMPILATION_MODE = wholemodule;
				SWIFT_OPTIMIZATION_LEVEL = "-O";
				USE_HEADERMAP = NO;
			};
			name = Release;
		};
		OBJ_402 /* Debug */ = {
			isa = XCBuildConfiguration;
			buildSettings = {
				ENABLE_TESTABILITY = YES;
				FRAMEWORK_SEARCH_PATHS = (
					"$(inherited)",
					"$(PLATFORM_DIR)/Developer/Library/Frameworks",
				);
				HEADER_SEARCH_PATHS = "$(inherited)";
				INFOPLIST_FILE = XCoordinator.xcodeproj/XCoordinator_Info.plist;
				IPHONEOS_DEPLOYMENT_TARGET = 8.0;
				LD_RUNPATH_SEARCH_PATHS = (
					"$(inherited)",
					"$(TOOLCHAIN_DIR)/usr/lib/swift/macosx",
				);
				MACOSX_DEPLOYMENT_TARGET = 10.10;
				OTHER_CFLAGS = "$(inherited)";
				OTHER_LDFLAGS = "$(inherited)";
				OTHER_SWIFT_FLAGS = "$(inherited)";
				PRODUCT_BUNDLE_IDENTIFIER = XCoordinator;
				PRODUCT_MODULE_NAME = "$(TARGET_NAME:c99extidentifier)";
				PRODUCT_NAME = "$(TARGET_NAME:c99extidentifier)";
				SKIP_INSTALL = YES;
				SWIFT_ACTIVE_COMPILATION_CONDITIONS = "$(inherited)";
				SWIFT_VERSION = 5.0;
				TARGET_NAME = XCoordinator;
				TVOS_DEPLOYMENT_TARGET = 9.0;
				WATCHOS_DEPLOYMENT_TARGET = 2.0;
			};
			name = Debug;
		};
		OBJ_403 /* Release */ = {
			isa = XCBuildConfiguration;
			buildSettings = {
				ENABLE_TESTABILITY = YES;
				FRAMEWORK_SEARCH_PATHS = (
					"$(inherited)",
					"$(PLATFORM_DIR)/Developer/Library/Frameworks",
				);
				HEADER_SEARCH_PATHS = "$(inherited)";
				INFOPLIST_FILE = XCoordinator.xcodeproj/XCoordinator_Info.plist;
				IPHONEOS_DEPLOYMENT_TARGET = 8.0;
				LD_RUNPATH_SEARCH_PATHS = (
					"$(inherited)",
					"$(TOOLCHAIN_DIR)/usr/lib/swift/macosx",
				);
				MACOSX_DEPLOYMENT_TARGET = 10.10;
				OTHER_CFLAGS = "$(inherited)";
				OTHER_LDFLAGS = "$(inherited)";
				OTHER_SWIFT_FLAGS = "$(inherited)";
				PRODUCT_BUNDLE_IDENTIFIER = XCoordinator;
				PRODUCT_MODULE_NAME = "$(TARGET_NAME:c99extidentifier)";
				PRODUCT_NAME = "$(TARGET_NAME:c99extidentifier)";
				SKIP_INSTALL = YES;
				SWIFT_ACTIVE_COMPILATION_CONDITIONS = "$(inherited)";
				SWIFT_VERSION = 5.0;
				TARGET_NAME = XCoordinator;
				TVOS_DEPLOYMENT_TARGET = 9.0;
				WATCHOS_DEPLOYMENT_TARGET = 2.0;
			};
			name = Release;
		};
		OBJ_453 /* Debug */ = {
			isa = XCBuildConfiguration;
			buildSettings = {
				ENABLE_TESTABILITY = YES;
				FRAMEWORK_SEARCH_PATHS = (
					"$(inherited)",
					"$(PLATFORM_DIR)/Developer/Library/Frameworks",
				);
				HEADER_SEARCH_PATHS = "$(inherited)";
				INFOPLIST_FILE = XCoordinator.xcodeproj/XCoordinatorCombine_Info.plist;
				IPHONEOS_DEPLOYMENT_TARGET = 8.0;
				LD_RUNPATH_SEARCH_PATHS = (
					"$(inherited)",
					"$(TOOLCHAIN_DIR)/usr/lib/swift/macosx",
				);
				MACOSX_DEPLOYMENT_TARGET = 10.10;
				OTHER_CFLAGS = "$(inherited)";
				OTHER_LDFLAGS = "$(inherited)";
				OTHER_SWIFT_FLAGS = "$(inherited)";
				PRODUCT_BUNDLE_IDENTIFIER = XCoordinatorCombine;
				PRODUCT_MODULE_NAME = "$(TARGET_NAME:c99extidentifier)";
				PRODUCT_NAME = "$(TARGET_NAME:c99extidentifier)";
				SKIP_INSTALL = YES;
				SWIFT_ACTIVE_COMPILATION_CONDITIONS = "$(inherited)";
				SWIFT_VERSION = 5.0;
				TARGET_NAME = XCoordinatorCombine;
				TVOS_DEPLOYMENT_TARGET = 9.0;
				WATCHOS_DEPLOYMENT_TARGET = 2.0;
			};
			name = Debug;
		};
		OBJ_454 /* Release */ = {
			isa = XCBuildConfiguration;
			buildSettings = {
				ENABLE_TESTABILITY = YES;
				FRAMEWORK_SEARCH_PATHS = (
					"$(inherited)",
					"$(PLATFORM_DIR)/Developer/Library/Frameworks",
				);
				HEADER_SEARCH_PATHS = "$(inherited)";
				INFOPLIST_FILE = XCoordinator.xcodeproj/XCoordinatorCombine_Info.plist;
				IPHONEOS_DEPLOYMENT_TARGET = 8.0;
				LD_RUNPATH_SEARCH_PATHS = (
					"$(inherited)",
					"$(TOOLCHAIN_DIR)/usr/lib/swift/macosx",
				);
				MACOSX_DEPLOYMENT_TARGET = 10.10;
				OTHER_CFLAGS = "$(inherited)";
				OTHER_LDFLAGS = "$(inherited)";
				OTHER_SWIFT_FLAGS = "$(inherited)";
				PRODUCT_BUNDLE_IDENTIFIER = XCoordinatorCombine;
				PRODUCT_MODULE_NAME = "$(TARGET_NAME:c99extidentifier)";
				PRODUCT_NAME = "$(TARGET_NAME:c99extidentifier)";
				SKIP_INSTALL = YES;
				SWIFT_ACTIVE_COMPILATION_CONDITIONS = "$(inherited)";
				SWIFT_VERSION = 5.0;
				TARGET_NAME = XCoordinatorCombine;
				TVOS_DEPLOYMENT_TARGET = 9.0;
				WATCHOS_DEPLOYMENT_TARGET = 2.0;
			};
			name = Release;
		};
		OBJ_462 /* Debug */ = {
			isa = XCBuildConfiguration;
			buildSettings = {
				LD = /usr/bin/true;
				OTHER_SWIFT_FLAGS = "-swift-version 5 -I $(TOOLCHAIN_DIR)/usr/lib/swift/pm/4_2 -target x86_64-apple-macosx10.10 -sdk /Applications/Xcode.app/Contents/Developer/Platforms/MacOSX.platform/Developer/SDKs/MacOSX10.15.sdk -package-description-version 5.1.0";
				SWIFT_VERSION = 5.0;
			};
			name = Debug;
		};
		OBJ_463 /* Release */ = {
			isa = XCBuildConfiguration;
			buildSettings = {
				LD = /usr/bin/true;
				OTHER_SWIFT_FLAGS = "-swift-version 5 -I $(TOOLCHAIN_DIR)/usr/lib/swift/pm/4_2 -target x86_64-apple-macosx10.10 -sdk /Applications/Xcode.app/Contents/Developer/Platforms/MacOSX.platform/Developer/SDKs/MacOSX10.15.sdk -package-description-version 5.1.0";
				SWIFT_VERSION = 5.0;
			};
			name = Release;
		};
		OBJ_468 /* Debug */ = {
			isa = XCBuildConfiguration;
			buildSettings = {
			};
			name = Debug;
		};
		OBJ_469 /* Release */ = {
			isa = XCBuildConfiguration;
			buildSettings = {
			};
			name = Release;
		};
		OBJ_474 /* Debug */ = {
			isa = XCBuildConfiguration;
			buildSettings = {
				ENABLE_TESTABILITY = YES;
				FRAMEWORK_SEARCH_PATHS = (
					"$(inherited)",
					"$(PLATFORM_DIR)/Developer/Library/Frameworks",
				);
				HEADER_SEARCH_PATHS = "$(inherited)";
				INFOPLIST_FILE = XCoordinator.xcodeproj/XCoordinatorRx_Info.plist;
				IPHONEOS_DEPLOYMENT_TARGET = 8.0;
				LD_RUNPATH_SEARCH_PATHS = (
					"$(inherited)",
					"$(TOOLCHAIN_DIR)/usr/lib/swift/macosx",
				);
				MACOSX_DEPLOYMENT_TARGET = 10.10;
				OTHER_CFLAGS = "$(inherited)";
				OTHER_LDFLAGS = "$(inherited)";
				OTHER_SWIFT_FLAGS = "$(inherited)";
				PRODUCT_BUNDLE_IDENTIFIER = XCoordinatorRx;
				PRODUCT_MODULE_NAME = "$(TARGET_NAME:c99extidentifier)";
				PRODUCT_NAME = "$(TARGET_NAME:c99extidentifier)";
				SKIP_INSTALL = YES;
				SWIFT_ACTIVE_COMPILATION_CONDITIONS = "$(inherited)";
				SWIFT_VERSION = 5.0;
				TARGET_NAME = XCoordinatorRx;
				TVOS_DEPLOYMENT_TARGET = 9.0;
				WATCHOS_DEPLOYMENT_TARGET = 2.0;
			};
			name = Debug;
		};
		OBJ_475 /* Release */ = {
			isa = XCBuildConfiguration;
			buildSettings = {
				ENABLE_TESTABILITY = YES;
				FRAMEWORK_SEARCH_PATHS = (
					"$(inherited)",
					"$(PLATFORM_DIR)/Developer/Library/Frameworks",
				);
				HEADER_SEARCH_PATHS = "$(inherited)";
				INFOPLIST_FILE = XCoordinator.xcodeproj/XCoordinatorRx_Info.plist;
				IPHONEOS_DEPLOYMENT_TARGET = 8.0;
				LD_RUNPATH_SEARCH_PATHS = (
					"$(inherited)",
					"$(TOOLCHAIN_DIR)/usr/lib/swift/macosx",
				);
				MACOSX_DEPLOYMENT_TARGET = 10.10;
				OTHER_CFLAGS = "$(inherited)";
				OTHER_LDFLAGS = "$(inherited)";
				OTHER_SWIFT_FLAGS = "$(inherited)";
				PRODUCT_BUNDLE_IDENTIFIER = XCoordinatorRx;
				PRODUCT_MODULE_NAME = "$(TARGET_NAME:c99extidentifier)";
				PRODUCT_NAME = "$(TARGET_NAME:c99extidentifier)";
				SKIP_INSTALL = YES;
				SWIFT_ACTIVE_COMPILATION_CONDITIONS = "$(inherited)";
				SWIFT_VERSION = 5.0;
				TARGET_NAME = XCoordinatorRx;
				TVOS_DEPLOYMENT_TARGET = 9.0;
				WATCHOS_DEPLOYMENT_TARGET = 2.0;
			};
			name = Release;
		};
		OBJ_484 /* Debug */ = {
			isa = XCBuildConfiguration;
			buildSettings = {
				CLANG_ENABLE_MODULES = YES;
				EMBEDDED_CONTENT_CONTAINS_SWIFT = YES;
				FRAMEWORK_SEARCH_PATHS = (
					"$(inherited)",
					"$(PLATFORM_DIR)/Developer/Library/Frameworks",
				);
				HEADER_SEARCH_PATHS = "$(inherited)";
				INFOPLIST_FILE = XCoordinator.xcodeproj/XCoordinatorTests_Info.plist;
				IPHONEOS_DEPLOYMENT_TARGET = 8.0;
				LD_RUNPATH_SEARCH_PATHS = (
					"$(inherited)",
					"@loader_path/../Frameworks",
					"@loader_path/Frameworks",
				);
				MACOSX_DEPLOYMENT_TARGET = 10.10;
				OTHER_CFLAGS = "$(inherited)";
				OTHER_LDFLAGS = "$(inherited)";
				OTHER_SWIFT_FLAGS = "$(inherited)";
				SWIFT_ACTIVE_COMPILATION_CONDITIONS = "$(inherited)";
				SWIFT_VERSION = 5.0;
				TARGET_NAME = XCoordinatorTests;
				TVOS_DEPLOYMENT_TARGET = 9.0;
				WATCHOS_DEPLOYMENT_TARGET = 2.0;
			};
			name = Debug;
		};
		OBJ_485 /* Release */ = {
			isa = XCBuildConfiguration;
			buildSettings = {
				CLANG_ENABLE_MODULES = YES;
				EMBEDDED_CONTENT_CONTAINS_SWIFT = YES;
				FRAMEWORK_SEARCH_PATHS = (
					"$(inherited)",
					"$(PLATFORM_DIR)/Developer/Library/Frameworks",
				);
				HEADER_SEARCH_PATHS = "$(inherited)";
				INFOPLIST_FILE = XCoordinator.xcodeproj/XCoordinatorTests_Info.plist;
				IPHONEOS_DEPLOYMENT_TARGET = 8.0;
				LD_RUNPATH_SEARCH_PATHS = (
					"$(inherited)",
					"@loader_path/../Frameworks",
					"@loader_path/Frameworks",
				);
				MACOSX_DEPLOYMENT_TARGET = 10.10;
				OTHER_CFLAGS = "$(inherited)";
				OTHER_LDFLAGS = "$(inherited)";
				OTHER_SWIFT_FLAGS = "$(inherited)";
				SWIFT_ACTIVE_COMPILATION_CONDITIONS = "$(inherited)";
				SWIFT_VERSION = 5.0;
				TARGET_NAME = XCoordinatorTests;
				TVOS_DEPLOYMENT_TARGET = 9.0;
				WATCHOS_DEPLOYMENT_TARGET = 2.0;
			};
			name = Release;
		};
/* End XCBuildConfiguration section */

/* Begin XCConfigurationList section */
		OBJ_2 /* Build configuration list for PBXProject "XCoordinator" */ = {
			isa = XCConfigurationList;
			buildConfigurations = (
				OBJ_3 /* Debug */,
				OBJ_4 /* Release */,
			);
			defaultConfigurationIsVisible = 0;
			defaultConfigurationName = Release;
		};
		OBJ_401 /* Build configuration list for PBXNativeTarget "XCoordinator" */ = {
			isa = XCConfigurationList;
			buildConfigurations = (
				OBJ_402 /* Debug */,
				OBJ_403 /* Release */,
			);
			defaultConfigurationIsVisible = 0;
			defaultConfigurationName = Release;
		};
		OBJ_452 /* Build configuration list for PBXNativeTarget "XCoordinatorCombine" */ = {
			isa = XCConfigurationList;
			buildConfigurations = (
				OBJ_453 /* Debug */,
				OBJ_454 /* Release */,
			);
			defaultConfigurationIsVisible = 0;
			defaultConfigurationName = Release;
		};
		OBJ_461 /* Build configuration list for PBXNativeTarget "XCoordinatorPackageDescription" */ = {
			isa = XCConfigurationList;
			buildConfigurations = (
				OBJ_462 /* Debug */,
				OBJ_463 /* Release */,
			);
			defaultConfigurationIsVisible = 0;
			defaultConfigurationName = Release;
		};
		OBJ_467 /* Build configuration list for PBXAggregateTarget "XCoordinatorPackageTests" */ = {
			isa = XCConfigurationList;
			buildConfigurations = (
				OBJ_468 /* Debug */,
				OBJ_469 /* Release */,
			);
			defaultConfigurationIsVisible = 0;
			defaultConfigurationName = Release;
		};
		OBJ_473 /* Build configuration list for PBXNativeTarget "XCoordinatorRx" */ = {
			isa = XCConfigurationList;
			buildConfigurations = (
				OBJ_474 /* Debug */,
				OBJ_475 /* Release */,
			);
			defaultConfigurationIsVisible = 0;
			defaultConfigurationName = Release;
		};
		OBJ_483 /* Build configuration list for PBXNativeTarget "XCoordinatorTests" */ = {
			isa = XCConfigurationList;
			buildConfigurations = (
				OBJ_484 /* Debug */,
				OBJ_485 /* Release */,
			);
			defaultConfigurationIsVisible = 0;
			defaultConfigurationName = Release;
		};
/* End XCConfigurationList section */

/* Begin XCRemoteSwiftPackageReference section */
		7FB0FCAC246310EC0048C8C2 /* XCRemoteSwiftPackageReference "RxSwift" */ = {
			isa = XCRemoteSwiftPackageReference;
			repositoryURL = "https://github.com/ReactiveX/RxSwift.git";
			requirement = {
				kind = upToNextMajorVersion;
				minimumVersion = 5.1.1;
			};
		};
/* End XCRemoteSwiftPackageReference section */

/* Begin XCSwiftPackageProductDependency section */
		7FB0FCAD246310EC0048C8C2 /* RxSwift */ = {
			isa = XCSwiftPackageProductDependency;
			package = 7FB0FCAC246310EC0048C8C2 /* XCRemoteSwiftPackageReference "RxSwift" */;
			productName = RxSwift;
		};
		7FB0FCAF246310EC0048C8C2 /* RxTest */ = {
			isa = XCSwiftPackageProductDependency;
			package = 7FB0FCAC246310EC0048C8C2 /* XCRemoteSwiftPackageReference "RxSwift" */;
			productName = RxTest;
		};
		7FB0FCB1246310EC0048C8C2 /* RxRelay */ = {
			isa = XCSwiftPackageProductDependency;
			package = 7FB0FCAC246310EC0048C8C2 /* XCRemoteSwiftPackageReference "RxSwift" */;
			productName = RxRelay;
		};
		7FB0FCB3246310EC0048C8C2 /* RxCocoa */ = {
			isa = XCSwiftPackageProductDependency;
			package = 7FB0FCAC246310EC0048C8C2 /* XCRemoteSwiftPackageReference "RxSwift" */;
			productName = RxCocoa;
		};
		7FB0FCB5246310EC0048C8C2 /* RxBlocking */ = {
			isa = XCSwiftPackageProductDependency;
			package = 7FB0FCAC246310EC0048C8C2 /* XCRemoteSwiftPackageReference "RxSwift" */;
			productName = RxBlocking;
		};
/* End XCSwiftPackageProductDependency section */
	};
	rootObject = OBJ_1 /* Project object */;
}
