// !$*UTF8*$!
{
	archiveVersion = 1;
	classes = {
	};
	objectVersion = 46;
	objects = {

/* Begin PBXAggregateTarget section */
		9B8CDDBE21DBBDFA000437BA /* Documentation */ = {
			isa = PBXAggregateTarget;
			buildConfigurationList = 9B8CDDBF21DBBDFA000437BA /* Build configuration list for PBXAggregateTarget "Documentation" */;
			buildPhases = (
				9B8CDDC221DBBDFE000437BA /* ShellScript */,
			);
			dependencies = (
			);
			name = Documentation;
			productName = Documentation;
		};
/* End PBXAggregateTarget section */

/* Begin PBXBuildFile section */
		607FACD61AFB9204008FA782 /* AppDelegate.swift in Sources */ = {isa = PBXBuildFile; fileRef = 607FACD51AFB9204008FA782 /* AppDelegate.swift */; };
		607FACDD1AFB9204008FA782 /* Images.xcassets in Resources */ = {isa = PBXBuildFile; fileRef = 607FACDC1AFB9204008FA782 /* Images.xcassets */; };
		607FACE01AFB9204008FA782 /* LaunchScreen.xib in Resources */ = {isa = PBXBuildFile; fileRef = 607FACDE1AFB9204008FA782 /* LaunchScreen.xib */; };
		8FD8948D182C4083F453F873 /* Pods_XCoordinator_Example.framework in Frameworks */ = {isa = PBXBuildFile; fileRef = B299AC83F329D65CD398756E /* Pods_XCoordinator_Example.framework */; };
		9B07F06321D6D26700A0C149 /* CGAffineTransform+InPlace.swift in Sources */ = {isa = PBXBuildFile; fileRef = 9B07F06221D6D26700A0C149 /* CGAffineTransform+InPlace.swift */; };
		9B07F06521D6D2BF00A0C149 /* Animation+Scale.swift in Sources */ = {isa = PBXBuildFile; fileRef = 9B07F06421D6D2BF00A0C149 /* Animation+Scale.swift */; };
		9B07F06721D6D35500A0C149 /* Animation+Fade.swift in Sources */ = {isa = PBXBuildFile; fileRef = 9B07F06621D6D35500A0C149 /* Animation+Fade.swift */; };
		9B07F06921D6D3DB00A0C149 /* TransitionAnimation+Defaults.swift in Sources */ = {isa = PBXBuildFile; fileRef = 9B07F06821D6D3DB00A0C149 /* TransitionAnimation+Defaults.swift */; };
		9B07F06B21D6D44200A0C149 /* Animation+Swirl.swift in Sources */ = {isa = PBXBuildFile; fileRef = 9B07F06A21D6D44200A0C149 /* Animation+Swirl.swift */; };
		9B33481321C47F9700E954A3 /* Presentable+Rx.swift in Sources */ = {isa = PBXBuildFile; fileRef = 9B33481221C47F9700E954A3 /* Presentable+Rx.swift */; };
		9B33481821C4804600E954A3 /* Coordinator+Rx.swift in Sources */ = {isa = PBXBuildFile; fileRef = 9B33481721C4804600E954A3 /* Coordinator+Rx.swift */; };
		9BC60AFE214EA6AA00ECFF9A /* AnimationTests.swift in Sources */ = {isa = PBXBuildFile; fileRef = 9BC60AFC214EA6A500ECFF9A /* AnimationTests.swift */; };
		9BC60B00214EA71300ECFF9A /* TestAnimation.swift in Sources */ = {isa = PBXBuildFile; fileRef = 9BC60AFF214EA71300ECFF9A /* TestAnimation.swift */; };
		9BC60B1A214EF8D900ECFF9A /* UITests.swift in Sources */ = {isa = PBXBuildFile; fileRef = 9BC60B19214EF8D900ECFF9A /* UITests.swift */; };
		9BC67A0D21A451540076D6EF /* DetailTableViewCell.swift in Sources */ = {isa = PBXBuildFile; fileRef = 9BC67A0C21A451540076D6EF /* DetailTableViewCell.swift */; };
		9BC67A1121A451E70076D6EF /* LoginViewModelImpl.swift in Sources */ = {isa = PBXBuildFile; fileRef = 9BC67A1021A451E70076D6EF /* LoginViewModelImpl.swift */; };
		9BC67A1321A4526B0076D6EF /* HomeViewModelImpl.swift in Sources */ = {isa = PBXBuildFile; fileRef = 9BC67A1221A4526B0076D6EF /* HomeViewModelImpl.swift */; };
		9BC67A1521A4537F0076D6EF /* UserViewModelImpl.swift in Sources */ = {isa = PBXBuildFile; fileRef = 9BC67A1421A4537F0076D6EF /* UserViewModelImpl.swift */; };
		9BC67A1721A454800076D6EF /* UsersViewModelImpl.swift in Sources */ = {isa = PBXBuildFile; fileRef = 9BC67A1621A454800076D6EF /* UsersViewModelImpl.swift */; };
		9BC67A1C21A4C4510076D6EF /* XCText+Extras.swift in Sources */ = {isa = PBXBuildFile; fileRef = 9BC67A1A21A4C43A0076D6EF /* XCText+Extras.swift */; };
		9BE022E3214DF6560093001A /* HomeTabCoordinator.swift in Sources */ = {isa = PBXBuildFile; fileRef = 9BE022DC214DF6550093001A /* HomeTabCoordinator.swift */; };
		9BE022E4214DF6560093001A /* NewsCoordinator.swift in Sources */ = {isa = PBXBuildFile; fileRef = 9BE022DD214DF6550093001A /* NewsCoordinator.swift */; };
		9BE022E5214DF6560093001A /* AppCoordinator.swift in Sources */ = {isa = PBXBuildFile; fileRef = 9BE022DE214DF6550093001A /* AppCoordinator.swift */; };
		9BE022E6214DF6560093001A /* HomeSplitCoordinator.swift in Sources */ = {isa = PBXBuildFile; fileRef = 9BE022DF214DF6560093001A /* HomeSplitCoordinator.swift */; };
		9BE022E7214DF6560093001A /* HomePageCoordinator.swift in Sources */ = {isa = PBXBuildFile; fileRef = 9BE022E0214DF6560093001A /* HomePageCoordinator.swift */; };
		9BE022E8214DF6560093001A /* UserListCoordinator.swift in Sources */ = {isa = PBXBuildFile; fileRef = 9BE022E1214DF6560093001A /* UserListCoordinator.swift */; };
		9BE022E9214DF6560093001A /* UserCoordinator.swift in Sources */ = {isa = PBXBuildFile; fileRef = 9BE022E2214DF6560093001A /* UserCoordinator.swift */; };
		9BE02308214DF6740093001A /* HomeViewModel.swift in Sources */ = {isa = PBXBuildFile; fileRef = 9BE022EC214DF6730093001A /* HomeViewModel.swift */; };
		9BE02309214DF6740093001A /* HomeViewController.xib in Resources */ = {isa = PBXBuildFile; fileRef = 9BE022ED214DF6730093001A /* HomeViewController.xib */; };
		9BE0230A214DF6740093001A /* HomeViewController.swift in Sources */ = {isa = PBXBuildFile; fileRef = 9BE022EE214DF6730093001A /* HomeViewController.swift */; };
		9BE0230B214DF6740093001A /* NewsDetailViewController.swift in Sources */ = {isa = PBXBuildFile; fileRef = 9BE022F1214DF6730093001A /* NewsDetailViewController.swift */; };
		9BE0230C214DF6740093001A /* NewsDetailViewModelImpl.swift in Sources */ = {isa = PBXBuildFile; fileRef = 9BE022F2214DF6730093001A /* NewsDetailViewModelImpl.swift */; };
		9BE0230D214DF6740093001A /* NewsDetailViewController.xib in Resources */ = {isa = PBXBuildFile; fileRef = 9BE022F3214DF6730093001A /* NewsDetailViewController.xib */; };
		9BE0230E214DF6740093001A /* NewsDetailViewModel.swift in Sources */ = {isa = PBXBuildFile; fileRef = 9BE022F4214DF6730093001A /* NewsDetailViewModel.swift */; };
		9BE0230F214DF6740093001A /* NewsViewController.xib in Resources */ = {isa = PBXBuildFile; fileRef = 9BE022F5214DF6730093001A /* NewsViewController.xib */; };
		9BE02310214DF6740093001A /* NewsViewModelImpl.swift in Sources */ = {isa = PBXBuildFile; fileRef = 9BE022F6214DF6730093001A /* NewsViewModelImpl.swift */; };
		9BE02311214DF6740093001A /* NewsViewController.swift in Sources */ = {isa = PBXBuildFile; fileRef = 9BE022F7214DF6730093001A /* NewsViewController.swift */; };
		9BE02312214DF6740093001A /* NewsViewModel.swift in Sources */ = {isa = PBXBuildFile; fileRef = 9BE022F8214DF6730093001A /* NewsViewModel.swift */; };
		9BE02313214DF6740093001A /* NewsService.swift in Sources */ = {isa = PBXBuildFile; fileRef = 9BE022F9214DF6730093001A /* NewsService.swift */; };
		9BE02314214DF6740093001A /* LoginViewModel.swift in Sources */ = {isa = PBXBuildFile; fileRef = 9BE022FB214DF6730093001A /* LoginViewModel.swift */; };
		9BE02315214DF6740093001A /* LoginViewController.xib in Resources */ = {isa = PBXBuildFile; fileRef = 9BE022FC214DF6730093001A /* LoginViewController.xib */; };
		9BE02316214DF6740093001A /* LoginViewController.swift in Sources */ = {isa = PBXBuildFile; fileRef = 9BE022FD214DF6730093001A /* LoginViewController.swift */; };
		9BE02317214DF6740093001A /* UserViewModel.swift in Sources */ = {isa = PBXBuildFile; fileRef = 9BE022FF214DF6730093001A /* UserViewModel.swift */; };
		9BE02318214DF6740093001A /* UserViewController.xib in Resources */ = {isa = PBXBuildFile; fileRef = 9BE02300214DF6730093001A /* UserViewController.xib */; };
		9BE02319214DF6740093001A /* UserViewController.swift in Sources */ = {isa = PBXBuildFile; fileRef = 9BE02301214DF6730093001A /* UserViewController.swift */; };
		9BE0231A214DF6740093001A /* UsersViewController.swift in Sources */ = {isa = PBXBuildFile; fileRef = 9BE02303214DF6730093001A /* UsersViewController.swift */; };
		9BE0231B214DF6740093001A /* UsersViewModel.swift in Sources */ = {isa = PBXBuildFile; fileRef = 9BE02304214DF6730093001A /* UsersViewModel.swift */; };
		9BE0231D214DF6740093001A /* UsersViewController.xib in Resources */ = {isa = PBXBuildFile; fileRef = 9BE02307214DF6730093001A /* UsersViewController.xib */; };
		9BE02324214DF68E0093001A /* BindableType.swift in Sources */ = {isa = PBXBuildFile; fileRef = 9BE02321214DF68E0093001A /* BindableType.swift */; };
		9BE02325214DF68E0093001A /* NibIdentifiable.swift in Sources */ = {isa = PBXBuildFile; fileRef = 9BE02322214DF68E0093001A /* NibIdentifiable.swift */; };
		9BE0232C214DF7E50093001A /* TransitionTests.swift in Sources */ = {isa = PBXBuildFile; fileRef = 9BE0232A214DF7BE0093001A /* TransitionTests.swift */; };
		9BE0232D214DF7E80093001A /* TestRoute.swift in Sources */ = {isa = PBXBuildFile; fileRef = 9BE02328214DF7970093001A /* TestRoute.swift */; };
		CD716A4E6BA9C2B6CB54E9E3 /* Pods_XCoordinator_Tests.framework in Frameworks */ = {isa = PBXBuildFile; fileRef = BF0506F73018088DFA2F8D0C /* Pods_XCoordinator_Tests.framework */; };
/* End PBXBuildFile section */

/* Begin PBXContainerItemProxy section */
		607FACE61AFB9204008FA782 /* PBXContainerItemProxy */ = {
			isa = PBXContainerItemProxy;
			containerPortal = 607FACC81AFB9204008FA782 /* Project object */;
			proxyType = 1;
			remoteGlobalIDString = 607FACCF1AFB9204008FA782;
			remoteInfo = XCoordinator;
		};
		9BC60B1C214EF8D900ECFF9A /* PBXContainerItemProxy */ = {
			isa = PBXContainerItemProxy;
			containerPortal = 607FACC81AFB9204008FA782 /* Project object */;
			proxyType = 1;
			remoteGlobalIDString = 607FACCF1AFB9204008FA782;
			remoteInfo = XCoordinator_Example;
		};
/* End PBXContainerItemProxy section */

/* Begin PBXFileReference section */
		08514425C889EBC6D31DE6E6 /* Pods-XCoordinator_Example.debug.xcconfig */ = {isa = PBXFileReference; includeInIndex = 1; lastKnownFileType = text.xcconfig; name = "Pods-XCoordinator_Example.debug.xcconfig"; path = "Pods/Target Support Files/Pods-XCoordinator_Example/Pods-XCoordinator_Example.debug.xcconfig"; sourceTree = "<group>"; };
		2DFD91193F4D8C149C715063 /* Pods-XCoordinator_Example.release.xcconfig */ = {isa = PBXFileReference; includeInIndex = 1; lastKnownFileType = text.xcconfig; name = "Pods-XCoordinator_Example.release.xcconfig"; path = "Pods/Target Support Files/Pods-XCoordinator_Example/Pods-XCoordinator_Example.release.xcconfig"; sourceTree = "<group>"; };
		3497E48927D8B447295C53BE /* LICENSE */ = {isa = PBXFileReference; includeInIndex = 1; lastKnownFileType = text; name = LICENSE; path = ../LICENSE; sourceTree = "<group>"; };
		607FACD01AFB9204008FA782 /* XCoordinator_Example.app */ = {isa = PBXFileReference; explicitFileType = wrapper.application; includeInIndex = 0; path = XCoordinator_Example.app; sourceTree = BUILT_PRODUCTS_DIR; };
		607FACD41AFB9204008FA782 /* Info.plist */ = {isa = PBXFileReference; lastKnownFileType = text.plist.xml; path = Info.plist; sourceTree = "<group>"; };
		607FACD51AFB9204008FA782 /* AppDelegate.swift */ = {isa = PBXFileReference; lastKnownFileType = sourcecode.swift; path = AppDelegate.swift; sourceTree = "<group>"; };
		607FACDC1AFB9204008FA782 /* Images.xcassets */ = {isa = PBXFileReference; lastKnownFileType = folder.assetcatalog; path = Images.xcassets; sourceTree = "<group>"; };
		607FACDF1AFB9204008FA782 /* Base */ = {isa = PBXFileReference; lastKnownFileType = file.xib; name = Base; path = Base.lproj/LaunchScreen.xib; sourceTree = "<group>"; };
		607FACE51AFB9204008FA782 /* XCoordinator_Tests.xctest */ = {isa = PBXFileReference; explicitFileType = wrapper.cfbundle; includeInIndex = 0; path = XCoordinator_Tests.xctest; sourceTree = BUILT_PRODUCTS_DIR; };
		607FACEA1AFB9204008FA782 /* Info.plist */ = {isa = PBXFileReference; lastKnownFileType = text.plist.xml; path = Info.plist; sourceTree = "<group>"; };
		8311BE8E1B21258643BC45D1 /* Pods-XCoordinator_Tests.release.xcconfig */ = {isa = PBXFileReference; includeInIndex = 1; lastKnownFileType = text.xcconfig; name = "Pods-XCoordinator_Tests.release.xcconfig"; path = "Pods/Target Support Files/Pods-XCoordinator_Tests/Pods-XCoordinator_Tests.release.xcconfig"; sourceTree = "<group>"; };
		9B07F06221D6D26700A0C149 /* CGAffineTransform+InPlace.swift */ = {isa = PBXFileReference; lastKnownFileType = sourcecode.swift; path = "CGAffineTransform+InPlace.swift"; sourceTree = "<group>"; };
		9B07F06421D6D2BF00A0C149 /* Animation+Scale.swift */ = {isa = PBXFileReference; lastKnownFileType = sourcecode.swift; path = "Animation+Scale.swift"; sourceTree = "<group>"; };
		9B07F06621D6D35500A0C149 /* Animation+Fade.swift */ = {isa = PBXFileReference; lastKnownFileType = sourcecode.swift; path = "Animation+Fade.swift"; sourceTree = "<group>"; };
		9B07F06821D6D3DB00A0C149 /* TransitionAnimation+Defaults.swift */ = {isa = PBXFileReference; lastKnownFileType = sourcecode.swift; path = "TransitionAnimation+Defaults.swift"; sourceTree = "<group>"; };
		9B07F06A21D6D44200A0C149 /* Animation+Swirl.swift */ = {isa = PBXFileReference; lastKnownFileType = sourcecode.swift; path = "Animation+Swirl.swift"; sourceTree = "<group>"; };
		9B33481221C47F9700E954A3 /* Presentable+Rx.swift */ = {isa = PBXFileReference; lastKnownFileType = sourcecode.swift; path = "Presentable+Rx.swift"; sourceTree = "<group>"; };
		9B33481721C4804600E954A3 /* Coordinator+Rx.swift */ = {isa = PBXFileReference; lastKnownFileType = sourcecode.swift; path = "Coordinator+Rx.swift"; sourceTree = "<group>"; };
		9BC60AFC214EA6A500ECFF9A /* AnimationTests.swift */ = {isa = PBXFileReference; lastKnownFileType = sourcecode.swift; path = AnimationTests.swift; sourceTree = "<group>"; };
		9BC60AFF214EA71300ECFF9A /* TestAnimation.swift */ = {isa = PBXFileReference; lastKnownFileType = sourcecode.swift; path = TestAnimation.swift; sourceTree = "<group>"; };
		9BC60B17214EF8D900ECFF9A /* XCoordinator_UITests.xctest */ = {isa = PBXFileReference; explicitFileType = wrapper.cfbundle; includeInIndex = 0; path = XCoordinator_UITests.xctest; sourceTree = BUILT_PRODUCTS_DIR; };
		9BC60B19214EF8D900ECFF9A /* UITests.swift */ = {isa = PBXFileReference; lastKnownFileType = sourcecode.swift; path = UITests.swift; sourceTree = "<group>"; };
		9BC60B1B214EF8D900ECFF9A /* Info.plist */ = {isa = PBXFileReference; lastKnownFileType = text.plist.xml; path = Info.plist; sourceTree = "<group>"; };
		9BC67A0C21A451540076D6EF /* DetailTableViewCell.swift */ = {isa = PBXFileReference; lastKnownFileType = sourcecode.swift; path = DetailTableViewCell.swift; sourceTree = "<group>"; };
		9BC67A1021A451E70076D6EF /* LoginViewModelImpl.swift */ = {isa = PBXFileReference; lastKnownFileType = sourcecode.swift; path = LoginViewModelImpl.swift; sourceTree = "<group>"; };
		9BC67A1221A4526B0076D6EF /* HomeViewModelImpl.swift */ = {isa = PBXFileReference; lastKnownFileType = sourcecode.swift; path = HomeViewModelImpl.swift; sourceTree = "<group>"; };
		9BC67A1421A4537F0076D6EF /* UserViewModelImpl.swift */ = {isa = PBXFileReference; lastKnownFileType = sourcecode.swift; path = UserViewModelImpl.swift; sourceTree = "<group>"; };
		9BC67A1621A454800076D6EF /* UsersViewModelImpl.swift */ = {isa = PBXFileReference; lastKnownFileType = sourcecode.swift; path = UsersViewModelImpl.swift; sourceTree = "<group>"; };
		9BC67A1A21A4C43A0076D6EF /* XCText+Extras.swift */ = {isa = PBXFileReference; lastKnownFileType = sourcecode.swift; path = "XCText+Extras.swift"; sourceTree = "<group>"; };
		9BE022DC214DF6550093001A /* HomeTabCoordinator.swift */ = {isa = PBXFileReference; fileEncoding = 4; lastKnownFileType = sourcecode.swift; path = HomeTabCoordinator.swift; sourceTree = "<group>"; };
		9BE022DD214DF6550093001A /* NewsCoordinator.swift */ = {isa = PBXFileReference; fileEncoding = 4; lastKnownFileType = sourcecode.swift; path = NewsCoordinator.swift; sourceTree = "<group>"; };
		9BE022DE214DF6550093001A /* AppCoordinator.swift */ = {isa = PBXFileReference; fileEncoding = 4; lastKnownFileType = sourcecode.swift; path = AppCoordinator.swift; sourceTree = "<group>"; };
		9BE022DF214DF6560093001A /* HomeSplitCoordinator.swift */ = {isa = PBXFileReference; fileEncoding = 4; lastKnownFileType = sourcecode.swift; path = HomeSplitCoordinator.swift; sourceTree = "<group>"; };
		9BE022E0214DF6560093001A /* HomePageCoordinator.swift */ = {isa = PBXFileReference; fileEncoding = 4; lastKnownFileType = sourcecode.swift; path = HomePageCoordinator.swift; sourceTree = "<group>"; };
		9BE022E1214DF6560093001A /* UserListCoordinator.swift */ = {isa = PBXFileReference; fileEncoding = 4; lastKnownFileType = sourcecode.swift; path = UserListCoordinator.swift; sourceTree = "<group>"; };
		9BE022E2214DF6560093001A /* UserCoordinator.swift */ = {isa = PBXFileReference; fileEncoding = 4; lastKnownFileType = sourcecode.swift; path = UserCoordinator.swift; sourceTree = "<group>"; };
		9BE022EC214DF6730093001A /* HomeViewModel.swift */ = {isa = PBXFileReference; fileEncoding = 4; lastKnownFileType = sourcecode.swift; path = HomeViewModel.swift; sourceTree = "<group>"; };
		9BE022ED214DF6730093001A /* HomeViewController.xib */ = {isa = PBXFileReference; fileEncoding = 4; lastKnownFileType = file.xib; path = HomeViewController.xib; sourceTree = "<group>"; };
		9BE022EE214DF6730093001A /* HomeViewController.swift */ = {isa = PBXFileReference; fileEncoding = 4; lastKnownFileType = sourcecode.swift; path = HomeViewController.swift; sourceTree = "<group>"; };
		9BE022F1214DF6730093001A /* NewsDetailViewController.swift */ = {isa = PBXFileReference; fileEncoding = 4; lastKnownFileType = sourcecode.swift; path = NewsDetailViewController.swift; sourceTree = "<group>"; };
		9BE022F2214DF6730093001A /* NewsDetailViewModelImpl.swift */ = {isa = PBXFileReference; fileEncoding = 4; lastKnownFileType = sourcecode.swift; path = NewsDetailViewModelImpl.swift; sourceTree = "<group>"; };
		9BE022F3214DF6730093001A /* NewsDetailViewController.xib */ = {isa = PBXFileReference; fileEncoding = 4; lastKnownFileType = file.xib; path = NewsDetailViewController.xib; sourceTree = "<group>"; };
		9BE022F4214DF6730093001A /* NewsDetailViewModel.swift */ = {isa = PBXFileReference; fileEncoding = 4; lastKnownFileType = sourcecode.swift; path = NewsDetailViewModel.swift; sourceTree = "<group>"; };
		9BE022F5214DF6730093001A /* NewsViewController.xib */ = {isa = PBXFileReference; fileEncoding = 4; lastKnownFileType = file.xib; path = NewsViewController.xib; sourceTree = "<group>"; };
		9BE022F6214DF6730093001A /* NewsViewModelImpl.swift */ = {isa = PBXFileReference; fileEncoding = 4; lastKnownFileType = sourcecode.swift; path = NewsViewModelImpl.swift; sourceTree = "<group>"; };
		9BE022F7214DF6730093001A /* NewsViewController.swift */ = {isa = PBXFileReference; fileEncoding = 4; lastKnownFileType = sourcecode.swift; path = NewsViewController.swift; sourceTree = "<group>"; };
		9BE022F8214DF6730093001A /* NewsViewModel.swift */ = {isa = PBXFileReference; fileEncoding = 4; lastKnownFileType = sourcecode.swift; path = NewsViewModel.swift; sourceTree = "<group>"; };
		9BE022F9214DF6730093001A /* NewsService.swift */ = {isa = PBXFileReference; fileEncoding = 4; lastKnownFileType = sourcecode.swift; path = NewsService.swift; sourceTree = "<group>"; };
		9BE022FB214DF6730093001A /* LoginViewModel.swift */ = {isa = PBXFileReference; fileEncoding = 4; lastKnownFileType = sourcecode.swift; path = LoginViewModel.swift; sourceTree = "<group>"; };
		9BE022FC214DF6730093001A /* LoginViewController.xib */ = {isa = PBXFileReference; fileEncoding = 4; lastKnownFileType = file.xib; path = LoginViewController.xib; sourceTree = "<group>"; };
		9BE022FD214DF6730093001A /* LoginViewController.swift */ = {isa = PBXFileReference; fileEncoding = 4; lastKnownFileType = sourcecode.swift; path = LoginViewController.swift; sourceTree = "<group>"; };
		9BE022FF214DF6730093001A /* UserViewModel.swift */ = {isa = PBXFileReference; fileEncoding = 4; lastKnownFileType = sourcecode.swift; path = UserViewModel.swift; sourceTree = "<group>"; };
		9BE02300214DF6730093001A /* UserViewController.xib */ = {isa = PBXFileReference; fileEncoding = 4; lastKnownFileType = file.xib; path = UserViewController.xib; sourceTree = "<group>"; };
		9BE02301214DF6730093001A /* UserViewController.swift */ = {isa = PBXFileReference; fileEncoding = 4; lastKnownFileType = sourcecode.swift; path = UserViewController.swift; sourceTree = "<group>"; };
		9BE02303214DF6730093001A /* UsersViewController.swift */ = {isa = PBXFileReference; fileEncoding = 4; lastKnownFileType = sourcecode.swift; path = UsersViewController.swift; sourceTree = "<group>"; };
		9BE02304214DF6730093001A /* UsersViewModel.swift */ = {isa = PBXFileReference; fileEncoding = 4; lastKnownFileType = sourcecode.swift; path = UsersViewModel.swift; sourceTree = "<group>"; };
		9BE02307214DF6730093001A /* UsersViewController.xib */ = {isa = PBXFileReference; fileEncoding = 4; lastKnownFileType = file.xib; path = UsersViewController.xib; sourceTree = "<group>"; };
		9BE02321214DF68E0093001A /* BindableType.swift */ = {isa = PBXFileReference; fileEncoding = 4; lastKnownFileType = sourcecode.swift; path = BindableType.swift; sourceTree = "<group>"; };
		9BE02322214DF68E0093001A /* NibIdentifiable.swift */ = {isa = PBXFileReference; fileEncoding = 4; lastKnownFileType = sourcecode.swift; path = NibIdentifiable.swift; sourceTree = "<group>"; };
		9BE02328214DF7970093001A /* TestRoute.swift */ = {isa = PBXFileReference; lastKnownFileType = sourcecode.swift; path = TestRoute.swift; sourceTree = "<group>"; };
		9BE0232A214DF7BE0093001A /* TransitionTests.swift */ = {isa = PBXFileReference; lastKnownFileType = sourcecode.swift; path = TransitionTests.swift; sourceTree = "<group>"; };
		B299AC83F329D65CD398756E /* Pods_XCoordinator_Example.framework */ = {isa = PBXFileReference; explicitFileType = wrapper.framework; includeInIndex = 0; path = Pods_XCoordinator_Example.framework; sourceTree = BUILT_PRODUCTS_DIR; };
		BF0506F73018088DFA2F8D0C /* Pods_XCoordinator_Tests.framework */ = {isa = PBXFileReference; explicitFileType = wrapper.framework; includeInIndex = 0; path = Pods_XCoordinator_Tests.framework; sourceTree = BUILT_PRODUCTS_DIR; };
		D1254A702051E4AC33843829 /* XCoordinator.podspec */ = {isa = PBXFileReference; includeInIndex = 1; lastKnownFileType = text; name = XCoordinator.podspec; path = ../XCoordinator.podspec; sourceTree = "<group>"; xcLanguageSpecificationIdentifier = xcode.lang.ruby; };
		D79CCDBD1375CE30F45F3531 /* Pods-XCoordinator_Tests.debug.xcconfig */ = {isa = PBXFileReference; includeInIndex = 1; lastKnownFileType = text.xcconfig; name = "Pods-XCoordinator_Tests.debug.xcconfig"; path = "Pods/Target Support Files/Pods-XCoordinator_Tests/Pods-XCoordinator_Tests.debug.xcconfig"; sourceTree = "<group>"; };
		E79CCD8EC1D12B2CDE89FE00 /* README.md */ = {isa = PBXFileReference; includeInIndex = 1; lastKnownFileType = net.daringfireball.markdown; name = README.md; path = ../README.md; sourceTree = "<group>"; };
/* End PBXFileReference section */

/* Begin PBXFrameworksBuildPhase section */
		607FACCD1AFB9204008FA782 /* Frameworks */ = {
			isa = PBXFrameworksBuildPhase;
			buildActionMask = 2147483647;
			files = (
				8FD8948D182C4083F453F873 /* Pods_XCoordinator_Example.framework in Frameworks */,
			);
			runOnlyForDeploymentPostprocessing = 0;
		};
		607FACE21AFB9204008FA782 /* Frameworks */ = {
			isa = PBXFrameworksBuildPhase;
			buildActionMask = 2147483647;
			files = (
				CD716A4E6BA9C2B6CB54E9E3 /* Pods_XCoordinator_Tests.framework in Frameworks */,
			);
			runOnlyForDeploymentPostprocessing = 0;
		};
		9BC60B14214EF8D900ECFF9A /* Frameworks */ = {
			isa = PBXFrameworksBuildPhase;
			buildActionMask = 2147483647;
			files = (
			);
			runOnlyForDeploymentPostprocessing = 0;
		};
/* End PBXFrameworksBuildPhase section */

/* Begin PBXGroup section */
		01F7040326598FE913DAB008 /* Frameworks */ = {
			isa = PBXGroup;
			children = (
				B299AC83F329D65CD398756E /* Pods_XCoordinator_Example.framework */,
				BF0506F73018088DFA2F8D0C /* Pods_XCoordinator_Tests.framework */,
			);
			name = Frameworks;
			sourceTree = "<group>";
		};
		607FACC71AFB9204008FA782 = {
			isa = PBXGroup;
			children = (
				607FACF51AFB993E008FA782 /* Podspec Metadata */,
				607FACD21AFB9204008FA782 /* Example for XCoordinator */,
				607FACE81AFB9204008FA782 /* Tests */,
				9BC60B18214EF8D900ECFF9A /* UITests */,
				607FACD11AFB9204008FA782 /* Products */,
				9E9FF366511AAF2BC5797BB7 /* Pods */,
				01F7040326598FE913DAB008 /* Frameworks */,
			);
			sourceTree = "<group>";
		};
		607FACD11AFB9204008FA782 /* Products */ = {
			isa = PBXGroup;
			children = (
				607FACD01AFB9204008FA782 /* XCoordinator_Example.app */,
				607FACE51AFB9204008FA782 /* XCoordinator_Tests.xctest */,
				9BC60B17214EF8D900ECFF9A /* XCoordinator_UITests.xctest */,
			);
			name = Products;
			sourceTree = "<group>";
		};
		607FACD21AFB9204008FA782 /* Example for XCoordinator */ = {
			isa = PBXGroup;
			children = (
				9BE02326214DF6E90093001A /* Common */,
				9BE02327214DF6FE0093001A /* Coordinators */,
				9BE0231E214DF6790093001A /* Scenes */,
				9BC67A0F21A451730076D6EF /* Services */,
				9BC67A0E21A451570076D6EF /* Views */,
				9BE0231F214DF68E0093001A /* Utils */,
				9B33481621C4802700E954A3 /* Extensions */,
				607FACD31AFB9204008FA782 /* Supporting Files */,
			);
			name = "Example for XCoordinator";
			path = XCoordinator;
			sourceTree = "<group>";
		};
		607FACD31AFB9204008FA782 /* Supporting Files */ = {
			isa = PBXGroup;
			children = (
				607FACD41AFB9204008FA782 /* Info.plist */,
			);
			name = "Supporting Files";
			sourceTree = "<group>";
		};
		607FACE81AFB9204008FA782 /* Tests */ = {
			isa = PBXGroup;
			children = (
				9BE02328214DF7970093001A /* TestRoute.swift */,
				9BC67A1A21A4C43A0076D6EF /* XCText+Extras.swift */,
				9BC60AFF214EA71300ECFF9A /* TestAnimation.swift */,
				9BE0232A214DF7BE0093001A /* TransitionTests.swift */,
				9BC60AFC214EA6A500ECFF9A /* AnimationTests.swift */,
				607FACE91AFB9204008FA782 /* Supporting Files */,
			);
			path = Tests;
			sourceTree = "<group>";
		};
		607FACE91AFB9204008FA782 /* Supporting Files */ = {
			isa = PBXGroup;
			children = (
				607FACEA1AFB9204008FA782 /* Info.plist */,
			);
			name = "Supporting Files";
			sourceTree = "<group>";
		};
		607FACF51AFB993E008FA782 /* Podspec Metadata */ = {
			isa = PBXGroup;
			children = (
				D1254A702051E4AC33843829 /* XCoordinator.podspec */,
				E79CCD8EC1D12B2CDE89FE00 /* README.md */,
				3497E48927D8B447295C53BE /* LICENSE */,
			);
			name = "Podspec Metadata";
			sourceTree = "<group>";
		};
		9B33481621C4802700E954A3 /* Extensions */ = {
			isa = PBXGroup;
			children = (
				9B07F06821D6D3DB00A0C149 /* TransitionAnimation+Defaults.swift */,
				9B07F06421D6D2BF00A0C149 /* Animation+Scale.swift */,
				9B07F06621D6D35500A0C149 /* Animation+Fade.swift */,
				9B07F06A21D6D44200A0C149 /* Animation+Swirl.swift */,
				9B33481221C47F9700E954A3 /* Presentable+Rx.swift */,
				9B33481721C4804600E954A3 /* Coordinator+Rx.swift */,
				9B07F06221D6D26700A0C149 /* CGAffineTransform+InPlace.swift */,
			);
			path = Extensions;
			sourceTree = "<group>";
		};
		9BC60B18214EF8D900ECFF9A /* UITests */ = {
			isa = PBXGroup;
			children = (
				9BC60B19214EF8D900ECFF9A /* UITests.swift */,
				9BC60B1B214EF8D900ECFF9A /* Info.plist */,
			);
			path = UITests;
			sourceTree = "<group>";
		};
		9BC67A0E21A451570076D6EF /* Views */ = {
			isa = PBXGroup;
			children = (
				9BC67A0C21A451540076D6EF /* DetailTableViewCell.swift */,
			);
			path = Views;
			sourceTree = "<group>";
		};
		9BC67A0F21A451730076D6EF /* Services */ = {
			isa = PBXGroup;
			children = (
				9BE022F9214DF6730093001A /* NewsService.swift */,
			);
			path = Services;
			sourceTree = "<group>";
		};
		9BE022EB214DF6730093001A /* Home */ = {
			isa = PBXGroup;
			children = (
				9BE022ED214DF6730093001A /* HomeViewController.xib */,
				9BE022EE214DF6730093001A /* HomeViewController.swift */,
				9BE022EC214DF6730093001A /* HomeViewModel.swift */,
				9BC67A1221A4526B0076D6EF /* HomeViewModelImpl.swift */,
			);
			path = Home;
			sourceTree = "<group>";
		};
		9BE022EF214DF6730093001A /* News */ = {
			isa = PBXGroup;
			children = (
				9BE022F5214DF6730093001A /* NewsViewController.xib */,
				9BE022F7214DF6730093001A /* NewsViewController.swift */,
				9BE022F8214DF6730093001A /* NewsViewModel.swift */,
				9BE022F6214DF6730093001A /* NewsViewModelImpl.swift */,
			);
			path = News;
			sourceTree = "<group>";
		};
		9BE022F0214DF6730093001A /* NewsDetail */ = {
			isa = PBXGroup;
			children = (
				9BE022F3214DF6730093001A /* NewsDetailViewController.xib */,
				9BE022F1214DF6730093001A /* NewsDetailViewController.swift */,
				9BE022F4214DF6730093001A /* NewsDetailViewModel.swift */,
				9BE022F2214DF6730093001A /* NewsDetailViewModelImpl.swift */,
			);
			path = NewsDetail;
			sourceTree = "<group>";
		};
		9BE022FA214DF6730093001A /* Login */ = {
			isa = PBXGroup;
			children = (
				9BE022FC214DF6730093001A /* LoginViewController.xib */,
				9BE022FD214DF6730093001A /* LoginViewController.swift */,
				9BE022FB214DF6730093001A /* LoginViewModel.swift */,
				9BC67A1021A451E70076D6EF /* LoginViewModelImpl.swift */,
			);
			path = Login;
			sourceTree = "<group>";
		};
		9BE022FE214DF6730093001A /* User */ = {
			isa = PBXGroup;
			children = (
				9BE02300214DF6730093001A /* UserViewController.xib */,
				9BE02301214DF6730093001A /* UserViewController.swift */,
				9BE022FF214DF6730093001A /* UserViewModel.swift */,
				9BC67A1421A4537F0076D6EF /* UserViewModelImpl.swift */,
			);
			path = User;
			sourceTree = "<group>";
		};
		9BE02302214DF6730093001A /* UserList */ = {
			isa = PBXGroup;
			children = (
				9BE02307214DF6730093001A /* UsersViewController.xib */,
				9BE02303214DF6730093001A /* UsersViewController.swift */,
				9BE02304214DF6730093001A /* UsersViewModel.swift */,
				9BC67A1621A454800076D6EF /* UsersViewModelImpl.swift */,
			);
			path = UserList;
			sourceTree = "<group>";
		};
		9BE0231E214DF6790093001A /* Scenes */ = {
			isa = PBXGroup;
			children = (
				9BE022EB214DF6730093001A /* Home */,
				9BE022FA214DF6730093001A /* Login */,
				9BE022EF214DF6730093001A /* News */,
				9BE022F0214DF6730093001A /* NewsDetail */,
				9BE022FE214DF6730093001A /* User */,
				9BE02302214DF6730093001A /* UserList */,
			);
			path = Scenes;
			sourceTree = "<group>";
		};
		9BE0231F214DF68E0093001A /* Utils */ = {
			isa = PBXGroup;
			children = (
				9BE02321214DF68E0093001A /* BindableType.swift */,
				9BE02322214DF68E0093001A /* NibIdentifiable.swift */,
			);
			path = Utils;
			sourceTree = "<group>";
		};
		9BE02326214DF6E90093001A /* Common */ = {
			isa = PBXGroup;
			children = (
				607FACD51AFB9204008FA782 /* AppDelegate.swift */,
				607FACDC1AFB9204008FA782 /* Images.xcassets */,
				607FACDE1AFB9204008FA782 /* LaunchScreen.xib */,
			);
			path = Common;
			sourceTree = "<group>";
		};
		9BE02327214DF6FE0093001A /* Coordinators */ = {
			isa = PBXGroup;
			children = (
				9BE022DE214DF6550093001A /* AppCoordinator.swift */,
				9BE022E0214DF6560093001A /* HomePageCoordinator.swift */,
				9BE022DF214DF6560093001A /* HomeSplitCoordinator.swift */,
				9BE022DC214DF6550093001A /* HomeTabCoordinator.swift */,
				9BE022DD214DF6550093001A /* NewsCoordinator.swift */,
				9BE022E2214DF6560093001A /* UserCoordinator.swift */,
				9BE022E1214DF6560093001A /* UserListCoordinator.swift */,
			);
			path = Coordinators;
			sourceTree = "<group>";
		};
		9E9FF366511AAF2BC5797BB7 /* Pods */ = {
			isa = PBXGroup;
			children = (
				08514425C889EBC6D31DE6E6 /* Pods-XCoordinator_Example.debug.xcconfig */,
				2DFD91193F4D8C149C715063 /* Pods-XCoordinator_Example.release.xcconfig */,
				D79CCDBD1375CE30F45F3531 /* Pods-XCoordinator_Tests.debug.xcconfig */,
				8311BE8E1B21258643BC45D1 /* Pods-XCoordinator_Tests.release.xcconfig */,
			);
			name = Pods;
			sourceTree = "<group>";
		};
/* End PBXGroup section */

/* Begin PBXNativeTarget section */
		607FACCF1AFB9204008FA782 /* XCoordinator_Example */ = {
			isa = PBXNativeTarget;
			buildConfigurationList = 607FACEF1AFB9204008FA782 /* Build configuration list for PBXNativeTarget "XCoordinator_Example" */;
			buildPhases = (
				2BDD4C9DBDF48961FD914867 /* [CP] Check Pods Manifest.lock */,
				607FACCC1AFB9204008FA782 /* Sources */,
				607FACCD1AFB9204008FA782 /* Frameworks */,
				607FACCE1AFB9204008FA782 /* Resources */,
				7D8379D75BB00757F76484C9 /* [CP] Embed Pods Frameworks */,
				9B07F06C21D6FADA00A0C149 /* ShellScript */,
			);
			buildRules = (
			);
			dependencies = (
			);
			name = XCoordinator_Example;
			productName = XCoordinator;
			productReference = 607FACD01AFB9204008FA782 /* XCoordinator_Example.app */;
			productType = "com.apple.product-type.application";
		};
		607FACE41AFB9204008FA782 /* XCoordinator_Tests */ = {
			isa = PBXNativeTarget;
			buildConfigurationList = 607FACF21AFB9204008FA782 /* Build configuration list for PBXNativeTarget "XCoordinator_Tests" */;
			buildPhases = (
				28042EF967A074C0648BCBAD /* [CP] Check Pods Manifest.lock */,
				607FACE11AFB9204008FA782 /* Sources */,
				607FACE21AFB9204008FA782 /* Frameworks */,
				607FACE31AFB9204008FA782 /* Resources */,
			);
			buildRules = (
			);
			dependencies = (
				607FACE71AFB9204008FA782 /* PBXTargetDependency */,
			);
			name = XCoordinator_Tests;
			productName = Tests;
			productReference = 607FACE51AFB9204008FA782 /* XCoordinator_Tests.xctest */;
			productType = "com.apple.product-type.bundle.unit-test";
		};
		9BC60B16214EF8D900ECFF9A /* XCoordinator_UITests */ = {
			isa = PBXNativeTarget;
			buildConfigurationList = 9BC60B1E214EF8D900ECFF9A /* Build configuration list for PBXNativeTarget "XCoordinator_UITests" */;
			buildPhases = (
				9BC60B13214EF8D900ECFF9A /* Sources */,
				9BC60B14214EF8D900ECFF9A /* Frameworks */,
				9BC60B15214EF8D900ECFF9A /* Resources */,
			);
			buildRules = (
			);
			dependencies = (
				9BC60B1D214EF8D900ECFF9A /* PBXTargetDependency */,
			);
			name = XCoordinator_UITests;
			productName = XCoordinator_ExampleUITests;
			productReference = 9BC60B17214EF8D900ECFF9A /* XCoordinator_UITests.xctest */;
			productType = "com.apple.product-type.bundle.ui-testing";
		};
/* End PBXNativeTarget section */

/* Begin PBXProject section */
		607FACC81AFB9204008FA782 /* Project object */ = {
			isa = PBXProject;
			attributes = {
				DefaultBuildSystemTypeForWorkspace = Original;
				LastSwiftUpdateCheck = 0940;
				LastUpgradeCheck = 1000;
				ORGANIZATIONNAME = "QuickBird Studios";
				TargetAttributes = {
					607FACCF1AFB9204008FA782 = {
						CreatedOnToolsVersion = 6.3.1;
						DevelopmentTeam = 77E79NGPCV;
						LastSwiftMigration = 1000;
					};
					607FACE41AFB9204008FA782 = {
						CreatedOnToolsVersion = 6.3.1;
						LastSwiftMigration = 1000;
						TestTargetID = 607FACCF1AFB9204008FA782;
					};
					9B8CDDBE21DBBDFA000437BA = {
						CreatedOnToolsVersion = 10.1;
						DevelopmentTeam = 77E79NGPCV;
						ProvisioningStyle = Automatic;
					};
					9BC60B16214EF8D900ECFF9A = {
						CreatedOnToolsVersion = 9.4.1;
						DevelopmentTeam = 77E79NGPCV;
						LastSwiftMigration = 1000;
						ProvisioningStyle = Automatic;
						TestTargetID = 607FACCF1AFB9204008FA782;
					};
				};
			};
			buildConfigurationList = 607FACCB1AFB9204008FA782 /* Build configuration list for PBXProject "XCoordinator" */;
			compatibilityVersion = "Xcode 3.2";
			developmentRegion = English;
			hasScannedForEncodings = 0;
			knownRegions = (
				en,
				Base,
			);
			mainGroup = 607FACC71AFB9204008FA782;
			productRefGroup = 607FACD11AFB9204008FA782 /* Products */;
			projectDirPath = "";
			projectRoot = "";
			targets = (
				607FACCF1AFB9204008FA782 /* XCoordinator_Example */,
				607FACE41AFB9204008FA782 /* XCoordinator_Tests */,
				9BC60B16214EF8D900ECFF9A /* XCoordinator_UITests */,
				9B8CDDBE21DBBDFA000437BA /* Documentation */,
			);
		};
/* End PBXProject section */

/* Begin PBXResourcesBuildPhase section */
		607FACCE1AFB9204008FA782 /* Resources */ = {
			isa = PBXResourcesBuildPhase;
			buildActionMask = 2147483647;
			files = (
				9BE02318214DF6740093001A /* UserViewController.xib in Resources */,
				9BE0230D214DF6740093001A /* NewsDetailViewController.xib in Resources */,
				607FACE01AFB9204008FA782 /* LaunchScreen.xib in Resources */,
				9BE02315214DF6740093001A /* LoginViewController.xib in Resources */,
				9BE0230F214DF6740093001A /* NewsViewController.xib in Resources */,
				607FACDD1AFB9204008FA782 /* Images.xcassets in Resources */,
				9BE0231D214DF6740093001A /* UsersViewController.xib in Resources */,
				9BE02309214DF6740093001A /* HomeViewController.xib in Resources */,
			);
			runOnlyForDeploymentPostprocessing = 0;
		};
		607FACE31AFB9204008FA782 /* Resources */ = {
			isa = PBXResourcesBuildPhase;
			buildActionMask = 2147483647;
			files = (
			);
			runOnlyForDeploymentPostprocessing = 0;
		};
		9BC60B15214EF8D900ECFF9A /* Resources */ = {
			isa = PBXResourcesBuildPhase;
			buildActionMask = 2147483647;
			files = (
			);
			runOnlyForDeploymentPostprocessing = 0;
		};
/* End PBXResourcesBuildPhase section */

/* Begin PBXShellScriptBuildPhase section */
		28042EF967A074C0648BCBAD /* [CP] Check Pods Manifest.lock */ = {
			isa = PBXShellScriptBuildPhase;
			buildActionMask = 2147483647;
			files = (
			);
			inputPaths = (
				"${PODS_PODFILE_DIR_PATH}/Podfile.lock",
				"${PODS_ROOT}/Manifest.lock",
			);
			name = "[CP] Check Pods Manifest.lock";
			outputPaths = (
				"$(DERIVED_FILE_DIR)/Pods-XCoordinator_Tests-checkManifestLockResult.txt",
			);
			runOnlyForDeploymentPostprocessing = 0;
			shellPath = /bin/sh;
			shellScript = "diff \"${PODS_PODFILE_DIR_PATH}/Podfile.lock\" \"${PODS_ROOT}/Manifest.lock\" > /dev/null\nif [ $? != 0 ] ; then\n    # print error to STDERR\n    echo \"error: The sandbox is not in sync with the Podfile.lock. Run 'pod install' or update your CocoaPods installation.\" >&2\n    exit 1\nfi\n# This output is used by Xcode 'outputs' to avoid re-running this script phase.\necho \"SUCCESS\" > \"${SCRIPT_OUTPUT_FILE_0}\"\n";
			showEnvVarsInLog = 0;
		};
		2BDD4C9DBDF48961FD914867 /* [CP] Check Pods Manifest.lock */ = {
			isa = PBXShellScriptBuildPhase;
			buildActionMask = 2147483647;
			files = (
			);
			inputPaths = (
				"${PODS_PODFILE_DIR_PATH}/Podfile.lock",
				"${PODS_ROOT}/Manifest.lock",
			);
			name = "[CP] Check Pods Manifest.lock";
			outputPaths = (
				"$(DERIVED_FILE_DIR)/Pods-XCoordinator_Example-checkManifestLockResult.txt",
			);
			runOnlyForDeploymentPostprocessing = 0;
			shellPath = /bin/sh;
			shellScript = "diff \"${PODS_PODFILE_DIR_PATH}/Podfile.lock\" \"${PODS_ROOT}/Manifest.lock\" > /dev/null\nif [ $? != 0 ] ; then\n    # print error to STDERR\n    echo \"error: The sandbox is not in sync with the Podfile.lock. Run 'pod install' or update your CocoaPods installation.\" >&2\n    exit 1\nfi\n# This output is used by Xcode 'outputs' to avoid re-running this script phase.\necho \"SUCCESS\" > \"${SCRIPT_OUTPUT_FILE_0}\"\n";
			showEnvVarsInLog = 0;
		};
		7D8379D75BB00757F76484C9 /* [CP] Embed Pods Frameworks */ = {
			isa = PBXShellScriptBuildPhase;
			buildActionMask = 2147483647;
			files = (
			);
			inputPaths = (
				"${SRCROOT}/Pods/Target Support Files/Pods-XCoordinator_Example/Pods-XCoordinator_Example-frameworks.sh",
				"${BUILT_PRODUCTS_DIR}/Action/Action.framework",
				"${BUILT_PRODUCTS_DIR}/RxAtomic/RxAtomic.framework",
				"${BUILT_PRODUCTS_DIR}/RxCocoa/RxCocoa.framework",
				"${BUILT_PRODUCTS_DIR}/RxSwift/RxSwift.framework",
				"${BUILT_PRODUCTS_DIR}/XCoordinator/XCoordinator.framework",
			);
			name = "[CP] Embed Pods Frameworks";
			outputPaths = (
				"${TARGET_BUILD_DIR}/${FRAMEWORKS_FOLDER_PATH}/Action.framework",
				"${TARGET_BUILD_DIR}/${FRAMEWORKS_FOLDER_PATH}/RxAtomic.framework",
				"${TARGET_BUILD_DIR}/${FRAMEWORKS_FOLDER_PATH}/RxCocoa.framework",
				"${TARGET_BUILD_DIR}/${FRAMEWORKS_FOLDER_PATH}/RxSwift.framework",
				"${TARGET_BUILD_DIR}/${FRAMEWORKS_FOLDER_PATH}/XCoordinator.framework",
			);
			runOnlyForDeploymentPostprocessing = 0;
			shellPath = /bin/sh;
			shellScript = "\"${SRCROOT}/Pods/Target Support Files/Pods-XCoordinator_Example/Pods-XCoordinator_Example-frameworks.sh\"\n";
			showEnvVarsInLog = 0;
		};
		9B07F06C21D6FADA00A0C149 /* ShellScript */ = {
            isa = PBXShellScriptBuildPhase;
            buildActionMask = 2147483647;
            files = (
            );
            inputFileListPaths = (
            );
            inputPaths = (
            );
            outputFileListPaths = (
            );
            outputPaths = (
            );
            runOnlyForDeploymentPostprocessing = 0;
            shellPath = /bin/sh;
            shellScript = "${PODS_ROOT}/SwiftLint/swiftlint\n";
        };
		9B8CDDC221DBBDFE000437BA /* ShellScript */ = {
			isa = PBXShellScriptBuildPhase;
			buildActionMask = 2147483647;
			files = (
			);
			inputFileListPaths = (
			);
			inputPaths = (
			);
			outputFileListPaths = (
			);
			outputPaths = (
			);
			runOnlyForDeploymentPostprocessing = 0;
			shellPath = /bin/bash;
			shellScript = "cd .. && jazzy --podspec XCoordinator.podspec\n";
		};
/* End PBXShellScriptBuildPhase section */

/* Begin PBXSourcesBuildPhase section */
		607FACCC1AFB9204008FA782 /* Sources */ = {
			isa = PBXSourcesBuildPhase;
			buildActionMask = 2147483647;
			files = (
				9BC67A0D21A451540076D6EF /* DetailTableViewCell.swift in Sources */,
				9BE022E5214DF6560093001A /* AppCoordinator.swift in Sources */,
				9B07F06721D6D35500A0C149 /* Animation+Fade.swift in Sources */,
				9BE02313214DF6740093001A /* NewsService.swift in Sources */,
				9BE02308214DF6740093001A /* HomeViewModel.swift in Sources */,
				9BE0231A214DF6740093001A /* UsersViewController.swift in Sources */,
				9B07F06B21D6D44200A0C149 /* Animation+Swirl.swift in Sources */,
				607FACD61AFB9204008FA782 /* AppDelegate.swift in Sources */,
				9BC67A1321A4526B0076D6EF /* HomeViewModelImpl.swift in Sources */,
				9B07F06921D6D3DB00A0C149 /* TransitionAnimation+Defaults.swift in Sources */,
				9BE02316214DF6740093001A /* LoginViewController.swift in Sources */,
				9BE02311214DF6740093001A /* NewsViewController.swift in Sources */,
				9BE02310214DF6740093001A /* NewsViewModelImpl.swift in Sources */,
				9BC67A1721A454800076D6EF /* UsersViewModelImpl.swift in Sources */,
				9BE02319214DF6740093001A /* UserViewController.swift in Sources */,
				9BC67A1521A4537F0076D6EF /* UserViewModelImpl.swift in Sources */,
				9BE022E7214DF6560093001A /* HomePageCoordinator.swift in Sources */,
				9BE022E9214DF6560093001A /* UserCoordinator.swift in Sources */,
				9BE02314214DF6740093001A /* LoginViewModel.swift in Sources */,
				9B07F06321D6D26700A0C149 /* CGAffineTransform+InPlace.swift in Sources */,
				9BE0231B214DF6740093001A /* UsersViewModel.swift in Sources */,
				9BC67A1121A451E70076D6EF /* LoginViewModelImpl.swift in Sources */,
				9B33481821C4804600E954A3 /* Coordinator+Rx.swift in Sources */,
				9B07F06521D6D2BF00A0C149 /* Animation+Scale.swift in Sources */,
				9BE02312214DF6740093001A /* NewsViewModel.swift in Sources */,
				9BE02324214DF68E0093001A /* BindableType.swift in Sources */,
				9BE0230A214DF6740093001A /* HomeViewController.swift in Sources */,
				9BE0230C214DF6740093001A /* NewsDetailViewModelImpl.swift in Sources */,
				9BE02317214DF6740093001A /* UserViewModel.swift in Sources */,
				9BE0230B214DF6740093001A /* NewsDetailViewController.swift in Sources */,
				9B33481321C47F9700E954A3 /* Presentable+Rx.swift in Sources */,
				9BE022E6214DF6560093001A /* HomeSplitCoordinator.swift in Sources */,
				9BE022E3214DF6560093001A /* HomeTabCoordinator.swift in Sources */,
				9BE022E8214DF6560093001A /* UserListCoordinator.swift in Sources */,
				9BE0230E214DF6740093001A /* NewsDetailViewModel.swift in Sources */,
				9BE022E4214DF6560093001A /* NewsCoordinator.swift in Sources */,
				9BE02325214DF68E0093001A /* NibIdentifiable.swift in Sources */,
			);
			runOnlyForDeploymentPostprocessing = 0;
		};
		607FACE11AFB9204008FA782 /* Sources */ = {
			isa = PBXSourcesBuildPhase;
			buildActionMask = 2147483647;
			files = (
				9BC60AFE214EA6AA00ECFF9A /* AnimationTests.swift in Sources */,
				9BE0232C214DF7E50093001A /* TransitionTests.swift in Sources */,
				9BC60B00214EA71300ECFF9A /* TestAnimation.swift in Sources */,
				9BE0232D214DF7E80093001A /* TestRoute.swift in Sources */,
				9BC67A1C21A4C4510076D6EF /* XCText+Extras.swift in Sources */,
			);
			runOnlyForDeploymentPostprocessing = 0;
		};
		9BC60B13214EF8D900ECFF9A /* Sources */ = {
			isa = PBXSourcesBuildPhase;
			buildActionMask = 2147483647;
			files = (
				9BC60B1A214EF8D900ECFF9A /* UITests.swift in Sources */,
			);
			runOnlyForDeploymentPostprocessing = 0;
		};
/* End PBXSourcesBuildPhase section */

/* Begin PBXTargetDependency section */
		607FACE71AFB9204008FA782 /* PBXTargetDependency */ = {
			isa = PBXTargetDependency;
			target = 607FACCF1AFB9204008FA782 /* XCoordinator_Example */;
			targetProxy = 607FACE61AFB9204008FA782 /* PBXContainerItemProxy */;
		};
		9BC60B1D214EF8D900ECFF9A /* PBXTargetDependency */ = {
			isa = PBXTargetDependency;
			target = 607FACCF1AFB9204008FA782 /* XCoordinator_Example */;
			targetProxy = 9BC60B1C214EF8D900ECFF9A /* PBXContainerItemProxy */;
		};
/* End PBXTargetDependency section */

/* Begin PBXVariantGroup section */
		607FACDE1AFB9204008FA782 /* LaunchScreen.xib */ = {
			isa = PBXVariantGroup;
			children = (
				607FACDF1AFB9204008FA782 /* Base */,
			);
			name = LaunchScreen.xib;
			sourceTree = "<group>";
		};
/* End PBXVariantGroup section */

/* Begin XCBuildConfiguration section */
		607FACED1AFB9204008FA782 /* Debug */ = {
			isa = XCBuildConfiguration;
			buildSettings = {
				ALWAYS_SEARCH_USER_PATHS = NO;
				CLANG_CXX_LANGUAGE_STANDARD = "gnu++0x";
				CLANG_CXX_LIBRARY = "libc++";
				CLANG_ENABLE_MODULES = YES;
				CLANG_ENABLE_OBJC_ARC = YES;
				CLANG_WARN_BLOCK_CAPTURE_AUTORELEASING = YES;
				CLANG_WARN_BOOL_CONVERSION = YES;
				CLANG_WARN_COMMA = YES;
				CLANG_WARN_CONSTANT_CONVERSION = YES;
				CLANG_WARN_DEPRECATED_OBJC_IMPLEMENTATIONS = YES;
				CLANG_WARN_DIRECT_OBJC_ISA_USAGE = YES_ERROR;
				CLANG_WARN_EMPTY_BODY = YES;
				CLANG_WARN_ENUM_CONVERSION = YES;
				CLANG_WARN_INFINITE_RECURSION = YES;
				CLANG_WARN_INT_CONVERSION = YES;
				CLANG_WARN_NON_LITERAL_NULL_CONVERSION = YES;
				CLANG_WARN_OBJC_IMPLICIT_RETAIN_SELF = YES;
				CLANG_WARN_OBJC_LITERAL_CONVERSION = YES;
				CLANG_WARN_OBJC_ROOT_CLASS = YES_ERROR;
				CLANG_WARN_RANGE_LOOP_ANALYSIS = YES;
				CLANG_WARN_STRICT_PROTOTYPES = YES;
				CLANG_WARN_SUSPICIOUS_MOVE = YES;
				CLANG_WARN_UNREACHABLE_CODE = YES;
				CLANG_WARN__DUPLICATE_METHOD_MATCH = YES;
				"CODE_SIGN_IDENTITY[sdk=iphoneos*]" = "iPhone Developer";
				COPY_PHASE_STRIP = NO;
				DEBUG_INFORMATION_FORMAT = "dwarf-with-dsym";
				ENABLE_STRICT_OBJC_MSGSEND = YES;
				ENABLE_TESTABILITY = YES;
				GCC_C_LANGUAGE_STANDARD = gnu99;
				GCC_DYNAMIC_NO_PIC = NO;
				GCC_NO_COMMON_BLOCKS = YES;
				GCC_OPTIMIZATION_LEVEL = 0;
				GCC_PREPROCESSOR_DEFINITIONS = (
					"DEBUG=1",
					"$(inherited)",
				);
				GCC_SYMBOLS_PRIVATE_EXTERN = NO;
				GCC_WARN_64_TO_32_BIT_CONVERSION = YES;
				GCC_WARN_ABOUT_RETURN_TYPE = YES_ERROR;
				GCC_WARN_UNDECLARED_SELECTOR = YES;
				GCC_WARN_UNINITIALIZED_AUTOS = YES_AGGRESSIVE;
				GCC_WARN_UNUSED_FUNCTION = YES;
				GCC_WARN_UNUSED_VARIABLE = YES;
				IPHONEOS_DEPLOYMENT_TARGET = 9.3;
				MTL_ENABLE_DEBUG_INFO = YES;
				ONLY_ACTIVE_ARCH = YES;
				SDKROOT = iphoneos;
				SWIFT_OPTIMIZATION_LEVEL = "-Onone";
			};
			name = Debug;
		};
		607FACEE1AFB9204008FA782 /* Release */ = {
			isa = XCBuildConfiguration;
			buildSettings = {
				ALWAYS_SEARCH_USER_PATHS = NO;
				CLANG_CXX_LANGUAGE_STANDARD = "gnu++0x";
				CLANG_CXX_LIBRARY = "libc++";
				CLANG_ENABLE_MODULES = YES;
				CLANG_ENABLE_OBJC_ARC = YES;
				CLANG_WARN_BLOCK_CAPTURE_AUTORELEASING = YES;
				CLANG_WARN_BOOL_CONVERSION = YES;
				CLANG_WARN_COMMA = YES;
				CLANG_WARN_CONSTANT_CONVERSION = YES;
				CLANG_WARN_DEPRECATED_OBJC_IMPLEMENTATIONS = YES;
				CLANG_WARN_DIRECT_OBJC_ISA_USAGE = YES_ERROR;
				CLANG_WARN_EMPTY_BODY = YES;
				CLANG_WARN_ENUM_CONVERSION = YES;
				CLANG_WARN_INFINITE_RECURSION = YES;
				CLANG_WARN_INT_CONVERSION = YES;
				CLANG_WARN_NON_LITERAL_NULL_CONVERSION = YES;
				CLANG_WARN_OBJC_IMPLICIT_RETAIN_SELF = YES;
				CLANG_WARN_OBJC_LITERAL_CONVERSION = YES;
				CLANG_WARN_OBJC_ROOT_CLASS = YES_ERROR;
				CLANG_WARN_RANGE_LOOP_ANALYSIS = YES;
				CLANG_WARN_STRICT_PROTOTYPES = YES;
				CLANG_WARN_SUSPICIOUS_MOVE = YES;
				CLANG_WARN_UNREACHABLE_CODE = YES;
				CLANG_WARN__DUPLICATE_METHOD_MATCH = YES;
				"CODE_SIGN_IDENTITY[sdk=iphoneos*]" = "iPhone Developer";
				COPY_PHASE_STRIP = NO;
				DEBUG_INFORMATION_FORMAT = "dwarf-with-dsym";
				ENABLE_NS_ASSERTIONS = NO;
				ENABLE_STRICT_OBJC_MSGSEND = YES;
				GCC_C_LANGUAGE_STANDARD = gnu99;
				GCC_NO_COMMON_BLOCKS = YES;
				GCC_WARN_64_TO_32_BIT_CONVERSION = YES;
				GCC_WARN_ABOUT_RETURN_TYPE = YES_ERROR;
				GCC_WARN_UNDECLARED_SELECTOR = YES;
				GCC_WARN_UNINITIALIZED_AUTOS = YES_AGGRESSIVE;
				GCC_WARN_UNUSED_FUNCTION = YES;
				GCC_WARN_UNUSED_VARIABLE = YES;
				IPHONEOS_DEPLOYMENT_TARGET = 9.3;
				MTL_ENABLE_DEBUG_INFO = NO;
				SDKROOT = iphoneos;
				SWIFT_OPTIMIZATION_LEVEL = "-Owholemodule";
				VALIDATE_PRODUCT = YES;
			};
			name = Release;
		};
		607FACF01AFB9204008FA782 /* Debug */ = {
			isa = XCBuildConfiguration;
			baseConfigurationReference = 08514425C889EBC6D31DE6E6 /* Pods-XCoordinator_Example.debug.xcconfig */;
			buildSettings = {
				ASSETCATALOG_COMPILER_APPICON_NAME = AppIcon;
				DEVELOPMENT_TEAM = 77E79NGPCV;
				INFOPLIST_FILE = XCoordinator/Info.plist;
				IPHONEOS_DEPLOYMENT_TARGET = 9.0;
				LD_RUNPATH_SEARCH_PATHS = "$(inherited)";
				MODULE_NAME = ExampleApp;
				PRODUCT_BUNDLE_IDENTIFIER = "com.quickbirdstudios.XCoordinator-Example";
				PRODUCT_NAME = "$(TARGET_NAME)";
				SWIFT_VERSION = 4.2;
				TARGETED_DEVICE_FAMILY = "1,2";
			};
			name = Debug;
		};
		607FACF11AFB9204008FA782 /* Release */ = {
			isa = XCBuildConfiguration;
			baseConfigurationReference = 2DFD91193F4D8C149C715063 /* Pods-XCoordinator_Example.release.xcconfig */;
			buildSettings = {
				ASSETCATALOG_COMPILER_APPICON_NAME = AppIcon;
				DEVELOPMENT_TEAM = 77E79NGPCV;
				INFOPLIST_FILE = XCoordinator/Info.plist;
				IPHONEOS_DEPLOYMENT_TARGET = 9.0;
				LD_RUNPATH_SEARCH_PATHS = "$(inherited)";
				MODULE_NAME = ExampleApp;
				PRODUCT_BUNDLE_IDENTIFIER = "com.quickbirdstudios.XCoordinator-Example";
				PRODUCT_NAME = "$(TARGET_NAME)";
				SWIFT_VERSION = 4.2;
				TARGETED_DEVICE_FAMILY = "1,2";
			};
			name = Release;
		};
		607FACF31AFB9204008FA782 /* Debug */ = {
			isa = XCBuildConfiguration;
			baseConfigurationReference = D79CCDBD1375CE30F45F3531 /* Pods-XCoordinator_Tests.debug.xcconfig */;
			buildSettings = {
				FRAMEWORK_SEARCH_PATHS = (
					"$(SDKROOT)/Developer/Library/Frameworks",
					"$(inherited)",
				);
				GCC_PREPROCESSOR_DEFINITIONS = (
					"DEBUG=1",
					"$(inherited)",
				);
				INFOPLIST_FILE = Tests/Info.plist;
				LD_RUNPATH_SEARCH_PATHS = "$(inherited) @executable_path/Frameworks @loader_path/Frameworks";
				PRODUCT_BUNDLE_IDENTIFIER = "com.quickbirdstudios.$(PRODUCT_NAME:rfc1034identifier)";
				PRODUCT_NAME = "$(TARGET_NAME)";
				SWIFT_VERSION = 4.2;
				TEST_HOST = "$(BUILT_PRODUCTS_DIR)/XCoordinator_Example.app/XCoordinator_Example";
			};
			name = Debug;
		};
		607FACF41AFB9204008FA782 /* Release */ = {
			isa = XCBuildConfiguration;
			baseConfigurationReference = 8311BE8E1B21258643BC45D1 /* Pods-XCoordinator_Tests.release.xcconfig */;
			buildSettings = {
				FRAMEWORK_SEARCH_PATHS = (
					"$(SDKROOT)/Developer/Library/Frameworks",
					"$(inherited)",
				);
				INFOPLIST_FILE = Tests/Info.plist;
				LD_RUNPATH_SEARCH_PATHS = "$(inherited) @executable_path/Frameworks @loader_path/Frameworks";
				PRODUCT_BUNDLE_IDENTIFIER = "com.quickbirdstudios.$(PRODUCT_NAME:rfc1034identifier)";
				PRODUCT_NAME = "$(TARGET_NAME)";
				SWIFT_VERSION = 4.2;
				TEST_HOST = "$(BUILT_PRODUCTS_DIR)/XCoordinator_Example.app/XCoordinator_Example";
			};
			name = Release;
		};
		9B8CDDC021DBBDFA000437BA /* Debug */ = {
			isa = XCBuildConfiguration;
			buildSettings = {
				CODE_SIGN_STYLE = Automatic;
				DEVELOPMENT_TEAM = 77E79NGPCV;
				PRODUCT_NAME = "$(TARGET_NAME)";
			};
			name = Debug;
		};
		9B8CDDC121DBBDFA000437BA /* Release */ = {
			isa = XCBuildConfiguration;
			buildSettings = {
				CODE_SIGN_STYLE = Automatic;
				DEVELOPMENT_TEAM = 77E79NGPCV;
				PRODUCT_NAME = "$(TARGET_NAME)";
			};
			name = Release;
		};
		9BC60B1F214EF8D900ECFF9A /* Debug */ = {
			isa = XCBuildConfiguration;
			buildSettings = {
				CLANG_ANALYZER_NONNULL = YES;
				CLANG_ANALYZER_NUMBER_OBJECT_CONVERSION = YES_AGGRESSIVE;
				CLANG_CXX_LANGUAGE_STANDARD = "gnu++14";
				CLANG_ENABLE_OBJC_WEAK = YES;
				CLANG_WARN_DEPRECATED_OBJC_IMPLEMENTATIONS = YES;
				CLANG_WARN_DOCUMENTATION_COMMENTS = YES;
				CLANG_WARN_OBJC_IMPLICIT_RETAIN_SELF = YES;
				CLANG_WARN_UNGUARDED_AVAILABILITY = YES_AGGRESSIVE;
				CODE_SIGN_IDENTITY = "iPhone Developer";
				CODE_SIGN_STYLE = Automatic;
				DEBUG_INFORMATION_FORMAT = dwarf;
				DEVELOPMENT_TEAM = 77E79NGPCV;
				GCC_C_LANGUAGE_STANDARD = gnu11;
				INFOPLIST_FILE = UITests/Info.plist;
				IPHONEOS_DEPLOYMENT_TARGET = 11.4;
				LD_RUNPATH_SEARCH_PATHS = "$(inherited) @executable_path/Frameworks @loader_path/Frameworks";
				PRODUCT_BUNDLE_IDENTIFIER = "com.quickbirdstudios.$(PRODUCT_NAME:rfc1034identifier)";
				PRODUCT_NAME = "$(TARGET_NAME)";
				SWIFT_ACTIVE_COMPILATION_CONDITIONS = DEBUG;
				SWIFT_VERSION = 4.2;
				TARGETED_DEVICE_FAMILY = 1;
				TEST_TARGET_NAME = XCoordinator_Example;
			};
			name = Debug;
		};
		9BC60B20214EF8D900ECFF9A /* Release */ = {
			isa = XCBuildConfiguration;
			buildSettings = {
				CLANG_ANALYZER_NONNULL = YES;
				CLANG_ANALYZER_NUMBER_OBJECT_CONVERSION = YES_AGGRESSIVE;
				CLANG_CXX_LANGUAGE_STANDARD = "gnu++14";
				CLANG_ENABLE_OBJC_WEAK = YES;
				CLANG_WARN_DEPRECATED_OBJC_IMPLEMENTATIONS = YES;
				CLANG_WARN_DOCUMENTATION_COMMENTS = YES;
				CLANG_WARN_OBJC_IMPLICIT_RETAIN_SELF = YES;
				CLANG_WARN_UNGUARDED_AVAILABILITY = YES_AGGRESSIVE;
				CODE_SIGN_IDENTITY = "iPhone Developer";
				CODE_SIGN_STYLE = Automatic;
				DEVELOPMENT_TEAM = 77E79NGPCV;
				GCC_C_LANGUAGE_STANDARD = gnu11;
				INFOPLIST_FILE = UITests/Info.plist;
				IPHONEOS_DEPLOYMENT_TARGET = 11.4;
				LD_RUNPATH_SEARCH_PATHS = "$(inherited) @executable_path/Frameworks @loader_path/Frameworks";
				PRODUCT_BUNDLE_IDENTIFIER = "com.quickbirdstudios.$(PRODUCT_NAME:rfc1034identifier)";
				PRODUCT_NAME = "$(TARGET_NAME)";
				SWIFT_VERSION = 4.2;
				TARGETED_DEVICE_FAMILY = 1;
				TEST_TARGET_NAME = XCoordinator_Example;
			};
			name = Release;
		};
/* End XCBuildConfiguration section */

/* Begin XCConfigurationList section */
		607FACCB1AFB9204008FA782 /* Build configuration list for PBXProject "XCoordinator" */ = {
			isa = XCConfigurationList;
			buildConfigurations = (
				607FACED1AFB9204008FA782 /* Debug */,
				607FACEE1AFB9204008FA782 /* Release */,
			);
			defaultConfigurationIsVisible = 0;
			defaultConfigurationName = Release;
		};
		607FACEF1AFB9204008FA782 /* Build configuration list for PBXNativeTarget "XCoordinator_Example" */ = {
			isa = XCConfigurationList;
			buildConfigurations = (
				607FACF01AFB9204008FA782 /* Debug */,
				607FACF11AFB9204008FA782 /* Release */,
			);
			defaultConfigurationIsVisible = 0;
			defaultConfigurationName = Release;
		};
		607FACF21AFB9204008FA782 /* Build configuration list for PBXNativeTarget "XCoordinator_Tests" */ = {
			isa = XCConfigurationList;
			buildConfigurations = (
				607FACF31AFB9204008FA782 /* Debug */,
				607FACF41AFB9204008FA782 /* Release */,
			);
			defaultConfigurationIsVisible = 0;
			defaultConfigurationName = Release;
		};
		9B8CDDBF21DBBDFA000437BA /* Build configuration list for PBXAggregateTarget "Documentation" */ = {
			isa = XCConfigurationList;
			buildConfigurations = (
				9B8CDDC021DBBDFA000437BA /* Debug */,
				9B8CDDC121DBBDFA000437BA /* Release */,
			);
			defaultConfigurationIsVisible = 0;
			defaultConfigurationName = Release;
		};
		9BC60B1E214EF8D900ECFF9A /* Build configuration list for PBXNativeTarget "XCoordinator_UITests" */ = {
			isa = XCConfigurationList;
			buildConfigurations = (
				9BC60B1F214EF8D900ECFF9A /* Debug */,
				9BC60B20214EF8D900ECFF9A /* Release */,
			);
			defaultConfigurationIsVisible = 0;
			defaultConfigurationName = Release;
		};
/* End XCConfigurationList section */
	};
	rootObject = 607FACC81AFB9204008FA782 /* Project object */;
}
