// !$*UTF8*$!
{
	archiveVersion = 1;
	classes = {
	};
	objectVersion = 50;
	objects = {

/* Begin PBXBuildFile section */
		3933375BA780C51DB7B8357B /* Pods_XCoordinator_Example.framework in Frameworks */ = {isa = PBXBuildFile; fileRef = 46F571D13EFD76D6E4649AF5 /* Pods_XCoordinator_Example.framework */; };
		8CD9A7878B53157729BEC245 /* Pods_XCoordinator_ExampleUITests.framework in Frameworks */ = {isa = PBXBuildFile; fileRef = 86DF3D59B2A0567AB053945F /* Pods_XCoordinator_ExampleUITests.framework */; };
		9B44F80A210EFD7E00FC9E15 /* HomePageCoordinator.swift in Sources */ = {isa = PBXBuildFile; fileRef = 9B44F809210EFD7E00FC9E15 /* HomePageCoordinator.swift */; };
		9B44F80C210F115300FC9E15 /* HomeSplitCoordinator.swift in Sources */ = {isa = PBXBuildFile; fileRef = 9B44F80B210F115300FC9E15 /* HomeSplitCoordinator.swift */; };
		9B49C7E4210BF10100FE086A /* UserListCoordinator.swift in Sources */ = {isa = PBXBuildFile; fileRef = 9B49C7E3210BF10100FE086A /* UserListCoordinator.swift */; };
		9B49C7E9210BF21900FE086A /* NewsViewController.swift in Sources */ = {isa = PBXBuildFile; fileRef = 9B49C7E5210BF21900FE086A /* NewsViewController.swift */; };
		9B49C7EA210BF21900FE086A /* NewsViewModelImpl.swift in Sources */ = {isa = PBXBuildFile; fileRef = 9B49C7E6210BF21900FE086A /* NewsViewModelImpl.swift */; };
		9B49C7EB210BF21900FE086A /* NewsViewModel.swift in Sources */ = {isa = PBXBuildFile; fileRef = 9B49C7E7210BF21900FE086A /* NewsViewModel.swift */; };
		9B49C7EC210BF21900FE086A /* NewsViewController.xib in Resources */ = {isa = PBXBuildFile; fileRef = 9B49C7E8210BF21900FE086A /* NewsViewController.xib */; };
		9B49C7EE210BF48E00FE086A /* UserListCoordinator.swift in Sources */ = {isa = PBXBuildFile; fileRef = 9B49C7E3210BF10100FE086A /* UserListCoordinator.swift */; };
		9B49C7EF210BF49100FE086A /* NewsViewController.swift in Sources */ = {isa = PBXBuildFile; fileRef = 9B49C7E5210BF21900FE086A /* NewsViewController.swift */; };
		9B49C7F0210BF49400FE086A /* NewsViewModelImpl.swift in Sources */ = {isa = PBXBuildFile; fileRef = 9B49C7E6210BF21900FE086A /* NewsViewModelImpl.swift */; };
		9B49C7F1210BF49700FE086A /* NewsViewModel.swift in Sources */ = {isa = PBXBuildFile; fileRef = 9B49C7E7210BF21900FE086A /* NewsViewModel.swift */; };
		9B49C7F2210BF49D00FE086A /* NewsViewController.xib in Resources */ = {isa = PBXBuildFile; fileRef = 9B49C7E8210BF21900FE086A /* NewsViewController.xib */; };
		9B49C7F3210C0DC400FE086A /* UserViewModel.swift in Sources */ = {isa = PBXBuildFile; fileRef = DCB0DD0120A320D600BC79B6 /* UserViewModel.swift */; };
		9B49C7F4210C0DCA00FE086A /* UserViewController.xib in Resources */ = {isa = PBXBuildFile; fileRef = DCB0DD0220A320D600BC79B6 /* UserViewController.xib */; };
		9BECE274210C8E220051010B /* NewsService.swift in Sources */ = {isa = PBXBuildFile; fileRef = 9BECE273210C8E220051010B /* NewsService.swift */; };
		9BECE275210C91300051010B /* NewsService.swift in Sources */ = {isa = PBXBuildFile; fileRef = 9BECE273210C8E220051010B /* NewsService.swift */; };
		9BECE277210CAB370051010B /* NewsCoordinator.swift in Sources */ = {isa = PBXBuildFile; fileRef = 9BECE276210CAB370051010B /* NewsCoordinator.swift */; };
		9BECE278210CAB9F0051010B /* NewsCoordinator.swift in Sources */ = {isa = PBXBuildFile; fileRef = 9BECE276210CAB370051010B /* NewsCoordinator.swift */; };
		9BECE27D210CB97E0051010B /* NewsDetailViewController.swift in Sources */ = {isa = PBXBuildFile; fileRef = 9BECE279210CB97E0051010B /* NewsDetailViewController.swift */; };
		9BECE27E210CB97E0051010B /* NewsDetailViewController.swift in Sources */ = {isa = PBXBuildFile; fileRef = 9BECE279210CB97E0051010B /* NewsDetailViewController.swift */; };
		9BECE27F210CB97E0051010B /* NewsDetailViewModelImpl.swift in Sources */ = {isa = PBXBuildFile; fileRef = 9BECE27A210CB97E0051010B /* NewsDetailViewModelImpl.swift */; };
		9BECE280210CB97E0051010B /* NewsDetailViewModelImpl.swift in Sources */ = {isa = PBXBuildFile; fileRef = 9BECE27A210CB97E0051010B /* NewsDetailViewModelImpl.swift */; };
		9BECE281210CB97E0051010B /* NewsDetailViewModel.swift in Sources */ = {isa = PBXBuildFile; fileRef = 9BECE27B210CB97E0051010B /* NewsDetailViewModel.swift */; };
		9BECE282210CB97E0051010B /* NewsDetailViewModel.swift in Sources */ = {isa = PBXBuildFile; fileRef = 9BECE27B210CB97E0051010B /* NewsDetailViewModel.swift */; };
		9BECE283210CB97E0051010B /* NewsDetailViewController.xib in Resources */ = {isa = PBXBuildFile; fileRef = 9BECE27C210CB97E0051010B /* NewsDetailViewController.xib */; };
		9BECE284210CB97E0051010B /* NewsDetailViewController.xib in Resources */ = {isa = PBXBuildFile; fileRef = 9BECE27C210CB97E0051010B /* NewsDetailViewController.xib */; };
		DC36CC95209B440D009EB669 /* BindableType.swift in Sources */ = {isa = PBXBuildFile; fileRef = DC36CC94209B440D009EB669 /* BindableType.swift */; };
		DC36CC96209B440D009EB669 /* BindableType.swift in Sources */ = {isa = PBXBuildFile; fileRef = DC36CC94209B440D009EB669 /* BindableType.swift */; };
		DC36CC9A209B4436009EB669 /* LoginViewController.swift in Sources */ = {isa = PBXBuildFile; fileRef = DC36CC97209B4436009EB669 /* LoginViewController.swift */; };
		DC36CC9B209B4436009EB669 /* LoginViewController.swift in Sources */ = {isa = PBXBuildFile; fileRef = DC36CC97209B4436009EB669 /* LoginViewController.swift */; };
		DC36CC9C209B4436009EB669 /* LoginViewModel.swift in Sources */ = {isa = PBXBuildFile; fileRef = DC36CC98209B4436009EB669 /* LoginViewModel.swift */; };
		DC36CC9D209B4436009EB669 /* LoginViewModel.swift in Sources */ = {isa = PBXBuildFile; fileRef = DC36CC98209B4436009EB669 /* LoginViewModel.swift */; };
		DC36CC9E209B4436009EB669 /* LoginViewController.xib in Resources */ = {isa = PBXBuildFile; fileRef = DC36CC99209B4436009EB669 /* LoginViewController.xib */; };
		DC36CC9F209B4436009EB669 /* LoginViewController.xib in Resources */ = {isa = PBXBuildFile; fileRef = DC36CC99209B4436009EB669 /* LoginViewController.xib */; };
		DC36CCA4209B469F009EB669 /* AppCoordinator.swift in Sources */ = {isa = PBXBuildFile; fileRef = DC36CCA3209B469F009EB669 /* AppCoordinator.swift */; };
		DC36CCA5209B469F009EB669 /* AppCoordinator.swift in Sources */ = {isa = PBXBuildFile; fileRef = DC36CCA3209B469F009EB669 /* AppCoordinator.swift */; };
		DCB0DD0320A320D600BC79B6 /* UserViewController.swift in Sources */ = {isa = PBXBuildFile; fileRef = DCB0DD0020A320D600BC79B6 /* UserViewController.swift */; };
		DCB0DD0420A320D600BC79B6 /* UserViewModel.swift in Sources */ = {isa = PBXBuildFile; fileRef = DCB0DD0120A320D600BC79B6 /* UserViewModel.swift */; };
		DCB0DD0520A320D600BC79B6 /* UserViewController.xib in Resources */ = {isa = PBXBuildFile; fileRef = DCB0DD0220A320D600BC79B6 /* UserViewController.xib */; };
		DCB0DD0820A330F000BC79B6 /* UserCoordinator.swift in Sources */ = {isa = PBXBuildFile; fileRef = DCB0DD0720A330F000BC79B6 /* UserCoordinator.swift */; };
		DCB29667209B3F9A00698A44 /* AppDelegate.swift in Sources */ = {isa = PBXBuildFile; fileRef = DCB29666209B3F9A00698A44 /* AppDelegate.swift */; };
		DCB2966E209B3F9D00698A44 /* Assets.xcassets in Resources */ = {isa = PBXBuildFile; fileRef = DCB2966D209B3F9D00698A44 /* Assets.xcassets */; };
		DCB29671209B3F9D00698A44 /* LaunchScreen.storyboard in Resources */ = {isa = PBXBuildFile; fileRef = DCB2966F209B3F9D00698A44 /* LaunchScreen.storyboard */; };
		DCB2967C209B3F9D00698A44 /* XCoordinator_ExampleUITests.swift in Sources */ = {isa = PBXBuildFile; fileRef = DCB2967B209B3F9D00698A44 /* XCoordinator_ExampleUITests.swift */; };
		DCB29687209B415700698A44 /* NibIdentifiable.swift in Sources */ = {isa = PBXBuildFile; fileRef = DCB29686209B415700698A44 /* NibIdentifiable.swift */; };
		DCB29688209B415700698A44 /* NibIdentifiable.swift in Sources */ = {isa = PBXBuildFile; fileRef = DCB29686209B415700698A44 /* NibIdentifiable.swift */; };
		DCB6B9A2209C4BE200829EFB /* HomeViewController.swift in Sources */ = {isa = PBXBuildFile; fileRef = DCB6B99F209C4BE200829EFB /* HomeViewController.swift */; };
		DCB6B9A3209C4BE200829EFB /* HomeViewController.swift in Sources */ = {isa = PBXBuildFile; fileRef = DCB6B99F209C4BE200829EFB /* HomeViewController.swift */; };
		DCB6B9A4209C4BE200829EFB /* HomeViewModel.swift in Sources */ = {isa = PBXBuildFile; fileRef = DCB6B9A0209C4BE200829EFB /* HomeViewModel.swift */; };
		DCB6B9A5209C4BE200829EFB /* HomeViewModel.swift in Sources */ = {isa = PBXBuildFile; fileRef = DCB6B9A0209C4BE200829EFB /* HomeViewModel.swift */; };
		DCB6B9A6209C4BE200829EFB /* HomeViewController.xib in Resources */ = {isa = PBXBuildFile; fileRef = DCB6B9A1209C4BE200829EFB /* HomeViewController.xib */; };
		DCB6B9A7209C4BE200829EFB /* HomeViewController.xib in Resources */ = {isa = PBXBuildFile; fileRef = DCB6B9A1209C4BE200829EFB /* HomeViewController.xib */; };
		DCB6B9AA209C4DC200829EFB /* HomeTabCoordinator.swift in Sources */ = {isa = PBXBuildFile; fileRef = DCB6B9A9209C4DC200829EFB /* HomeTabCoordinator.swift */; };
		DCB6B9AB209C4DC200829EFB /* HomeTabCoordinator.swift in Sources */ = {isa = PBXBuildFile; fileRef = DCB6B9A9209C4DC200829EFB /* HomeTabCoordinator.swift */; };
		DCB6B9B3209C77B500829EFB /* UsersViewController.swift in Sources */ = {isa = PBXBuildFile; fileRef = DCB6B9B0209C77B500829EFB /* UsersViewController.swift */; };
		DCB6B9B4209C77B500829EFB /* UsersViewController.swift in Sources */ = {isa = PBXBuildFile; fileRef = DCB6B9B0209C77B500829EFB /* UsersViewController.swift */; };
		DCB6B9B5209C77B500829EFB /* UsersViewModel.swift in Sources */ = {isa = PBXBuildFile; fileRef = DCB6B9B1209C77B500829EFB /* UsersViewModel.swift */; };
		DCB6B9B6209C77B500829EFB /* UsersViewModel.swift in Sources */ = {isa = PBXBuildFile; fileRef = DCB6B9B1209C77B500829EFB /* UsersViewModel.swift */; };
		DCB6B9B7209C77B500829EFB /* UsersViewController.xib in Resources */ = {isa = PBXBuildFile; fileRef = DCB6B9B2209C77B500829EFB /* UsersViewController.xib */; };
		DCB6B9B8209C77B500829EFB /* UsersViewController.xib in Resources */ = {isa = PBXBuildFile; fileRef = DCB6B9B2209C77B500829EFB /* UsersViewController.xib */; };
		DCB6B9BB209C7AE500829EFB /* CustomPresentations.swift in Sources */ = {isa = PBXBuildFile; fileRef = DCB6B9BA209C7AE500829EFB /* CustomPresentations.swift */; };
		DCB6B9BC209C7AE500829EFB /* CustomPresentations.swift in Sources */ = {isa = PBXBuildFile; fileRef = DCB6B9BA209C7AE500829EFB /* CustomPresentations.swift */; };
		DCDCA6A020A31BA80014212F /* UserCell.xib in Resources */ = {isa = PBXBuildFile; fileRef = DCDCA69E20A31BA80014212F /* UserCell.xib */; };
		F63A7E0020FC979900E2E3D0 /* UserViewController.swift in Sources */ = {isa = PBXBuildFile; fileRef = DCB0DD0020A320D600BC79B6 /* UserViewController.swift */; };
		F6D36D7221416DCA00FCD357 /* Default-568h@2x.png in Resources */ = {isa = PBXBuildFile; fileRef = F6D36D7121416DCA00FCD357 /* Default-568h@2x.png */; };
		F6E0371420AF77DF0027EE31 /* UserCoordinator.swift in Sources */ = {isa = PBXBuildFile; fileRef = DCB0DD0720A330F000BC79B6 /* UserCoordinator.swift */; };
/* End PBXBuildFile section */

/* Begin PBXContainerItemProxy section */
		DCB29678209B3F9D00698A44 /* PBXContainerItemProxy */ = {
			isa = PBXContainerItemProxy;
			containerPortal = DCB2965B209B3F9A00698A44 /* Project object */;
			proxyType = 1;
			remoteGlobalIDString = DCB29662209B3F9A00698A44;
			remoteInfo = "RxCoordinator-Example";
		};
/* End PBXContainerItemProxy section */

/* Begin PBXFileReference section */
		17F74FE5A4C3B5CB174AA2C9 /* Pods-XCoordinator-ExampleUITests.debug.xcconfig */ = {isa = PBXFileReference; includeInIndex = 1; lastKnownFileType = text.xcconfig; name = "Pods-XCoordinator-ExampleUITests.debug.xcconfig"; path = "Pods/Target Support Files/Pods-XCoordinator-ExampleUITests/Pods-XCoordinator-ExampleUITests.debug.xcconfig"; sourceTree = "<group>"; };
		3939786355A7DBAE25D16664 /* Pods-XCoordinator-Example.debug.xcconfig */ = {isa = PBXFileReference; includeInIndex = 1; lastKnownFileType = text.xcconfig; name = "Pods-XCoordinator-Example.debug.xcconfig"; path = "Pods/Target Support Files/Pods-XCoordinator-Example/Pods-XCoordinator-Example.debug.xcconfig"; sourceTree = "<group>"; };
		46F571D13EFD76D6E4649AF5 /* Pods_XCoordinator_Example.framework */ = {isa = PBXFileReference; explicitFileType = wrapper.framework; includeInIndex = 0; path = Pods_XCoordinator_Example.framework; sourceTree = BUILT_PRODUCTS_DIR; };
		55EB5B0A5F36DF91310F3939 /* Pods-XCoordinator-Example.release.xcconfig */ = {isa = PBXFileReference; includeInIndex = 1; lastKnownFileType = text.xcconfig; name = "Pods-XCoordinator-Example.release.xcconfig"; path = "Pods/Target Support Files/Pods-XCoordinator-Example/Pods-XCoordinator-Example.release.xcconfig"; sourceTree = "<group>"; };
		86DF3D59B2A0567AB053945F /* Pods_XCoordinator_ExampleUITests.framework */ = {isa = PBXFileReference; explicitFileType = wrapper.framework; includeInIndex = 0; path = Pods_XCoordinator_ExampleUITests.framework; sourceTree = BUILT_PRODUCTS_DIR; };
		8C5EB8C9580F4AB0A311207F /* Pods-XCoordinator-ExampleUITests.release.xcconfig */ = {isa = PBXFileReference; includeInIndex = 1; lastKnownFileType = text.xcconfig; name = "Pods-XCoordinator-ExampleUITests.release.xcconfig"; path = "Pods/Target Support Files/Pods-XCoordinator-ExampleUITests/Pods-XCoordinator-ExampleUITests.release.xcconfig"; sourceTree = "<group>"; };
		9B44F809210EFD7E00FC9E15 /* HomePageCoordinator.swift */ = {isa = PBXFileReference; lastKnownFileType = sourcecode.swift; path = HomePageCoordinator.swift; sourceTree = "<group>"; };
		9B44F80B210F115300FC9E15 /* HomeSplitCoordinator.swift */ = {isa = PBXFileReference; lastKnownFileType = sourcecode.swift; path = HomeSplitCoordinator.swift; sourceTree = "<group>"; };
		9B49C7E3210BF10100FE086A /* UserListCoordinator.swift */ = {isa = PBXFileReference; lastKnownFileType = sourcecode.swift; path = UserListCoordinator.swift; sourceTree = "<group>"; };
		9B49C7E5210BF21900FE086A /* NewsViewController.swift */ = {isa = PBXFileReference; lastKnownFileType = sourcecode.swift; path = NewsViewController.swift; sourceTree = "<group>"; };
		9B49C7E6210BF21900FE086A /* NewsViewModelImpl.swift */ = {isa = PBXFileReference; lastKnownFileType = sourcecode.swift; path = NewsViewModelImpl.swift; sourceTree = "<group>"; };
		9B49C7E7210BF21900FE086A /* NewsViewModel.swift */ = {isa = PBXFileReference; lastKnownFileType = sourcecode.swift; path = NewsViewModel.swift; sourceTree = "<group>"; };
		9B49C7E8210BF21900FE086A /* NewsViewController.xib */ = {isa = PBXFileReference; lastKnownFileType = file.xib; path = NewsViewController.xib; sourceTree = "<group>"; };
		9BECE273210C8E220051010B /* NewsService.swift */ = {isa = PBXFileReference; lastKnownFileType = sourcecode.swift; path = NewsService.swift; sourceTree = "<group>"; };
		9BECE276210CAB370051010B /* NewsCoordinator.swift */ = {isa = PBXFileReference; lastKnownFileType = sourcecode.swift; path = NewsCoordinator.swift; sourceTree = "<group>"; };
		9BECE279210CB97E0051010B /* NewsDetailViewController.swift */ = {isa = PBXFileReference; lastKnownFileType = sourcecode.swift; path = NewsDetailViewController.swift; sourceTree = "<group>"; };
		9BECE27A210CB97E0051010B /* NewsDetailViewModelImpl.swift */ = {isa = PBXFileReference; lastKnownFileType = sourcecode.swift; path = NewsDetailViewModelImpl.swift; sourceTree = "<group>"; };
		9BECE27B210CB97E0051010B /* NewsDetailViewModel.swift */ = {isa = PBXFileReference; lastKnownFileType = sourcecode.swift; path = NewsDetailViewModel.swift; sourceTree = "<group>"; };
		9BECE27C210CB97E0051010B /* NewsDetailViewController.xib */ = {isa = PBXFileReference; lastKnownFileType = file.xib; path = NewsDetailViewController.xib; sourceTree = "<group>"; };
		DC36CC94209B440D009EB669 /* BindableType.swift */ = {isa = PBXFileReference; lastKnownFileType = sourcecode.swift; path = BindableType.swift; sourceTree = "<group>"; };
		DC36CC97209B4436009EB669 /* LoginViewController.swift */ = {isa = PBXFileReference; lastKnownFileType = sourcecode.swift; path = LoginViewController.swift; sourceTree = "<group>"; };
		DC36CC98209B4436009EB669 /* LoginViewModel.swift */ = {isa = PBXFileReference; lastKnownFileType = sourcecode.swift; path = LoginViewModel.swift; sourceTree = "<group>"; };
		DC36CC99209B4436009EB669 /* LoginViewController.xib */ = {isa = PBXFileReference; lastKnownFileType = file.xib; path = LoginViewController.xib; sourceTree = "<group>"; };
		DC36CCA3209B469F009EB669 /* AppCoordinator.swift */ = {isa = PBXFileReference; lastKnownFileType = sourcecode.swift; path = AppCoordinator.swift; sourceTree = "<group>"; };
		DCB0DD0020A320D600BC79B6 /* UserViewController.swift */ = {isa = PBXFileReference; lastKnownFileType = sourcecode.swift; path = UserViewController.swift; sourceTree = "<group>"; };
		DCB0DD0120A320D600BC79B6 /* UserViewModel.swift */ = {isa = PBXFileReference; lastKnownFileType = sourcecode.swift; path = UserViewModel.swift; sourceTree = "<group>"; };
		DCB0DD0220A320D600BC79B6 /* UserViewController.xib */ = {isa = PBXFileReference; lastKnownFileType = file.xib; path = UserViewController.xib; sourceTree = "<group>"; };
		DCB0DD0720A330F000BC79B6 /* UserCoordinator.swift */ = {isa = PBXFileReference; lastKnownFileType = sourcecode.swift; path = UserCoordinator.swift; sourceTree = "<group>"; };
		DCB29663209B3F9A00698A44 /* XCoordinator-Example.app */ = {isa = PBXFileReference; explicitFileType = wrapper.application; includeInIndex = 0; path = "XCoordinator-Example.app"; sourceTree = BUILT_PRODUCTS_DIR; };
		DCB29666209B3F9A00698A44 /* AppDelegate.swift */ = {isa = PBXFileReference; lastKnownFileType = sourcecode.swift; path = AppDelegate.swift; sourceTree = "<group>"; };
		DCB2966D209B3F9D00698A44 /* Assets.xcassets */ = {isa = PBXFileReference; lastKnownFileType = folder.assetcatalog; path = Assets.xcassets; sourceTree = "<group>"; };
		DCB29670209B3F9D00698A44 /* Base */ = {isa = PBXFileReference; lastKnownFileType = file.storyboard; name = Base; path = Base.lproj/LaunchScreen.storyboard; sourceTree = "<group>"; };
		DCB29672209B3F9D00698A44 /* Info.plist */ = {isa = PBXFileReference; lastKnownFileType = text.plist.xml; path = Info.plist; sourceTree = "<group>"; };
		DCB29677209B3F9D00698A44 /* XCoordinator-ExampleUITests.xctest */ = {isa = PBXFileReference; explicitFileType = wrapper.cfbundle; includeInIndex = 0; path = "XCoordinator-ExampleUITests.xctest"; sourceTree = BUILT_PRODUCTS_DIR; };
		DCB2967B209B3F9D00698A44 /* XCoordinator_ExampleUITests.swift */ = {isa = PBXFileReference; lastKnownFileType = sourcecode.swift; path = XCoordinator_ExampleUITests.swift; sourceTree = "<group>"; };
		DCB2967D209B3F9D00698A44 /* Info.plist */ = {isa = PBXFileReference; lastKnownFileType = text.plist.xml; path = Info.plist; sourceTree = "<group>"; };
		DCB29686209B415700698A44 /* NibIdentifiable.swift */ = {isa = PBXFileReference; lastKnownFileType = sourcecode.swift; path = NibIdentifiable.swift; sourceTree = "<group>"; };
		DCB6B99F209C4BE200829EFB /* HomeViewController.swift */ = {isa = PBXFileReference; lastKnownFileType = sourcecode.swift; path = HomeViewController.swift; sourceTree = "<group>"; };
		DCB6B9A0209C4BE200829EFB /* HomeViewModel.swift */ = {isa = PBXFileReference; lastKnownFileType = sourcecode.swift; path = HomeViewModel.swift; sourceTree = "<group>"; };
		DCB6B9A1209C4BE200829EFB /* HomeViewController.xib */ = {isa = PBXFileReference; lastKnownFileType = file.xib; path = HomeViewController.xib; sourceTree = "<group>"; };
		DCB6B9A9209C4DC200829EFB /* HomeTabCoordinator.swift */ = {isa = PBXFileReference; lastKnownFileType = sourcecode.swift; path = HomeTabCoordinator.swift; sourceTree = "<group>"; };
		DCB6B9B0209C77B500829EFB /* UsersViewController.swift */ = {isa = PBXFileReference; lastKnownFileType = sourcecode.swift; path = UsersViewController.swift; sourceTree = "<group>"; };
		DCB6B9B1209C77B500829EFB /* UsersViewModel.swift */ = {isa = PBXFileReference; lastKnownFileType = sourcecode.swift; path = UsersViewModel.swift; sourceTree = "<group>"; };
		DCB6B9B2209C77B500829EFB /* UsersViewController.xib */ = {isa = PBXFileReference; lastKnownFileType = file.xib; path = UsersViewController.xib; sourceTree = "<group>"; };
		DCB6B9BA209C7AE500829EFB /* CustomPresentations.swift */ = {isa = PBXFileReference; lastKnownFileType = sourcecode.swift; path = CustomPresentations.swift; sourceTree = "<group>"; };
		DCDCA69E20A31BA80014212F /* UserCell.xib */ = {isa = PBXFileReference; lastKnownFileType = file.xib; path = UserCell.xib; sourceTree = "<group>"; };
		F6D36D7121416DCA00FCD357 /* Default-568h@2x.png */ = {isa = PBXFileReference; lastKnownFileType = image.png; path = "Default-568h@2x.png"; sourceTree = "<group>"; };
/* End PBXFileReference section */

/* Begin PBXFrameworksBuildPhase section */
		DCB29660209B3F9A00698A44 /* Frameworks */ = {
			isa = PBXFrameworksBuildPhase;
			buildActionMask = 2147483647;
			files = (
				3933375BA780C51DB7B8357B /* Pods_XCoordinator_Example.framework in Frameworks */,
			);
			runOnlyForDeploymentPostprocessing = 0;
		};
		DCB29674209B3F9D00698A44 /* Frameworks */ = {
			isa = PBXFrameworksBuildPhase;
			buildActionMask = 2147483647;
			files = (
				8CD9A7878B53157729BEC245 /* Pods_XCoordinator_ExampleUITests.framework in Frameworks */,
			);
			runOnlyForDeploymentPostprocessing = 0;
		};
/* End PBXFrameworksBuildPhase section */

/* Begin PBXGroup section */
		46859D90AB1D11AA4CEBF150 /* Pods */ = {
			isa = PBXGroup;
			children = (
				3939786355A7DBAE25D16664 /* Pods-XCoordinator-Example.debug.xcconfig */,
				55EB5B0A5F36DF91310F3939 /* Pods-XCoordinator-Example.release.xcconfig */,
				17F74FE5A4C3B5CB174AA2C9 /* Pods-XCoordinator-ExampleUITests.debug.xcconfig */,
				8C5EB8C9580F4AB0A311207F /* Pods-XCoordinator-ExampleUITests.release.xcconfig */,
			);
			name = Pods;
			sourceTree = "<group>";
		};
		99C283C58A48CF521B805ED4 /* Frameworks */ = {
			isa = PBXGroup;
			children = (
				46F571D13EFD76D6E4649AF5 /* Pods_XCoordinator_Example.framework */,
				86DF3D59B2A0567AB053945F /* Pods_XCoordinator_ExampleUITests.framework */,
			);
			name = Frameworks;
			sourceTree = "<group>";
		};
		9B49C7ED210BF22100FE086A /* News */ = {
			isa = PBXGroup;
			children = (
				9BECE285210CB9810051010B /* NewsDetail */,
				9BECE273210C8E220051010B /* NewsService.swift */,
				9B49C7E5210BF21900FE086A /* NewsViewController.swift */,
				9B49C7E6210BF21900FE086A /* NewsViewModelImpl.swift */,
				9B49C7E7210BF21900FE086A /* NewsViewModel.swift */,
				9B49C7E8210BF21900FE086A /* NewsViewController.xib */,
			);
			path = News;
			sourceTree = "<group>";
		};
		9B77FEFE210DCDDD0043204F /* Common */ = {
			isa = PBXGroup;
			children = (
				DCB29666209B3F9A00698A44 /* AppDelegate.swift */,
				DCB2966D209B3F9D00698A44 /* Assets.xcassets */,
				DCB2966F209B3F9D00698A44 /* LaunchScreen.storyboard */,
				DCB29672209B3F9D00698A44 /* Info.plist */,
			);
			path = Common;
			sourceTree = "<group>";
		};
		9B77FEFF210DCDEA0043204F /* Scenes */ = {
			isa = PBXGroup;
			children = (
				9B49C7ED210BF22100FE086A /* News */,
				DCB0DCFF20A320C200BC79B6 /* User */,
				DCB6B9AF209C778F00829EFB /* UserList */,
				DC36CCA2209B4689009EB669 /* Home */,
				DCB29689209B41C900698A44 /* Login */,
			);
			path = Scenes;
			sourceTree = "<group>";
		};
		9BECE285210CB9810051010B /* NewsDetail */ = {
			isa = PBXGroup;
			children = (
				9BECE279210CB97E0051010B /* NewsDetailViewController.swift */,
				9BECE27A210CB97E0051010B /* NewsDetailViewModelImpl.swift */,
				9BECE27B210CB97E0051010B /* NewsDetailViewModel.swift */,
				9BECE27C210CB97E0051010B /* NewsDetailViewController.xib */,
			);
			path = NewsDetail;
			sourceTree = "<group>";
		};
		DC36CCA0209B465A009EB669 /* Coordinators */ = {
			isa = PBXGroup;
			children = (
				DC36CCA3209B469F009EB669 /* AppCoordinator.swift */,
				9B44F809210EFD7E00FC9E15 /* HomePageCoordinator.swift */,
				9B44F80B210F115300FC9E15 /* HomeSplitCoordinator.swift */,
				DCB6B9A9209C4DC200829EFB /* HomeTabCoordinator.swift */,
				9BECE276210CAB370051010B /* NewsCoordinator.swift */,
				DCB0DD0720A330F000BC79B6 /* UserCoordinator.swift */,
				9B49C7E3210BF10100FE086A /* UserListCoordinator.swift */,
			);
			path = Coordinators;
			sourceTree = "<group>";
		};
		DC36CCA2209B4689009EB669 /* Home */ = {
			isa = PBXGroup;
			children = (
				DCB6B99F209C4BE200829EFB /* HomeViewController.swift */,
				DCB6B9A0209C4BE200829EFB /* HomeViewModel.swift */,
				DCB6B9A1209C4BE200829EFB /* HomeViewController.xib */,
			);
			path = Home;
			sourceTree = "<group>";
		};
		DCB0DCFF20A320C200BC79B6 /* User */ = {
			isa = PBXGroup;
			children = (
				DCB0DD0020A320D600BC79B6 /* UserViewController.swift */,
				DCB0DD0120A320D600BC79B6 /* UserViewModel.swift */,
				DCB0DD0220A320D600BC79B6 /* UserViewController.xib */,
			);
			path = User;
			sourceTree = "<group>";
		};
		DCB2965A209B3F9A00698A44 = {
			isa = PBXGroup;
			children = (
				F6D36D7121416DCA00FCD357 /* Default-568h@2x.png */,
				DCB29665209B3F9A00698A44 /* XCoordinator-Example */,
				DCB2967A209B3F9D00698A44 /* XCoordinator-ExampleUITests */,
				DCB29664209B3F9A00698A44 /* Products */,
				46859D90AB1D11AA4CEBF150 /* Pods */,
				99C283C58A48CF521B805ED4 /* Frameworks */,
			);
			sourceTree = "<group>";
		};
		DCB29664209B3F9A00698A44 /* Products */ = {
			isa = PBXGroup;
			children = (
				DCB29663209B3F9A00698A44 /* XCoordinator-Example.app */,
				DCB29677209B3F9D00698A44 /* XCoordinator-ExampleUITests.xctest */,
			);
			name = Products;
			sourceTree = "<group>";
		};
		DCB29665209B3F9A00698A44 /* XCoordinator-Example */ = {
			isa = PBXGroup;
			children = (
				9B77FEFE210DCDDD0043204F /* Common */,
				DC36CCA0209B465A009EB669 /* Coordinators */,
				9B77FEFF210DCDEA0043204F /* Scenes */,
				DCB6B9B9209C7AB500829EFB /* Utils */,
			);
			path = "XCoordinator-Example";
			sourceTree = "<group>";
		};
		DCB2967A209B3F9D00698A44 /* XCoordinator-ExampleUITests */ = {
			isa = PBXGroup;
			children = (
				DCB2967B209B3F9D00698A44 /* XCoordinator_ExampleUITests.swift */,
				DCB2967D209B3F9D00698A44 /* Info.plist */,
			);
			path = "XCoordinator-ExampleUITests";
			sourceTree = "<group>";
		};
		DCB29689209B41C900698A44 /* Login */ = {
			isa = PBXGroup;
			children = (
				DC36CC97209B4436009EB669 /* LoginViewController.swift */,
				DC36CC98209B4436009EB669 /* LoginViewModel.swift */,
				DC36CC99209B4436009EB669 /* LoginViewController.xib */,
			);
			path = Login;
			sourceTree = "<group>";
		};
		DCB6B9AF209C778F00829EFB /* UserList */ = {
			isa = PBXGroup;
			children = (
				DCDCA69C20A31B6A0014212F /* Cell */,
				DCB6B9B0209C77B500829EFB /* UsersViewController.swift */,
				DCB6B9B1209C77B500829EFB /* UsersViewModel.swift */,
				DCB6B9B2209C77B500829EFB /* UsersViewController.xib */,
			);
			path = UserList;
			sourceTree = "<group>";
		};
		DCB6B9B9209C7AB500829EFB /* Utils */ = {
			isa = PBXGroup;
			children = (
				DCB29686209B415700698A44 /* NibIdentifiable.swift */,
				DC36CC94209B440D009EB669 /* BindableType.swift */,
				DCB6B9BA209C7AE500829EFB /* CustomPresentations.swift */,
			);
			path = Utils;
			sourceTree = "<group>";
		};
		DCDCA69C20A31B6A0014212F /* Cell */ = {
			isa = PBXGroup;
			children = (
				DCDCA69E20A31BA80014212F /* UserCell.xib */,
			);
			path = Cell;
			sourceTree = "<group>";
		};
/* End PBXGroup section */

/* Begin PBXNativeTarget section */
		DCB29662209B3F9A00698A44 /* XCoordinator-Example */ = {
			isa = PBXNativeTarget;
			buildConfigurationList = DCB29680209B3F9D00698A44 /* Build configuration list for PBXNativeTarget "XCoordinator-Example" */;
			buildPhases = (
				3F7F125FF98F603EC5C9C875 /* [CP] Check Pods Manifest.lock */,
				DCB2965F209B3F9A00698A44 /* Sources */,
				DCB29660209B3F9A00698A44 /* Frameworks */,
				DCB29661209B3F9A00698A44 /* Resources */,
				57370787201A71E6C1ABF3DB /* [CP] Embed Pods Frameworks */,
			);
			buildRules = (
			);
			dependencies = (
			);
			name = "XCoordinator-Example";
			productName = "RxCoordinator-Example";
			productReference = DCB29663209B3F9A00698A44 /* XCoordinator-Example.app */;
			productType = "com.apple.product-type.application";
		};
		DCB29676209B3F9D00698A44 /* XCoordinator-ExampleUITests */ = {
			isa = PBXNativeTarget;
			buildConfigurationList = DCB29683209B3F9D00698A44 /* Build configuration list for PBXNativeTarget "XCoordinator-ExampleUITests" */;
			buildPhases = (
				F5DBB855F4C838F547DC6EEF /* [CP] Check Pods Manifest.lock */,
				DCB29673209B3F9D00698A44 /* Sources */,
				DCB29674209B3F9D00698A44 /* Frameworks */,
				DCB29675209B3F9D00698A44 /* Resources */,
			);
			buildRules = (
			);
			dependencies = (
				DCB29679209B3F9D00698A44 /* PBXTargetDependency */,
			);
			name = "XCoordinator-ExampleUITests";
			productName = "RxCoordinator-ExampleUITests";
			productReference = DCB29677209B3F9D00698A44 /* XCoordinator-ExampleUITests.xctest */;
			productType = "com.apple.product-type.bundle.ui-testing";
		};
/* End PBXNativeTarget section */

/* Begin PBXProject section */
		DCB2965B209B3F9A00698A44 /* Project object */ = {
			isa = PBXProject;
			attributes = {
				LastSwiftUpdateCheck = 0930;
				LastUpgradeCheck = 0930;
				ORGANIZATIONNAME = "Joan Disho";
				TargetAttributes = {
					DCB29662209B3F9A00698A44 = {
						CreatedOnToolsVersion = 9.3;
					};
					DCB29676209B3F9D00698A44 = {
						CreatedOnToolsVersion = 9.3;
						TestTargetID = DCB29662209B3F9A00698A44;
					};
				};
			};
			buildConfigurationList = DCB2965E209B3F9A00698A44 /* Build configuration list for PBXProject "XCoordinator-Example" */;
			compatibilityVersion = "Xcode 9.3";
			developmentRegion = en;
			hasScannedForEncodings = 0;
			knownRegions = (
				en,
				Base,
			);
			mainGroup = DCB2965A209B3F9A00698A44;
			productRefGroup = DCB29664209B3F9A00698A44 /* Products */;
			projectDirPath = "";
			projectRoot = "";
			targets = (
				DCB29662209B3F9A00698A44 /* XCoordinator-Example */,
				DCB29676209B3F9D00698A44 /* XCoordinator-ExampleUITests */,
			);
		};
/* End PBXProject section */

/* Begin PBXResourcesBuildPhase section */
		DCB29661209B3F9A00698A44 /* Resources */ = {
			isa = PBXResourcesBuildPhase;
			buildActionMask = 2147483647;
			files = (
				DCB29671209B3F9D00698A44 /* LaunchScreen.storyboard in Resources */,
				DCB6B9B7209C77B500829EFB /* UsersViewController.xib in Resources */,
				DC36CC9E209B4436009EB669 /* LoginViewController.xib in Resources */,
				F6D36D7221416DCA00FCD357 /* Default-568h@2x.png in Resources */,
				9BECE283210CB97E0051010B /* NewsDetailViewController.xib in Resources */,
				9B49C7EC210BF21900FE086A /* NewsViewController.xib in Resources */,
				DCB6B9A6209C4BE200829EFB /* HomeViewController.xib in Resources */,
				DCB2966E209B3F9D00698A44 /* Assets.xcassets in Resources */,
				DCB0DD0520A320D600BC79B6 /* UserViewController.xib in Resources */,
				DCDCA6A020A31BA80014212F /* UserCell.xib in Resources */,
			);
			runOnlyForDeploymentPostprocessing = 0;
		};
		DCB29675209B3F9D00698A44 /* Resources */ = {
			isa = PBXResourcesBuildPhase;
			buildActionMask = 2147483647;
			files = (
				9BECE284210CB97E0051010B /* NewsDetailViewController.xib in Resources */,
				DC36CC9F209B4436009EB669 /* LoginViewController.xib in Resources */,
				9B49C7F4210C0DCA00FE086A /* UserViewController.xib in Resources */,
				DCB6B9B8209C77B500829EFB /* UsersViewController.xib in Resources */,
				DCB6B9A7209C4BE200829EFB /* HomeViewController.xib in Resources */,
				9B49C7F2210BF49D00FE086A /* NewsViewController.xib in Resources */,
			);
			runOnlyForDeploymentPostprocessing = 0;
		};
/* End PBXResourcesBuildPhase section */

/* Begin PBXShellScriptBuildPhase section */
		3F7F125FF98F603EC5C9C875 /* [CP] Check Pods Manifest.lock */ = {
			isa = PBXShellScriptBuildPhase;
			buildActionMask = 2147483647;
			files = (
			);
			inputPaths = (
				"${PODS_PODFILE_DIR_PATH}/Podfile.lock",
				"${PODS_ROOT}/Manifest.lock",
			);
			name = "[CP] Check Pods Manifest.lock";
			outputPaths = (
				"$(DERIVED_FILE_DIR)/Pods-XCoordinator-Example-checkManifestLockResult.txt",
			);
			runOnlyForDeploymentPostprocessing = 0;
			shellPath = /bin/sh;
			shellScript = "diff \"${PODS_PODFILE_DIR_PATH}/Podfile.lock\" \"${PODS_ROOT}/Manifest.lock\" > /dev/null\nif [ $? != 0 ] ; then\n    # print error to STDERR\n    echo \"error: The sandbox is not in sync with the Podfile.lock. Run 'pod install' or update your CocoaPods installation.\" >&2\n    exit 1\nfi\n# This output is used by Xcode 'outputs' to avoid re-running this script phase.\necho \"SUCCESS\" > \"${SCRIPT_OUTPUT_FILE_0}\"\n";
			showEnvVarsInLog = 0;
		};
		57370787201A71E6C1ABF3DB /* [CP] Embed Pods Frameworks */ = {
			isa = PBXShellScriptBuildPhase;
			buildActionMask = 2147483647;
			files = (
			);
			inputPaths = (
				"${SRCROOT}/Pods/Target Support Files/Pods-XCoordinator-Example/Pods-XCoordinator-Example-frameworks.sh",
				"${BUILT_PRODUCTS_DIR}/Action/Action.framework",
				"${BUILT_PRODUCTS_DIR}/RxCocoa/RxCocoa.framework",
				"${BUILT_PRODUCTS_DIR}/RxSwift/RxSwift.framework",
				"${BUILT_PRODUCTS_DIR}/XCoordinator/XCoordinator.framework",
			);
			name = "[CP] Embed Pods Frameworks";
			outputPaths = (
				"${TARGET_BUILD_DIR}/${FRAMEWORKS_FOLDER_PATH}/Action.framework",
				"${TARGET_BUILD_DIR}/${FRAMEWORKS_FOLDER_PATH}/RxCocoa.framework",
				"${TARGET_BUILD_DIR}/${FRAMEWORKS_FOLDER_PATH}/RxSwift.framework",
				"${TARGET_BUILD_DIR}/${FRAMEWORKS_FOLDER_PATH}/XCoordinator.framework",
			);
			runOnlyForDeploymentPostprocessing = 0;
			shellPath = /bin/sh;
			shellScript = "\"${SRCROOT}/Pods/Target Support Files/Pods-XCoordinator-Example/Pods-XCoordinator-Example-frameworks.sh\"\n";
			showEnvVarsInLog = 0;
		};
		F5DBB855F4C838F547DC6EEF /* [CP] Check Pods Manifest.lock */ = {
			isa = PBXShellScriptBuildPhase;
			buildActionMask = 2147483647;
			files = (
			);
			inputPaths = (
				"${PODS_PODFILE_DIR_PATH}/Podfile.lock",
				"${PODS_ROOT}/Manifest.lock",
			);
			name = "[CP] Check Pods Manifest.lock";
			outputPaths = (
				"$(DERIVED_FILE_DIR)/Pods-XCoordinator-ExampleUITests-checkManifestLockResult.txt",
			);
			runOnlyForDeploymentPostprocessing = 0;
			shellPath = /bin/sh;
			shellScript = "diff \"${PODS_PODFILE_DIR_PATH}/Podfile.lock\" \"${PODS_ROOT}/Manifest.lock\" > /dev/null\nif [ $? != 0 ] ; then\n    # print error to STDERR\n    echo \"error: The sandbox is not in sync with the Podfile.lock. Run 'pod install' or update your CocoaPods installation.\" >&2\n    exit 1\nfi\n# This output is used by Xcode 'outputs' to avoid re-running this script phase.\necho \"SUCCESS\" > \"${SCRIPT_OUTPUT_FILE_0}\"\n";
			showEnvVarsInLog = 0;
		};
/* End PBXShellScriptBuildPhase section */

/* Begin PBXSourcesBuildPhase section */
		DCB2965F209B3F9A00698A44 /* Sources */ = {
			isa = PBXSourcesBuildPhase;
			buildActionMask = 2147483647;
			files = (
				DCB0DD0820A330F000BC79B6 /* UserCoordinator.swift in Sources */,
				DC36CC9A209B4436009EB669 /* LoginViewController.swift in Sources */,
				DCB0DD0320A320D600BC79B6 /* UserViewController.swift in Sources */,
				9B44F80C210F115300FC9E15 /* HomeSplitCoordinator.swift in Sources */,
				9BECE274210C8E220051010B /* NewsService.swift in Sources */,
				DCB6B9B5209C77B500829EFB /* UsersViewModel.swift in Sources */,
				DC36CC95209B440D009EB669 /* BindableType.swift in Sources */,
				9BECE27F210CB97E0051010B /* NewsDetailViewModelImpl.swift in Sources */,
				DCB6B9B3209C77B500829EFB /* UsersViewController.swift in Sources */,
				DC36CCA4209B469F009EB669 /* AppCoordinator.swift in Sources */,
				9BECE27D210CB97E0051010B /* NewsDetailViewController.swift in Sources */,
				9B49C7EB210BF21900FE086A /* NewsViewModel.swift in Sources */,
				DCB6B9A4209C4BE200829EFB /* HomeViewModel.swift in Sources */,
				DCB29687209B415700698A44 /* NibIdentifiable.swift in Sources */,
				DCB0DD0420A320D600BC79B6 /* UserViewModel.swift in Sources */,
				DCB6B9A2209C4BE200829EFB /* HomeViewController.swift in Sources */,
				DC36CC9C209B4436009EB669 /* LoginViewModel.swift in Sources */,
				DCB6B9BB209C7AE500829EFB /* CustomPresentations.swift in Sources */,
				9B44F80A210EFD7E00FC9E15 /* HomePageCoordinator.swift in Sources */,
				DCB6B9AA209C4DC200829EFB /* HomeTabCoordinator.swift in Sources */,
				9BECE277210CAB370051010B /* NewsCoordinator.swift in Sources */,
				9B49C7E9210BF21900FE086A /* NewsViewController.swift in Sources */,
				9B49C7EA210BF21900FE086A /* NewsViewModelImpl.swift in Sources */,
				9BECE281210CB97E0051010B /* NewsDetailViewModel.swift in Sources */,
				DCB29667209B3F9A00698A44 /* AppDelegate.swift in Sources */,
				9B49C7E4210BF10100FE086A /* UserListCoordinator.swift in Sources */,
			);
			runOnlyForDeploymentPostprocessing = 0;
		};
		DCB29673209B3F9D00698A44 /* Sources */ = {
			isa = PBXSourcesBuildPhase;
			buildActionMask = 2147483647;
			files = (
				9BECE282210CB97E0051010B /* NewsDetailViewModel.swift in Sources */,
				DC36CCA5209B469F009EB669 /* AppCoordinator.swift in Sources */,
				9B49C7F1210BF49700FE086A /* NewsViewModel.swift in Sources */,
				DCB6B9B6209C77B500829EFB /* UsersViewModel.swift in Sources */,
				DCB6B9B4209C77B500829EFB /* UsersViewController.swift in Sources */,
				9BECE280210CB97E0051010B /* NewsDetailViewModelImpl.swift in Sources */,
				DCB6B9A5209C4BE200829EFB /* HomeViewModel.swift in Sources */,
				DCB2967C209B3F9D00698A44 /* XCoordinator_ExampleUITests.swift in Sources */,
				9BECE27E210CB97E0051010B /* NewsDetailViewController.swift in Sources */,
				DCB6B9AB209C4DC200829EFB /* HomeTabCoordinator.swift in Sources */,
				9BECE278210CAB9F0051010B /* NewsCoordinator.swift in Sources */,
				DC36CC9D209B4436009EB669 /* LoginViewModel.swift in Sources */,
				F63A7E0020FC979900E2E3D0 /* UserViewController.swift in Sources */,
				9B49C7F0210BF49400FE086A /* NewsViewModelImpl.swift in Sources */,
				9BECE275210C91300051010B /* NewsService.swift in Sources */,
				9B49C7EE210BF48E00FE086A /* UserListCoordinator.swift in Sources */,
				DCB6B9A3209C4BE200829EFB /* HomeViewController.swift in Sources */,
				DC36CC9B209B4436009EB669 /* LoginViewController.swift in Sources */,
				9B49C7F3210C0DC400FE086A /* UserViewModel.swift in Sources */,
				DC36CC96209B440D009EB669 /* BindableType.swift in Sources */,
				DCB29688209B415700698A44 /* NibIdentifiable.swift in Sources */,
				F6E0371420AF77DF0027EE31 /* UserCoordinator.swift in Sources */,
				DCB6B9BC209C7AE500829EFB /* CustomPresentations.swift in Sources */,
				9B49C7EF210BF49100FE086A /* NewsViewController.swift in Sources */,
			);
			runOnlyForDeploymentPostprocessing = 0;
		};
/* End PBXSourcesBuildPhase section */

/* Begin PBXTargetDependency section */
		DCB29679209B3F9D00698A44 /* PBXTargetDependency */ = {
			isa = PBXTargetDependency;
			target = DCB29662209B3F9A00698A44 /* XCoordinator-Example */;
			targetProxy = DCB29678209B3F9D00698A44 /* PBXContainerItemProxy */;
		};
/* End PBXTargetDependency section */

/* Begin PBXVariantGroup section */
		DCB2966F209B3F9D00698A44 /* LaunchScreen.storyboard */ = {
			isa = PBXVariantGroup;
			children = (
				DCB29670209B3F9D00698A44 /* Base */,
			);
			name = LaunchScreen.storyboard;
			sourceTree = "<group>";
		};
/* End PBXVariantGroup section */

/* Begin XCBuildConfiguration section */
		DCB2967E209B3F9D00698A44 /* Debug */ = {
			isa = XCBuildConfiguration;
			buildSettings = {
				ALWAYS_SEARCH_USER_PATHS = NO;
				CLANG_ANALYZER_NONNULL = YES;
				CLANG_ANALYZER_NUMBER_OBJECT_CONVERSION = YES_AGGRESSIVE;
				CLANG_CXX_LANGUAGE_STANDARD = "gnu++14";
				CLANG_CXX_LIBRARY = "libc++";
				CLANG_ENABLE_MODULES = YES;
				CLANG_ENABLE_OBJC_ARC = YES;
				CLANG_ENABLE_OBJC_WEAK = YES;
				CLANG_WARN_BLOCK_CAPTURE_AUTORELEASING = YES;
				CLANG_WARN_BOOL_CONVERSION = YES;
				CLANG_WARN_COMMA = YES;
				CLANG_WARN_CONSTANT_CONVERSION = YES;
				CLANG_WARN_DEPRECATED_OBJC_IMPLEMENTATIONS = YES;
				CLANG_WARN_DIRECT_OBJC_ISA_USAGE = YES_ERROR;
				CLANG_WARN_DOCUMENTATION_COMMENTS = YES;
				CLANG_WARN_EMPTY_BODY = YES;
				CLANG_WARN_ENUM_CONVERSION = YES;
				CLANG_WARN_INFINITE_RECURSION = YES;
				CLANG_WARN_INT_CONVERSION = YES;
				CLANG_WARN_NON_LITERAL_NULL_CONVERSION = YES;
				CLANG_WARN_OBJC_IMPLICIT_RETAIN_SELF = YES;
				CLANG_WARN_OBJC_LITERAL_CONVERSION = YES;
				CLANG_WARN_OBJC_ROOT_CLASS = YES_ERROR;
				CLANG_WARN_RANGE_LOOP_ANALYSIS = YES;
				CLANG_WARN_STRICT_PROTOTYPES = YES;
				CLANG_WARN_SUSPICIOUS_MOVE = YES;
				CLANG_WARN_UNGUARDED_AVAILABILITY = YES_AGGRESSIVE;
				CLANG_WARN_UNREACHABLE_CODE = YES;
				CLANG_WARN__DUPLICATE_METHOD_MATCH = YES;
				CODE_SIGN_IDENTITY = "iPhone Developer";
				COPY_PHASE_STRIP = NO;
				DEBUG_INFORMATION_FORMAT = dwarf;
				ENABLE_STRICT_OBJC_MSGSEND = YES;
				ENABLE_TESTABILITY = YES;
				GCC_C_LANGUAGE_STANDARD = gnu11;
				GCC_DYNAMIC_NO_PIC = NO;
				GCC_NO_COMMON_BLOCKS = YES;
				GCC_OPTIMIZATION_LEVEL = 0;
				GCC_PREPROCESSOR_DEFINITIONS = (
					"DEBUG=1",
					"$(inherited)",
				);
				GCC_WARN_64_TO_32_BIT_CONVERSION = YES;
				GCC_WARN_ABOUT_RETURN_TYPE = YES_ERROR;
				GCC_WARN_UNDECLARED_SELECTOR = YES;
				GCC_WARN_UNINITIALIZED_AUTOS = YES_AGGRESSIVE;
				GCC_WARN_UNUSED_FUNCTION = YES;
				GCC_WARN_UNUSED_VARIABLE = YES;
				IPHONEOS_DEPLOYMENT_TARGET = 11.3;
				MTL_ENABLE_DEBUG_INFO = YES;
				ONLY_ACTIVE_ARCH = YES;
				SDKROOT = iphoneos;
				SWIFT_ACTIVE_COMPILATION_CONDITIONS = DEBUG;
				SWIFT_OPTIMIZATION_LEVEL = "-Onone";
			};
			name = Debug;
		};
		DCB2967F209B3F9D00698A44 /* Release */ = {
			isa = XCBuildConfiguration;
			buildSettings = {
				ALWAYS_SEARCH_USER_PATHS = NO;
				CLANG_ANALYZER_NONNULL = YES;
				CLANG_ANALYZER_NUMBER_OBJECT_CONVERSION = YES_AGGRESSIVE;
				CLANG_CXX_LANGUAGE_STANDARD = "gnu++14";
				CLANG_CXX_LIBRARY = "libc++";
				CLANG_ENABLE_MODULES = YES;
				CLANG_ENABLE_OBJC_ARC = YES;
				CLANG_ENABLE_OBJC_WEAK = YES;
				CLANG_WARN_BLOCK_CAPTURE_AUTORELEASING = YES;
				CLANG_WARN_BOOL_CONVERSION = YES;
				CLANG_WARN_COMMA = YES;
				CLANG_WARN_CONSTANT_CONVERSION = YES;
				CLANG_WARN_DEPRECATED_OBJC_IMPLEMENTATIONS = YES;
				CLANG_WARN_DIRECT_OBJC_ISA_USAGE = YES_ERROR;
				CLANG_WARN_DOCUMENTATION_COMMENTS = YES;
				CLANG_WARN_EMPTY_BODY = YES;
				CLANG_WARN_ENUM_CONVERSION = YES;
				CLANG_WARN_INFINITE_RECURSION = YES;
				CLANG_WARN_INT_CONVERSION = YES;
				CLANG_WARN_NON_LITERAL_NULL_CONVERSION = YES;
				CLANG_WARN_OBJC_IMPLICIT_RETAIN_SELF = YES;
				CLANG_WARN_OBJC_LITERAL_CONVERSION = YES;
				CLANG_WARN_OBJC_ROOT_CLASS = YES_ERROR;
				CLANG_WARN_RANGE_LOOP_ANALYSIS = YES;
				CLANG_WARN_STRICT_PROTOTYPES = YES;
				CLANG_WARN_SUSPICIOUS_MOVE = YES;
				CLANG_WARN_UNGUARDED_AVAILABILITY = YES_AGGRESSIVE;
				CLANG_WARN_UNREACHABLE_CODE = YES;
				CLANG_WARN__DUPLICATE_METHOD_MATCH = YES;
				CODE_SIGN_IDENTITY = "iPhone Developer";
				COPY_PHASE_STRIP = NO;
				DEBUG_INFORMATION_FORMAT = "dwarf-with-dsym";
				ENABLE_NS_ASSERTIONS = NO;
				ENABLE_STRICT_OBJC_MSGSEND = YES;
				GCC_C_LANGUAGE_STANDARD = gnu11;
				GCC_NO_COMMON_BLOCKS = YES;
				GCC_WARN_64_TO_32_BIT_CONVERSION = YES;
				GCC_WARN_ABOUT_RETURN_TYPE = YES_ERROR;
				GCC_WARN_UNDECLARED_SELECTOR = YES;
				GCC_WARN_UNINITIALIZED_AUTOS = YES_AGGRESSIVE;
				GCC_WARN_UNUSED_FUNCTION = YES;
				GCC_WARN_UNUSED_VARIABLE = YES;
				IPHONEOS_DEPLOYMENT_TARGET = 11.3;
				MTL_ENABLE_DEBUG_INFO = NO;
				SDKROOT = iphoneos;
				SWIFT_COMPILATION_MODE = wholemodule;
				SWIFT_OPTIMIZATION_LEVEL = "-O";
				VALIDATE_PRODUCT = YES;
			};
			name = Release;
		};
		DCB29681209B3F9D00698A44 /* Debug */ = {
			isa = XCBuildConfiguration;
			baseConfigurationReference = 3939786355A7DBAE25D16664 /* Pods-XCoordinator-Example.debug.xcconfig */;
			buildSettings = {
				ASSETCATALOG_COMPILER_APPICON_NAME = AppIcon;
				CODE_SIGN_STYLE = Automatic;
				DEVELOPMENT_TEAM = "";
				INFOPLIST_FILE = "$(SRCROOT)/XCoordinator-Example/Common/Info.plist";
				LD_RUNPATH_SEARCH_PATHS = (
					"$(inherited)",
					"@executable_path/Frameworks",
				);
				PRODUCT_BUNDLE_IDENTIFIER = "com.quickbirdstudios.XCoordinator-Example";
				PRODUCT_NAME = "$(TARGET_NAME)";
				SWIFT_VERSION = 4.0;
				TARGETED_DEVICE_FAMILY = "1,2";
			};
			name = Debug;
		};
		DCB29682209B3F9D00698A44 /* Release */ = {
			isa = XCBuildConfiguration;
			baseConfigurationReference = 55EB5B0A5F36DF91310F3939 /* Pods-XCoordinator-Example.release.xcconfig */;
			buildSettings = {
				ASSETCATALOG_COMPILER_APPICON_NAME = AppIcon;
				CODE_SIGN_STYLE = Automatic;
				DEVELOPMENT_TEAM = "";
				INFOPLIST_FILE = "RxCoordinator-Example/Info.plist";
				IPHONEOS_DEPLOYMENT_TARGET = 9.0;
				LD_RUNPATH_SEARCH_PATHS = (
					"$(inherited)",
					"@executable_path/Frameworks",
				);
				PRODUCT_BUNDLE_IDENTIFIER = "com.quickbirdstudios.XCoordinator-Example";
				PRODUCT_NAME = "$(TARGET_NAME)";
				SWIFT_VERSION = 4.0;
				TARGETED_DEVICE_FAMILY = "1,2";
			};
			name = Release;
		};
		DCB29684209B3F9D00698A44 /* Debug */ = {
			isa = XCBuildConfiguration;
			baseConfigurationReference = 17F74FE5A4C3B5CB174AA2C9 /* Pods-XCoordinator-ExampleUITests.debug.xcconfig */;
			buildSettings = {
				ALWAYS_EMBED_SWIFT_STANDARD_LIBRARIES = YES;
				CODE_SIGN_STYLE = Automatic;
				DEVELOPMENT_TEAM = W44QDC3NZM;
				INFOPLIST_FILE = "XCoordinator-ExampleUITests/Info.plist";
				LD_RUNPATH_SEARCH_PATHS = (
					"$(inherited)",
					"@executable_path/Frameworks",
					"@loader_path/Frameworks",
				);
				PRODUCT_BUNDLE_IDENTIFIER = "com.quickbirdstudios.XCoordinator-ExampleUITests";
				PRODUCT_NAME = "$(TARGET_NAME)";
				SWIFT_VERSION = 4.0;
				TARGETED_DEVICE_FAMILY = "1,2";
				TEST_TARGET_NAME = "XCoordinator-Example";
			};
			name = Debug;
		};
		DCB29685209B3F9D00698A44 /* Release */ = {
			isa = XCBuildConfiguration;
			baseConfigurationReference = 8C5EB8C9580F4AB0A311207F /* Pods-XCoordinator-ExampleUITests.release.xcconfig */;
			buildSettings = {
				ALWAYS_EMBED_SWIFT_STANDARD_LIBRARIES = YES;
				CODE_SIGN_STYLE = Automatic;
				DEVELOPMENT_TEAM = W44QDC3NZM;
				INFOPLIST_FILE = "XCoordinator-ExampleUITests/Info.plist";
				LD_RUNPATH_SEARCH_PATHS = (
					"$(inherited)",
					"@executable_path/Frameworks",
					"@loader_path/Frameworks",
				);
				PRODUCT_BUNDLE_IDENTIFIER = "com.quickbirdstudios.XCoordinator-ExampleUITests";
				PRODUCT_NAME = "$(TARGET_NAME)";
				SWIFT_VERSION = 4.0;
				TARGETED_DEVICE_FAMILY = "1,2";
				TEST_TARGET_NAME = "XCoordinator-Example";
			};
			name = Release;
		};
/* End XCBuildConfiguration section */

/* Begin XCConfigurationList section */
		DCB2965E209B3F9A00698A44 /* Build configuration list for PBXProject "XCoordinator-Example" */ = {
			isa = XCConfigurationList;
			buildConfigurations = (
				DCB2967E209B3F9D00698A44 /* Debug */,
				DCB2967F209B3F9D00698A44 /* Release */,
			);
			defaultConfigurationIsVisible = 0;
			defaultConfigurationName = Release;
		};
		DCB29680209B3F9D00698A44 /* Build configuration list for PBXNativeTarget "XCoordinator-Example" */ = {
			isa = XCConfigurationList;
			buildConfigurations = (
				DCB29681209B3F9D00698A44 /* Debug */,
				DCB29682209B3F9D00698A44 /* Release */,
			);
			defaultConfigurationIsVisible = 0;
			defaultConfigurationName = Release;
		};
		DCB29683209B3F9D00698A44 /* Build configuration list for PBXNativeTarget "XCoordinator-ExampleUITests" */ = {
			isa = XCConfigurationList;
			buildConfigurations = (
				DCB29684209B3F9D00698A44 /* Debug */,
				DCB29685209B3F9D00698A44 /* Release */,
			);
			defaultConfigurationIsVisible = 0;
			defaultConfigurationName = Release;
		};
/* End XCConfigurationList section */
	};
	rootObject = DCB2965B209B3F9A00698A44 /* Project object */;
}
